
Microsoft Visual Studio Solution File, Format Version 12.00
# Visual Studio Version 17
VisualStudioVersion = 17.10.35013.160
MinimumVisualStudioVersion = 10.0.40219.1
Project("{8BC9CEB8-8B4A-11D0-8D11-00A0C91BC942}") = "Blainnflare", "Blainn\Blainnflare.vcxproj", "{D7827957-E617-40AB-8265-3A8989CE9BA1}"
	ProjectSection(ProjectDependencies) = postProject
		{371B9FA9-4C90-4AC6-A123-ACED756D6C77} = {371B9FA9-4C90-4AC6-A123-ACED756D6C77}
		{3E0E8608-CD9B-4C76-AF33-29CA38F2C9F0} = {3E0E8608-CD9B-4C76-AF33-29CA38F2C9F0}
		{4C46E124-26B4-358B-AD76-B5617D4B390D} = {4C46E124-26B4-358B-AD76-B5617D4B390D}
		{7C0DE6EF-E755-33B1-AE45-B557C14493B8} = {7C0DE6EF-E755-33B1-AE45-B557C14493B8}
		{D10CF95D-5A5E-3448-8463-9B58392668C6} = {D10CF95D-5A5E-3448-8463-9B58392668C6}
	EndProjectSection
EndProject
Project("{2150E333-8FDC-42A3-9474-1A3956D46DE8}") = "Dependencies", "Dependencies", "{9960AF86-CCBB-4324-82E0-49620964CD78}"
EndProject
Project("{2150E333-8FDC-42A3-9474-1A3956D46DE8}") = "Games", "Games", "{61A13A80-6486-4DA1-9074-7A24B8CC9E6B}"
EndProject
Project("{8BC9CEB8-8B4A-11D0-8D11-00A0C91BC942}") = "Pong", "Games\Pong\Pong.vcxproj", "{AF2A6BA6-7202-4E53-9641-47BD2616A820}"
	ProjectSection(ProjectDependencies) = postProject
		{3E0E8608-CD9B-4C76-AF33-29CA38F2C9F0} = {3E0E8608-CD9B-4C76-AF33-29CA38F2C9F0}
		{D7827957-E617-40AB-8265-3A8989CE9BA1} = {D7827957-E617-40AB-8265-3A8989CE9BA1}
	EndProjectSection
EndProject
Project("{8BC9CEB8-8B4A-11D0-8D11-00A0C91BC942}") = "DirectXTK12", "Dependencies\DXTK\DirectXTK_Desktop_2022_Win10.vcxproj", "{3E0E8608-CD9B-4C76-AF33-29CA38F2C9F0}"
EndProject
Project("{8BC9CEB8-8B4A-11D0-8D11-00A0C91BC942}") = "SolarSystem", "Games\SolarSystem\SolarSystem.vcxproj", "{9BC34182-08C8-40A3-AD6A-A5E1687E49C3}"
	ProjectSection(ProjectDependencies) = postProject
		{3E0E8608-CD9B-4C76-AF33-29CA38F2C9F0} = {3E0E8608-CD9B-4C76-AF33-29CA38F2C9F0}
		{D7827957-E617-40AB-8265-3A8989CE9BA1} = {D7827957-E617-40AB-8265-3A8989CE9BA1}
	EndProjectSection
EndProject
Project("{8BC9CEB8-8B4A-11D0-8D11-00A0C91BC942}") = "D3D12MemoryAllocator", "Dependencies\D3D12MA\src\D3D12MemoryAllocator.vcxproj", "{7C0DE6EF-E755-33B1-AE45-B557C14493B8}"
EndProject
Project("{8BC9CEB8-8B4A-11D0-8D11-00A0C91BC942}") = "assimp", "Dependencies\assimp\code\assimp.vcxproj", "{4C46E124-26B4-358B-AD76-B5617D4B390D}"
EndProject
Project("{8BC9CEB8-8B4A-11D0-8D11-00A0C91BC942}") = "DirectXTex", "Dependencies\DirectXTex\DirectXTex\DirectXTex_Desktop_2022.vcxproj", "{371B9FA9-4C90-4AC6-A123-ACED756D6C77}"
EndProject
Project("{8BC9CEB8-8B4A-11D0-8D11-00A0C91BC942}") = "Katamari", "Games\Katamari\Katamari.vcxproj", "{E954E9CF-5DC1-44EB-A1B6-A7CB7C26A480}"
	ProjectSection(ProjectDependencies) = postProject
		{371B9FA9-4C90-4AC6-A123-ACED756D6C77} = {371B9FA9-4C90-4AC6-A123-ACED756D6C77}
		{3E0E8608-CD9B-4C76-AF33-29CA38F2C9F0} = {3E0E8608-CD9B-4C76-AF33-29CA38F2C9F0}
		{4C46E124-26B4-358B-AD76-B5617D4B390D} = {4C46E124-26B4-358B-AD76-B5617D4B390D}
		{7C0DE6EF-E755-33B1-AE45-B557C14493B8} = {7C0DE6EF-E755-33B1-AE45-B557C14493B8}
		{D7827957-E617-40AB-8265-3A8989CE9BA1} = {D7827957-E617-40AB-8265-3A8989CE9BA1}
	EndProjectSection
EndProject
Project("{8BC9CEB8-8B4A-11D0-8D11-00A0C91BC942}") = "DX12Lib", "Dependencies\LearningDX12\build_vs2022\DX12Lib\DX12Lib.vcxproj", "{D10CF95D-5A5E-3448-8463-9B58392668C6}"
EndProject
Global
	GlobalSection(SolutionConfigurationPlatforms) = preSolution
		Debug_Scarlett|ARM64 = Debug_Scarlett|ARM64
		Debug_Scarlett|Gaming.Desktop.x64 = Debug_Scarlett|Gaming.Desktop.x64
		Debug_Scarlett|Gaming.Xbox.Scarlett.x64 = Debug_Scarlett|Gaming.Xbox.Scarlett.x64
		Debug_Scarlett|Gaming.Xbox.XboxOne.x64 = Debug_Scarlett|Gaming.Xbox.XboxOne.x64
		Debug_Scarlett|x64 = Debug_Scarlett|x64
		Debug_Scarlett|x86 = Debug_Scarlett|x86
		Debug|ARM64 = Debug|ARM64
		Debug|Gaming.Desktop.x64 = Debug|Gaming.Desktop.x64
		Debug|Gaming.Xbox.Scarlett.x64 = Debug|Gaming.Xbox.Scarlett.x64
		Debug|Gaming.Xbox.XboxOne.x64 = Debug|Gaming.Xbox.XboxOne.x64
		Debug|x64 = Debug|x64
		Debug|x86 = Debug|x86
		MinSizeRel|ARM64 = MinSizeRel|ARM64
		MinSizeRel|Gaming.Desktop.x64 = MinSizeRel|Gaming.Desktop.x64
		MinSizeRel|Gaming.Xbox.Scarlett.x64 = MinSizeRel|Gaming.Xbox.Scarlett.x64
		MinSizeRel|Gaming.Xbox.XboxOne.x64 = MinSizeRel|Gaming.Xbox.XboxOne.x64
		MinSizeRel|x64 = MinSizeRel|x64
		MinSizeRel|x86 = MinSizeRel|x86
		Profile|ARM64 = Profile|ARM64
		Profile|Gaming.Desktop.x64 = Profile|Gaming.Desktop.x64
		Profile|Gaming.Xbox.Scarlett.x64 = Profile|Gaming.Xbox.Scarlett.x64
		Profile|Gaming.Xbox.XboxOne.x64 = Profile|Gaming.Xbox.XboxOne.x64
		Profile|x64 = Profile|x64
		Profile|x86 = Profile|x86
		Release_Scarlett|ARM64 = Release_Scarlett|ARM64
		Release_Scarlett|Gaming.Desktop.x64 = Release_Scarlett|Gaming.Desktop.x64
		Release_Scarlett|Gaming.Xbox.Scarlett.x64 = Release_Scarlett|Gaming.Xbox.Scarlett.x64
		Release_Scarlett|Gaming.Xbox.XboxOne.x64 = Release_Scarlett|Gaming.Xbox.XboxOne.x64
		Release_Scarlett|x64 = Release_Scarlett|x64
		Release_Scarlett|x86 = Release_Scarlett|x86
		Release|ARM64 = Release|ARM64
		Release|Gaming.Desktop.x64 = Release|Gaming.Desktop.x64
		Release|Gaming.Xbox.Scarlett.x64 = Release|Gaming.Xbox.Scarlett.x64
		Release|Gaming.Xbox.XboxOne.x64 = Release|Gaming.Xbox.XboxOne.x64
		Release|x64 = Release|x64
		Release|x86 = Release|x86
		RelWithDebInfo|ARM64 = RelWithDebInfo|ARM64
		RelWithDebInfo|Gaming.Desktop.x64 = RelWithDebInfo|Gaming.Desktop.x64
		RelWithDebInfo|Gaming.Xbox.Scarlett.x64 = RelWithDebInfo|Gaming.Xbox.Scarlett.x64
		RelWithDebInfo|Gaming.Xbox.XboxOne.x64 = RelWithDebInfo|Gaming.Xbox.XboxOne.x64
		RelWithDebInfo|x64 = RelWithDebInfo|x64
		RelWithDebInfo|x86 = RelWithDebInfo|x86
	EndGlobalSection
	GlobalSection(ProjectConfigurationPlatforms) = postSolution
		{D7827957-E617-40AB-8265-3A8989CE9BA1}.Debug_Scarlett|ARM64.ActiveCfg = Debug|x64
		{D7827957-E617-40AB-8265-3A8989CE9BA1}.Debug_Scarlett|ARM64.Build.0 = Debug|x64
		{D7827957-E617-40AB-8265-3A8989CE9BA1}.Debug_Scarlett|Gaming.Desktop.x64.ActiveCfg = Debug|x64
		{D7827957-E617-40AB-8265-3A8989CE9BA1}.Debug_Scarlett|Gaming.Desktop.x64.Build.0 = Debug|x64
		{D7827957-E617-40AB-8265-3A8989CE9BA1}.Debug_Scarlett|Gaming.Xbox.Scarlett.x64.ActiveCfg = Debug|x64
		{D7827957-E617-40AB-8265-3A8989CE9BA1}.Debug_Scarlett|Gaming.Xbox.Scarlett.x64.Build.0 = Debug|x64
		{D7827957-E617-40AB-8265-3A8989CE9BA1}.Debug_Scarlett|Gaming.Xbox.XboxOne.x64.ActiveCfg = Debug|x64
		{D7827957-E617-40AB-8265-3A8989CE9BA1}.Debug_Scarlett|Gaming.Xbox.XboxOne.x64.Build.0 = Debug|x64
		{D7827957-E617-40AB-8265-3A8989CE9BA1}.Debug_Scarlett|x64.ActiveCfg = Debug|x64
		{D7827957-E617-40AB-8265-3A8989CE9BA1}.Debug_Scarlett|x64.Build.0 = Debug|x64
		{D7827957-E617-40AB-8265-3A8989CE9BA1}.Debug_Scarlett|x86.ActiveCfg = Debug|Win32
		{D7827957-E617-40AB-8265-3A8989CE9BA1}.Debug_Scarlett|x86.Build.0 = Debug|Win32
		{D7827957-E617-40AB-8265-3A8989CE9BA1}.Debug|ARM64.ActiveCfg = Debug|x64
		{D7827957-E617-40AB-8265-3A8989CE9BA1}.Debug|ARM64.Build.0 = Debug|x64
		{D7827957-E617-40AB-8265-3A8989CE9BA1}.Debug|Gaming.Desktop.x64.ActiveCfg = Debug|x64
		{D7827957-E617-40AB-8265-3A8989CE9BA1}.Debug|Gaming.Desktop.x64.Build.0 = Debug|x64
		{D7827957-E617-40AB-8265-3A8989CE9BA1}.Debug|Gaming.Xbox.Scarlett.x64.ActiveCfg = Debug|x64
		{D7827957-E617-40AB-8265-3A8989CE9BA1}.Debug|Gaming.Xbox.Scarlett.x64.Build.0 = Debug|x64
		{D7827957-E617-40AB-8265-3A8989CE9BA1}.Debug|Gaming.Xbox.XboxOne.x64.ActiveCfg = Debug|x64
		{D7827957-E617-40AB-8265-3A8989CE9BA1}.Debug|Gaming.Xbox.XboxOne.x64.Build.0 = Debug|x64
		{D7827957-E617-40AB-8265-3A8989CE9BA1}.Debug|x64.ActiveCfg = Debug|x64
		{D7827957-E617-40AB-8265-3A8989CE9BA1}.Debug|x64.Build.0 = Debug|x64
		{D7827957-E617-40AB-8265-3A8989CE9BA1}.Debug|x86.ActiveCfg = Debug|Win32
		{D7827957-E617-40AB-8265-3A8989CE9BA1}.Debug|x86.Build.0 = Debug|Win32
		{D7827957-E617-40AB-8265-3A8989CE9BA1}.MinSizeRel|ARM64.ActiveCfg = Release|x64
		{D7827957-E617-40AB-8265-3A8989CE9BA1}.MinSizeRel|ARM64.Build.0 = Release|x64
		{D7827957-E617-40AB-8265-3A8989CE9BA1}.MinSizeRel|Gaming.Desktop.x64.ActiveCfg = Release|x64
		{D7827957-E617-40AB-8265-3A8989CE9BA1}.MinSizeRel|Gaming.Desktop.x64.Build.0 = Release|x64
		{D7827957-E617-40AB-8265-3A8989CE9BA1}.MinSizeRel|Gaming.Xbox.Scarlett.x64.ActiveCfg = Release|x64
		{D7827957-E617-40AB-8265-3A8989CE9BA1}.MinSizeRel|Gaming.Xbox.Scarlett.x64.Build.0 = Release|x64
		{D7827957-E617-40AB-8265-3A8989CE9BA1}.MinSizeRel|Gaming.Xbox.XboxOne.x64.ActiveCfg = Release|x64
		{D7827957-E617-40AB-8265-3A8989CE9BA1}.MinSizeRel|Gaming.Xbox.XboxOne.x64.Build.0 = Release|x64
		{D7827957-E617-40AB-8265-3A8989CE9BA1}.MinSizeRel|x64.ActiveCfg = Release|x64
		{D7827957-E617-40AB-8265-3A8989CE9BA1}.MinSizeRel|x64.Build.0 = Release|x64
		{D7827957-E617-40AB-8265-3A8989CE9BA1}.MinSizeRel|x86.ActiveCfg = Release|Win32
		{D7827957-E617-40AB-8265-3A8989CE9BA1}.MinSizeRel|x86.Build.0 = Release|Win32
		{D7827957-E617-40AB-8265-3A8989CE9BA1}.Profile|ARM64.ActiveCfg = Release|x64
		{D7827957-E617-40AB-8265-3A8989CE9BA1}.Profile|ARM64.Build.0 = Release|x64
		{D7827957-E617-40AB-8265-3A8989CE9BA1}.Profile|Gaming.Desktop.x64.ActiveCfg = Release|x64
		{D7827957-E617-40AB-8265-3A8989CE9BA1}.Profile|Gaming.Desktop.x64.Build.0 = Release|x64
		{D7827957-E617-40AB-8265-3A8989CE9BA1}.Profile|Gaming.Xbox.Scarlett.x64.ActiveCfg = Release|x64
		{D7827957-E617-40AB-8265-3A8989CE9BA1}.Profile|Gaming.Xbox.Scarlett.x64.Build.0 = Release|x64
		{D7827957-E617-40AB-8265-3A8989CE9BA1}.Profile|Gaming.Xbox.XboxOne.x64.ActiveCfg = Release|x64
		{D7827957-E617-40AB-8265-3A8989CE9BA1}.Profile|Gaming.Xbox.XboxOne.x64.Build.0 = Release|x64
		{D7827957-E617-40AB-8265-3A8989CE9BA1}.Profile|x64.ActiveCfg = Release|x64
		{D7827957-E617-40AB-8265-3A8989CE9BA1}.Profile|x64.Build.0 = Release|x64
		{D7827957-E617-40AB-8265-3A8989CE9BA1}.Profile|x86.ActiveCfg = Release|Win32
		{D7827957-E617-40AB-8265-3A8989CE9BA1}.Profile|x86.Build.0 = Release|Win32
		{D7827957-E617-40AB-8265-3A8989CE9BA1}.Release_Scarlett|ARM64.ActiveCfg = Release|x64
		{D7827957-E617-40AB-8265-3A8989CE9BA1}.Release_Scarlett|ARM64.Build.0 = Release|x64
		{D7827957-E617-40AB-8265-3A8989CE9BA1}.Release_Scarlett|Gaming.Desktop.x64.ActiveCfg = Release|x64
		{D7827957-E617-40AB-8265-3A8989CE9BA1}.Release_Scarlett|Gaming.Desktop.x64.Build.0 = Release|x64
		{D7827957-E617-40AB-8265-3A8989CE9BA1}.Release_Scarlett|Gaming.Xbox.Scarlett.x64.ActiveCfg = Release|x64
		{D7827957-E617-40AB-8265-3A8989CE9BA1}.Release_Scarlett|Gaming.Xbox.Scarlett.x64.Build.0 = Release|x64
		{D7827957-E617-40AB-8265-3A8989CE9BA1}.Release_Scarlett|Gaming.Xbox.XboxOne.x64.ActiveCfg = Release|x64
		{D7827957-E617-40AB-8265-3A8989CE9BA1}.Release_Scarlett|Gaming.Xbox.XboxOne.x64.Build.0 = Release|x64
		{D7827957-E617-40AB-8265-3A8989CE9BA1}.Release_Scarlett|x64.ActiveCfg = Release|x64
		{D7827957-E617-40AB-8265-3A8989CE9BA1}.Release_Scarlett|x64.Build.0 = Release|x64
		{D7827957-E617-40AB-8265-3A8989CE9BA1}.Release_Scarlett|x86.ActiveCfg = Release|Win32
		{D7827957-E617-40AB-8265-3A8989CE9BA1}.Release_Scarlett|x86.Build.0 = Release|Win32
		{D7827957-E617-40AB-8265-3A8989CE9BA1}.Release|ARM64.ActiveCfg = Release|x64
		{D7827957-E617-40AB-8265-3A8989CE9BA1}.Release|ARM64.Build.0 = Release|x64
		{D7827957-E617-40AB-8265-3A8989CE9BA1}.Release|Gaming.Desktop.x64.ActiveCfg = Release|x64
		{D7827957-E617-40AB-8265-3A8989CE9BA1}.Release|Gaming.Desktop.x64.Build.0 = Release|x64
		{D7827957-E617-40AB-8265-3A8989CE9BA1}.Release|Gaming.Xbox.Scarlett.x64.ActiveCfg = Release|x64
		{D7827957-E617-40AB-8265-3A8989CE9BA1}.Release|Gaming.Xbox.Scarlett.x64.Build.0 = Release|x64
		{D7827957-E617-40AB-8265-3A8989CE9BA1}.Release|Gaming.Xbox.XboxOne.x64.ActiveCfg = Release|x64
		{D7827957-E617-40AB-8265-3A8989CE9BA1}.Release|Gaming.Xbox.XboxOne.x64.Build.0 = Release|x64
		{D7827957-E617-40AB-8265-3A8989CE9BA1}.Release|x64.ActiveCfg = Release|x64
		{D7827957-E617-40AB-8265-3A8989CE9BA1}.Release|x64.Build.0 = Release|x64
		{D7827957-E617-40AB-8265-3A8989CE9BA1}.Release|x86.ActiveCfg = Release|Win32
		{D7827957-E617-40AB-8265-3A8989CE9BA1}.Release|x86.Build.0 = Release|Win32
		{D7827957-E617-40AB-8265-3A8989CE9BA1}.RelWithDebInfo|ARM64.ActiveCfg = Release|x64
		{D7827957-E617-40AB-8265-3A8989CE9BA1}.RelWithDebInfo|ARM64.Build.0 = Release|x64
		{D7827957-E617-40AB-8265-3A8989CE9BA1}.RelWithDebInfo|Gaming.Desktop.x64.ActiveCfg = Release|x64
		{D7827957-E617-40AB-8265-3A8989CE9BA1}.RelWithDebInfo|Gaming.Desktop.x64.Build.0 = Release|x64
		{D7827957-E617-40AB-8265-3A8989CE9BA1}.RelWithDebInfo|Gaming.Xbox.Scarlett.x64.ActiveCfg = Release|x64
		{D7827957-E617-40AB-8265-3A8989CE9BA1}.RelWithDebInfo|Gaming.Xbox.Scarlett.x64.Build.0 = Release|x64
		{D7827957-E617-40AB-8265-3A8989CE9BA1}.RelWithDebInfo|Gaming.Xbox.XboxOne.x64.ActiveCfg = Release|x64
		{D7827957-E617-40AB-8265-3A8989CE9BA1}.RelWithDebInfo|Gaming.Xbox.XboxOne.x64.Build.0 = Release|x64
		{D7827957-E617-40AB-8265-3A8989CE9BA1}.RelWithDebInfo|x64.ActiveCfg = Release|x64
		{D7827957-E617-40AB-8265-3A8989CE9BA1}.RelWithDebInfo|x64.Build.0 = Release|x64
		{D7827957-E617-40AB-8265-3A8989CE9BA1}.RelWithDebInfo|x86.ActiveCfg = Release|Win32
		{D7827957-E617-40AB-8265-3A8989CE9BA1}.RelWithDebInfo|x86.Build.0 = Release|Win32
		{AF2A6BA6-7202-4E53-9641-47BD2616A820}.Debug_Scarlett|ARM64.ActiveCfg = Debug|x64
		{AF2A6BA6-7202-4E53-9641-47BD2616A820}.Debug_Scarlett|ARM64.Build.0 = Debug|x64
		{AF2A6BA6-7202-4E53-9641-47BD2616A820}.Debug_Scarlett|Gaming.Desktop.x64.ActiveCfg = Debug|x64
		{AF2A6BA6-7202-4E53-9641-47BD2616A820}.Debug_Scarlett|Gaming.Desktop.x64.Build.0 = Debug|x64
		{AF2A6BA6-7202-4E53-9641-47BD2616A820}.Debug_Scarlett|Gaming.Xbox.Scarlett.x64.ActiveCfg = Debug|x64
		{AF2A6BA6-7202-4E53-9641-47BD2616A820}.Debug_Scarlett|Gaming.Xbox.Scarlett.x64.Build.0 = Debug|x64
		{AF2A6BA6-7202-4E53-9641-47BD2616A820}.Debug_Scarlett|Gaming.Xbox.XboxOne.x64.ActiveCfg = Debug|x64
		{AF2A6BA6-7202-4E53-9641-47BD2616A820}.Debug_Scarlett|Gaming.Xbox.XboxOne.x64.Build.0 = Debug|x64
		{AF2A6BA6-7202-4E53-9641-47BD2616A820}.Debug_Scarlett|x64.ActiveCfg = Debug|x64
		{AF2A6BA6-7202-4E53-9641-47BD2616A820}.Debug_Scarlett|x64.Build.0 = Debug|x64
		{AF2A6BA6-7202-4E53-9641-47BD2616A820}.Debug_Scarlett|x86.ActiveCfg = Debug|Win32
		{AF2A6BA6-7202-4E53-9641-47BD2616A820}.Debug_Scarlett|x86.Build.0 = Debug|Win32
		{AF2A6BA6-7202-4E53-9641-47BD2616A820}.Debug|ARM64.ActiveCfg = Debug|x64
		{AF2A6BA6-7202-4E53-9641-47BD2616A820}.Debug|ARM64.Build.0 = Debug|x64
		{AF2A6BA6-7202-4E53-9641-47BD2616A820}.Debug|Gaming.Desktop.x64.ActiveCfg = Debug|x64
		{AF2A6BA6-7202-4E53-9641-47BD2616A820}.Debug|Gaming.Desktop.x64.Build.0 = Debug|x64
		{AF2A6BA6-7202-4E53-9641-47BD2616A820}.Debug|Gaming.Xbox.Scarlett.x64.ActiveCfg = Debug|x64
		{AF2A6BA6-7202-4E53-9641-47BD2616A820}.Debug|Gaming.Xbox.Scarlett.x64.Build.0 = Debug|x64
		{AF2A6BA6-7202-4E53-9641-47BD2616A820}.Debug|Gaming.Xbox.XboxOne.x64.ActiveCfg = Debug|x64
		{AF2A6BA6-7202-4E53-9641-47BD2616A820}.Debug|Gaming.Xbox.XboxOne.x64.Build.0 = Debug|x64
		{AF2A6BA6-7202-4E53-9641-47BD2616A820}.Debug|x64.ActiveCfg = Debug|x64
		{AF2A6BA6-7202-4E53-9641-47BD2616A820}.Debug|x64.Build.0 = Debug|x64
		{AF2A6BA6-7202-4E53-9641-47BD2616A820}.Debug|x86.ActiveCfg = Debug|Win32
		{AF2A6BA6-7202-4E53-9641-47BD2616A820}.Debug|x86.Build.0 = Debug|Win32
		{AF2A6BA6-7202-4E53-9641-47BD2616A820}.MinSizeRel|ARM64.ActiveCfg = Release|x64
		{AF2A6BA6-7202-4E53-9641-47BD2616A820}.MinSizeRel|ARM64.Build.0 = Release|x64
		{AF2A6BA6-7202-4E53-9641-47BD2616A820}.MinSizeRel|Gaming.Desktop.x64.ActiveCfg = Release|x64
		{AF2A6BA6-7202-4E53-9641-47BD2616A820}.MinSizeRel|Gaming.Desktop.x64.Build.0 = Release|x64
		{AF2A6BA6-7202-4E53-9641-47BD2616A820}.MinSizeRel|Gaming.Xbox.Scarlett.x64.ActiveCfg = Release|x64
		{AF2A6BA6-7202-4E53-9641-47BD2616A820}.MinSizeRel|Gaming.Xbox.Scarlett.x64.Build.0 = Release|x64
		{AF2A6BA6-7202-4E53-9641-47BD2616A820}.MinSizeRel|Gaming.Xbox.XboxOne.x64.ActiveCfg = Release|x64
		{AF2A6BA6-7202-4E53-9641-47BD2616A820}.MinSizeRel|Gaming.Xbox.XboxOne.x64.Build.0 = Release|x64
		{AF2A6BA6-7202-4E53-9641-47BD2616A820}.MinSizeRel|x64.ActiveCfg = Debug|x64
		{AF2A6BA6-7202-4E53-9641-47BD2616A820}.MinSizeRel|x64.Build.0 = Debug|x64
		{AF2A6BA6-7202-4E53-9641-47BD2616A820}.MinSizeRel|x86.ActiveCfg = Debug|Win32
		{AF2A6BA6-7202-4E53-9641-47BD2616A820}.MinSizeRel|x86.Build.0 = Debug|Win32
		{AF2A6BA6-7202-4E53-9641-47BD2616A820}.Profile|ARM64.ActiveCfg = Release|x64
		{AF2A6BA6-7202-4E53-9641-47BD2616A820}.Profile|ARM64.Build.0 = Release|x64
		{AF2A6BA6-7202-4E53-9641-47BD2616A820}.Profile|Gaming.Desktop.x64.ActiveCfg = Release|x64
		{AF2A6BA6-7202-4E53-9641-47BD2616A820}.Profile|Gaming.Desktop.x64.Build.0 = Release|x64
		{AF2A6BA6-7202-4E53-9641-47BD2616A820}.Profile|Gaming.Xbox.Scarlett.x64.ActiveCfg = Release|x64
		{AF2A6BA6-7202-4E53-9641-47BD2616A820}.Profile|Gaming.Xbox.Scarlett.x64.Build.0 = Release|x64
		{AF2A6BA6-7202-4E53-9641-47BD2616A820}.Profile|Gaming.Xbox.XboxOne.x64.ActiveCfg = Release|x64
		{AF2A6BA6-7202-4E53-9641-47BD2616A820}.Profile|Gaming.Xbox.XboxOne.x64.Build.0 = Release|x64
		{AF2A6BA6-7202-4E53-9641-47BD2616A820}.Profile|x64.ActiveCfg = Release|x64
		{AF2A6BA6-7202-4E53-9641-47BD2616A820}.Profile|x64.Build.0 = Release|x64
		{AF2A6BA6-7202-4E53-9641-47BD2616A820}.Profile|x86.ActiveCfg = Release|Win32
		{AF2A6BA6-7202-4E53-9641-47BD2616A820}.Profile|x86.Build.0 = Release|Win32
		{AF2A6BA6-7202-4E53-9641-47BD2616A820}.Release_Scarlett|ARM64.ActiveCfg = Release|x64
		{AF2A6BA6-7202-4E53-9641-47BD2616A820}.Release_Scarlett|ARM64.Build.0 = Release|x64
		{AF2A6BA6-7202-4E53-9641-47BD2616A820}.Release_Scarlett|Gaming.Desktop.x64.ActiveCfg = Release|x64
		{AF2A6BA6-7202-4E53-9641-47BD2616A820}.Release_Scarlett|Gaming.Desktop.x64.Build.0 = Release|x64
		{AF2A6BA6-7202-4E53-9641-47BD2616A820}.Release_Scarlett|Gaming.Xbox.Scarlett.x64.ActiveCfg = Release|x64
		{AF2A6BA6-7202-4E53-9641-47BD2616A820}.Release_Scarlett|Gaming.Xbox.Scarlett.x64.Build.0 = Release|x64
		{AF2A6BA6-7202-4E53-9641-47BD2616A820}.Release_Scarlett|Gaming.Xbox.XboxOne.x64.ActiveCfg = Release|x64
		{AF2A6BA6-7202-4E53-9641-47BD2616A820}.Release_Scarlett|Gaming.Xbox.XboxOne.x64.Build.0 = Release|x64
		{AF2A6BA6-7202-4E53-9641-47BD2616A820}.Release_Scarlett|x64.ActiveCfg = Release|x64
		{AF2A6BA6-7202-4E53-9641-47BD2616A820}.Release_Scarlett|x64.Build.0 = Release|x64
		{AF2A6BA6-7202-4E53-9641-47BD2616A820}.Release_Scarlett|x86.ActiveCfg = Release|Win32
		{AF2A6BA6-7202-4E53-9641-47BD2616A820}.Release_Scarlett|x86.Build.0 = Release|Win32
		{AF2A6BA6-7202-4E53-9641-47BD2616A820}.Release|ARM64.ActiveCfg = Release|x64
		{AF2A6BA6-7202-4E53-9641-47BD2616A820}.Release|ARM64.Build.0 = Release|x64
		{AF2A6BA6-7202-4E53-9641-47BD2616A820}.Release|Gaming.Desktop.x64.ActiveCfg = Release|x64
		{AF2A6BA6-7202-4E53-9641-47BD2616A820}.Release|Gaming.Desktop.x64.Build.0 = Release|x64
		{AF2A6BA6-7202-4E53-9641-47BD2616A820}.Release|Gaming.Xbox.Scarlett.x64.ActiveCfg = Release|x64
		{AF2A6BA6-7202-4E53-9641-47BD2616A820}.Release|Gaming.Xbox.Scarlett.x64.Build.0 = Release|x64
		{AF2A6BA6-7202-4E53-9641-47BD2616A820}.Release|Gaming.Xbox.XboxOne.x64.ActiveCfg = Release|x64
		{AF2A6BA6-7202-4E53-9641-47BD2616A820}.Release|Gaming.Xbox.XboxOne.x64.Build.0 = Release|x64
		{AF2A6BA6-7202-4E53-9641-47BD2616A820}.Release|x64.ActiveCfg = Release|x64
		{AF2A6BA6-7202-4E53-9641-47BD2616A820}.Release|x64.Build.0 = Release|x64
		{AF2A6BA6-7202-4E53-9641-47BD2616A820}.Release|x86.ActiveCfg = Release|Win32
		{AF2A6BA6-7202-4E53-9641-47BD2616A820}.Release|x86.Build.0 = Release|Win32
		{AF2A6BA6-7202-4E53-9641-47BD2616A820}.RelWithDebInfo|ARM64.ActiveCfg = Release|x64
		{AF2A6BA6-7202-4E53-9641-47BD2616A820}.RelWithDebInfo|ARM64.Build.0 = Release|x64
		{AF2A6BA6-7202-4E53-9641-47BD2616A820}.RelWithDebInfo|Gaming.Desktop.x64.ActiveCfg = Release|x64
		{AF2A6BA6-7202-4E53-9641-47BD2616A820}.RelWithDebInfo|Gaming.Desktop.x64.Build.0 = Release|x64
		{AF2A6BA6-7202-4E53-9641-47BD2616A820}.RelWithDebInfo|Gaming.Xbox.Scarlett.x64.ActiveCfg = Release|x64
		{AF2A6BA6-7202-4E53-9641-47BD2616A820}.RelWithDebInfo|Gaming.Xbox.Scarlett.x64.Build.0 = Release|x64
		{AF2A6BA6-7202-4E53-9641-47BD2616A820}.RelWithDebInfo|Gaming.Xbox.XboxOne.x64.ActiveCfg = Release|x64
		{AF2A6BA6-7202-4E53-9641-47BD2616A820}.RelWithDebInfo|Gaming.Xbox.XboxOne.x64.Build.0 = Release|x64
		{AF2A6BA6-7202-4E53-9641-47BD2616A820}.RelWithDebInfo|x64.ActiveCfg = Release|x64
		{AF2A6BA6-7202-4E53-9641-47BD2616A820}.RelWithDebInfo|x64.Build.0 = Release|x64
		{AF2A6BA6-7202-4E53-9641-47BD2616A820}.RelWithDebInfo|x86.ActiveCfg = Release|Win32
		{AF2A6BA6-7202-4E53-9641-47BD2616A820}.RelWithDebInfo|x86.Build.0 = Release|Win32
		{3E0E8608-CD9B-4C76-AF33-29CA38F2C9F0}.Debug_Scarlett|ARM64.ActiveCfg = Debug|ARM64
		{3E0E8608-CD9B-4C76-AF33-29CA38F2C9F0}.Debug_Scarlett|ARM64.Build.0 = Debug|ARM64
		{3E0E8608-CD9B-4C76-AF33-29CA38F2C9F0}.Debug_Scarlett|Gaming.Desktop.x64.ActiveCfg = Debug|x64
		{3E0E8608-CD9B-4C76-AF33-29CA38F2C9F0}.Debug_Scarlett|Gaming.Desktop.x64.Build.0 = Debug|x64
		{3E0E8608-CD9B-4C76-AF33-29CA38F2C9F0}.Debug_Scarlett|Gaming.Xbox.Scarlett.x64.ActiveCfg = Debug|x64
		{3E0E8608-CD9B-4C76-AF33-29CA38F2C9F0}.Debug_Scarlett|Gaming.Xbox.Scarlett.x64.Build.0 = Debug|x64
		{3E0E8608-CD9B-4C76-AF33-29CA38F2C9F0}.Debug_Scarlett|Gaming.Xbox.XboxOne.x64.ActiveCfg = Debug|x64
		{3E0E8608-CD9B-4C76-AF33-29CA38F2C9F0}.Debug_Scarlett|Gaming.Xbox.XboxOne.x64.Build.0 = Debug|x64
		{3E0E8608-CD9B-4C76-AF33-29CA38F2C9F0}.Debug_Scarlett|x64.ActiveCfg = Debug|x64
		{3E0E8608-CD9B-4C76-AF33-29CA38F2C9F0}.Debug_Scarlett|x64.Build.0 = Debug|x64
		{3E0E8608-CD9B-4C76-AF33-29CA38F2C9F0}.Debug_Scarlett|x86.ActiveCfg = Debug|Win32
		{3E0E8608-CD9B-4C76-AF33-29CA38F2C9F0}.Debug_Scarlett|x86.Build.0 = Debug|Win32
		{3E0E8608-CD9B-4C76-AF33-29CA38F2C9F0}.Debug|ARM64.ActiveCfg = Debug|ARM64
		{3E0E8608-CD9B-4C76-AF33-29CA38F2C9F0}.Debug|ARM64.Build.0 = Debug|ARM64
		{3E0E8608-CD9B-4C76-AF33-29CA38F2C9F0}.Debug|Gaming.Desktop.x64.ActiveCfg = Debug|x64
		{3E0E8608-CD9B-4C76-AF33-29CA38F2C9F0}.Debug|Gaming.Desktop.x64.Build.0 = Debug|x64
		{3E0E8608-CD9B-4C76-AF33-29CA38F2C9F0}.Debug|Gaming.Xbox.Scarlett.x64.ActiveCfg = Debug|x64
		{3E0E8608-CD9B-4C76-AF33-29CA38F2C9F0}.Debug|Gaming.Xbox.Scarlett.x64.Build.0 = Debug|x64
		{3E0E8608-CD9B-4C76-AF33-29CA38F2C9F0}.Debug|Gaming.Xbox.XboxOne.x64.ActiveCfg = Debug|x64
		{3E0E8608-CD9B-4C76-AF33-29CA38F2C9F0}.Debug|Gaming.Xbox.XboxOne.x64.Build.0 = Debug|x64
		{3E0E8608-CD9B-4C76-AF33-29CA38F2C9F0}.Debug|x64.ActiveCfg = Debug|x64
		{3E0E8608-CD9B-4C76-AF33-29CA38F2C9F0}.Debug|x64.Build.0 = Debug|x64
		{3E0E8608-CD9B-4C76-AF33-29CA38F2C9F0}.Debug|x86.ActiveCfg = Debug|Win32
		{3E0E8608-CD9B-4C76-AF33-29CA38F2C9F0}.Debug|x86.Build.0 = Debug|Win32
		{3E0E8608-CD9B-4C76-AF33-29CA38F2C9F0}.MinSizeRel|ARM64.ActiveCfg = Debug|ARM64
		{3E0E8608-CD9B-4C76-AF33-29CA38F2C9F0}.MinSizeRel|ARM64.Build.0 = Debug|ARM64
		{3E0E8608-CD9B-4C76-AF33-29CA38F2C9F0}.MinSizeRel|Gaming.Desktop.x64.ActiveCfg = Debug|x64
		{3E0E8608-CD9B-4C76-AF33-29CA38F2C9F0}.MinSizeRel|Gaming.Desktop.x64.Build.0 = Debug|x64
		{3E0E8608-CD9B-4C76-AF33-29CA38F2C9F0}.MinSizeRel|Gaming.Xbox.Scarlett.x64.ActiveCfg = Debug|x64
		{3E0E8608-CD9B-4C76-AF33-29CA38F2C9F0}.MinSizeRel|Gaming.Xbox.Scarlett.x64.Build.0 = Debug|x64
		{3E0E8608-CD9B-4C76-AF33-29CA38F2C9F0}.MinSizeRel|Gaming.Xbox.XboxOne.x64.ActiveCfg = Debug|x64
		{3E0E8608-CD9B-4C76-AF33-29CA38F2C9F0}.MinSizeRel|Gaming.Xbox.XboxOne.x64.Build.0 = Debug|x64
		{3E0E8608-CD9B-4C76-AF33-29CA38F2C9F0}.MinSizeRel|x64.ActiveCfg = Debug|x64
		{3E0E8608-CD9B-4C76-AF33-29CA38F2C9F0}.MinSizeRel|x64.Build.0 = Debug|x64
		{3E0E8608-CD9B-4C76-AF33-29CA38F2C9F0}.MinSizeRel|x86.ActiveCfg = Debug|Win32
		{3E0E8608-CD9B-4C76-AF33-29CA38F2C9F0}.MinSizeRel|x86.Build.0 = Debug|Win32
		{3E0E8608-CD9B-4C76-AF33-29CA38F2C9F0}.Profile|ARM64.ActiveCfg = Debug|ARM64
		{3E0E8608-CD9B-4C76-AF33-29CA38F2C9F0}.Profile|ARM64.Build.0 = Debug|ARM64
		{3E0E8608-CD9B-4C76-AF33-29CA38F2C9F0}.Profile|Gaming.Desktop.x64.ActiveCfg = Debug|x64
		{3E0E8608-CD9B-4C76-AF33-29CA38F2C9F0}.Profile|Gaming.Desktop.x64.Build.0 = Debug|x64
		{3E0E8608-CD9B-4C76-AF33-29CA38F2C9F0}.Profile|Gaming.Xbox.Scarlett.x64.ActiveCfg = Debug|x64
		{3E0E8608-CD9B-4C76-AF33-29CA38F2C9F0}.Profile|Gaming.Xbox.Scarlett.x64.Build.0 = Debug|x64
		{3E0E8608-CD9B-4C76-AF33-29CA38F2C9F0}.Profile|Gaming.Xbox.XboxOne.x64.ActiveCfg = Debug|x64
		{3E0E8608-CD9B-4C76-AF33-29CA38F2C9F0}.Profile|Gaming.Xbox.XboxOne.x64.Build.0 = Debug|x64
		{3E0E8608-CD9B-4C76-AF33-29CA38F2C9F0}.Profile|x64.ActiveCfg = Debug|x64
		{3E0E8608-CD9B-4C76-AF33-29CA38F2C9F0}.Profile|x64.Build.0 = Debug|x64
		{3E0E8608-CD9B-4C76-AF33-29CA38F2C9F0}.Profile|x86.ActiveCfg = Debug|Win32
		{3E0E8608-CD9B-4C76-AF33-29CA38F2C9F0}.Profile|x86.Build.0 = Debug|Win32
		{3E0E8608-CD9B-4C76-AF33-29CA38F2C9F0}.Release_Scarlett|ARM64.ActiveCfg = Release|ARM64
		{3E0E8608-CD9B-4C76-AF33-29CA38F2C9F0}.Release_Scarlett|ARM64.Build.0 = Release|ARM64
		{3E0E8608-CD9B-4C76-AF33-29CA38F2C9F0}.Release_Scarlett|Gaming.Desktop.x64.ActiveCfg = Release|x64
		{3E0E8608-CD9B-4C76-AF33-29CA38F2C9F0}.Release_Scarlett|Gaming.Desktop.x64.Build.0 = Release|x64
		{3E0E8608-CD9B-4C76-AF33-29CA38F2C9F0}.Release_Scarlett|Gaming.Xbox.Scarlett.x64.ActiveCfg = Release|x64
		{3E0E8608-CD9B-4C76-AF33-29CA38F2C9F0}.Release_Scarlett|Gaming.Xbox.Scarlett.x64.Build.0 = Release|x64
		{3E0E8608-CD9B-4C76-AF33-29CA38F2C9F0}.Release_Scarlett|Gaming.Xbox.XboxOne.x64.ActiveCfg = Release|x64
		{3E0E8608-CD9B-4C76-AF33-29CA38F2C9F0}.Release_Scarlett|Gaming.Xbox.XboxOne.x64.Build.0 = Release|x64
		{3E0E8608-CD9B-4C76-AF33-29CA38F2C9F0}.Release_Scarlett|x64.ActiveCfg = Release|x64
		{3E0E8608-CD9B-4C76-AF33-29CA38F2C9F0}.Release_Scarlett|x64.Build.0 = Release|x64
		{3E0E8608-CD9B-4C76-AF33-29CA38F2C9F0}.Release_Scarlett|x86.ActiveCfg = Release|Win32
		{3E0E8608-CD9B-4C76-AF33-29CA38F2C9F0}.Release_Scarlett|x86.Build.0 = Release|Win32
		{3E0E8608-CD9B-4C76-AF33-29CA38F2C9F0}.Release|ARM64.ActiveCfg = Release|ARM64
		{3E0E8608-CD9B-4C76-AF33-29CA38F2C9F0}.Release|ARM64.Build.0 = Release|ARM64
		{3E0E8608-CD9B-4C76-AF33-29CA38F2C9F0}.Release|Gaming.Desktop.x64.ActiveCfg = Release|x64
		{3E0E8608-CD9B-4C76-AF33-29CA38F2C9F0}.Release|Gaming.Desktop.x64.Build.0 = Release|x64
		{3E0E8608-CD9B-4C76-AF33-29CA38F2C9F0}.Release|Gaming.Xbox.Scarlett.x64.ActiveCfg = Release|x64
		{3E0E8608-CD9B-4C76-AF33-29CA38F2C9F0}.Release|Gaming.Xbox.Scarlett.x64.Build.0 = Release|x64
		{3E0E8608-CD9B-4C76-AF33-29CA38F2C9F0}.Release|Gaming.Xbox.XboxOne.x64.ActiveCfg = Release|x64
		{3E0E8608-CD9B-4C76-AF33-29CA38F2C9F0}.Release|Gaming.Xbox.XboxOne.x64.Build.0 = Release|x64
		{3E0E8608-CD9B-4C76-AF33-29CA38F2C9F0}.Release|x64.ActiveCfg = Release|x64
		{3E0E8608-CD9B-4C76-AF33-29CA38F2C9F0}.Release|x64.Build.0 = Release|x64
		{3E0E8608-CD9B-4C76-AF33-29CA38F2C9F0}.Release|x86.ActiveCfg = Release|Win32
		{3E0E8608-CD9B-4C76-AF33-29CA38F2C9F0}.Release|x86.Build.0 = Release|Win32
		{3E0E8608-CD9B-4C76-AF33-29CA38F2C9F0}.RelWithDebInfo|ARM64.ActiveCfg = Release|ARM64
		{3E0E8608-CD9B-4C76-AF33-29CA38F2C9F0}.RelWithDebInfo|ARM64.Build.0 = Release|ARM64
		{3E0E8608-CD9B-4C76-AF33-29CA38F2C9F0}.RelWithDebInfo|Gaming.Desktop.x64.ActiveCfg = Release|x64
		{3E0E8608-CD9B-4C76-AF33-29CA38F2C9F0}.RelWithDebInfo|Gaming.Desktop.x64.Build.0 = Release|x64
		{3E0E8608-CD9B-4C76-AF33-29CA38F2C9F0}.RelWithDebInfo|Gaming.Xbox.Scarlett.x64.ActiveCfg = Release|x64
		{3E0E8608-CD9B-4C76-AF33-29CA38F2C9F0}.RelWithDebInfo|Gaming.Xbox.Scarlett.x64.Build.0 = Release|x64
		{3E0E8608-CD9B-4C76-AF33-29CA38F2C9F0}.RelWithDebInfo|Gaming.Xbox.XboxOne.x64.ActiveCfg = Release|x64
		{3E0E8608-CD9B-4C76-AF33-29CA38F2C9F0}.RelWithDebInfo|Gaming.Xbox.XboxOne.x64.Build.0 = Release|x64
		{3E0E8608-CD9B-4C76-AF33-29CA38F2C9F0}.RelWithDebInfo|x64.ActiveCfg = Release|x64
		{3E0E8608-CD9B-4C76-AF33-29CA38F2C9F0}.RelWithDebInfo|x64.Build.0 = Release|x64
		{3E0E8608-CD9B-4C76-AF33-29CA38F2C9F0}.RelWithDebInfo|x86.ActiveCfg = Release|Win32
		{3E0E8608-CD9B-4C76-AF33-29CA38F2C9F0}.RelWithDebInfo|x86.Build.0 = Release|Win32
		{9BC34182-08C8-40A3-AD6A-A5E1687E49C3}.Debug_Scarlett|ARM64.ActiveCfg = Debug|x64
		{9BC34182-08C8-40A3-AD6A-A5E1687E49C3}.Debug_Scarlett|ARM64.Build.0 = Debug|x64
		{9BC34182-08C8-40A3-AD6A-A5E1687E49C3}.Debug_Scarlett|Gaming.Desktop.x64.ActiveCfg = Debug|x64
		{9BC34182-08C8-40A3-AD6A-A5E1687E49C3}.Debug_Scarlett|Gaming.Desktop.x64.Build.0 = Debug|x64
		{9BC34182-08C8-40A3-AD6A-A5E1687E49C3}.Debug_Scarlett|Gaming.Xbox.Scarlett.x64.ActiveCfg = Debug|x64
		{9BC34182-08C8-40A3-AD6A-A5E1687E49C3}.Debug_Scarlett|Gaming.Xbox.Scarlett.x64.Build.0 = Debug|x64
		{9BC34182-08C8-40A3-AD6A-A5E1687E49C3}.Debug_Scarlett|Gaming.Xbox.XboxOne.x64.ActiveCfg = Debug|x64
		{9BC34182-08C8-40A3-AD6A-A5E1687E49C3}.Debug_Scarlett|Gaming.Xbox.XboxOne.x64.Build.0 = Debug|x64
		{9BC34182-08C8-40A3-AD6A-A5E1687E49C3}.Debug_Scarlett|x64.ActiveCfg = Debug|x64
		{9BC34182-08C8-40A3-AD6A-A5E1687E49C3}.Debug_Scarlett|x64.Build.0 = Debug|x64
		{9BC34182-08C8-40A3-AD6A-A5E1687E49C3}.Debug_Scarlett|x86.ActiveCfg = Debug|Win32
		{9BC34182-08C8-40A3-AD6A-A5E1687E49C3}.Debug_Scarlett|x86.Build.0 = Debug|Win32
		{9BC34182-08C8-40A3-AD6A-A5E1687E49C3}.Debug|ARM64.ActiveCfg = Debug|x64
		{9BC34182-08C8-40A3-AD6A-A5E1687E49C3}.Debug|ARM64.Build.0 = Debug|x64
		{9BC34182-08C8-40A3-AD6A-A5E1687E49C3}.Debug|Gaming.Desktop.x64.ActiveCfg = Debug|x64
		{9BC34182-08C8-40A3-AD6A-A5E1687E49C3}.Debug|Gaming.Desktop.x64.Build.0 = Debug|x64
		{9BC34182-08C8-40A3-AD6A-A5E1687E49C3}.Debug|Gaming.Xbox.Scarlett.x64.ActiveCfg = Debug|x64
		{9BC34182-08C8-40A3-AD6A-A5E1687E49C3}.Debug|Gaming.Xbox.Scarlett.x64.Build.0 = Debug|x64
		{9BC34182-08C8-40A3-AD6A-A5E1687E49C3}.Debug|Gaming.Xbox.XboxOne.x64.ActiveCfg = Debug|x64
		{9BC34182-08C8-40A3-AD6A-A5E1687E49C3}.Debug|Gaming.Xbox.XboxOne.x64.Build.0 = Debug|x64
		{9BC34182-08C8-40A3-AD6A-A5E1687E49C3}.Debug|x64.ActiveCfg = Debug|x64
		{9BC34182-08C8-40A3-AD6A-A5E1687E49C3}.Debug|x64.Build.0 = Debug|x64
		{9BC34182-08C8-40A3-AD6A-A5E1687E49C3}.Debug|x86.ActiveCfg = Debug|Win32
		{9BC34182-08C8-40A3-AD6A-A5E1687E49C3}.Debug|x86.Build.0 = Debug|Win32
		{9BC34182-08C8-40A3-AD6A-A5E1687E49C3}.MinSizeRel|ARM64.ActiveCfg = Debug|x64
		{9BC34182-08C8-40A3-AD6A-A5E1687E49C3}.MinSizeRel|ARM64.Build.0 = Debug|x64
		{9BC34182-08C8-40A3-AD6A-A5E1687E49C3}.MinSizeRel|Gaming.Desktop.x64.ActiveCfg = Debug|x64
		{9BC34182-08C8-40A3-AD6A-A5E1687E49C3}.MinSizeRel|Gaming.Desktop.x64.Build.0 = Debug|x64
		{9BC34182-08C8-40A3-AD6A-A5E1687E49C3}.MinSizeRel|Gaming.Xbox.Scarlett.x64.ActiveCfg = Debug|x64
		{9BC34182-08C8-40A3-AD6A-A5E1687E49C3}.MinSizeRel|Gaming.Xbox.Scarlett.x64.Build.0 = Debug|x64
		{9BC34182-08C8-40A3-AD6A-A5E1687E49C3}.MinSizeRel|Gaming.Xbox.XboxOne.x64.ActiveCfg = Debug|x64
		{9BC34182-08C8-40A3-AD6A-A5E1687E49C3}.MinSizeRel|Gaming.Xbox.XboxOne.x64.Build.0 = Debug|x64
		{9BC34182-08C8-40A3-AD6A-A5E1687E49C3}.MinSizeRel|x64.ActiveCfg = Debug|x64
		{9BC34182-08C8-40A3-AD6A-A5E1687E49C3}.MinSizeRel|x64.Build.0 = Debug|x64
		{9BC34182-08C8-40A3-AD6A-A5E1687E49C3}.MinSizeRel|x86.ActiveCfg = Debug|Win32
		{9BC34182-08C8-40A3-AD6A-A5E1687E49C3}.MinSizeRel|x86.Build.0 = Debug|Win32
		{9BC34182-08C8-40A3-AD6A-A5E1687E49C3}.Profile|ARM64.ActiveCfg = Debug|x64
		{9BC34182-08C8-40A3-AD6A-A5E1687E49C3}.Profile|ARM64.Build.0 = Debug|x64
		{9BC34182-08C8-40A3-AD6A-A5E1687E49C3}.Profile|Gaming.Desktop.x64.ActiveCfg = Debug|x64
		{9BC34182-08C8-40A3-AD6A-A5E1687E49C3}.Profile|Gaming.Desktop.x64.Build.0 = Debug|x64
		{9BC34182-08C8-40A3-AD6A-A5E1687E49C3}.Profile|Gaming.Xbox.Scarlett.x64.ActiveCfg = Debug|x64
		{9BC34182-08C8-40A3-AD6A-A5E1687E49C3}.Profile|Gaming.Xbox.Scarlett.x64.Build.0 = Debug|x64
		{9BC34182-08C8-40A3-AD6A-A5E1687E49C3}.Profile|Gaming.Xbox.XboxOne.x64.ActiveCfg = Debug|x64
		{9BC34182-08C8-40A3-AD6A-A5E1687E49C3}.Profile|Gaming.Xbox.XboxOne.x64.Build.0 = Debug|x64
		{9BC34182-08C8-40A3-AD6A-A5E1687E49C3}.Profile|x64.ActiveCfg = Debug|x64
		{9BC34182-08C8-40A3-AD6A-A5E1687E49C3}.Profile|x64.Build.0 = Debug|x64
		{9BC34182-08C8-40A3-AD6A-A5E1687E49C3}.Profile|x86.ActiveCfg = Debug|Win32
		{9BC34182-08C8-40A3-AD6A-A5E1687E49C3}.Profile|x86.Build.0 = Debug|Win32
		{9BC34182-08C8-40A3-AD6A-A5E1687E49C3}.Release_Scarlett|ARM64.ActiveCfg = Release|x64
		{9BC34182-08C8-40A3-AD6A-A5E1687E49C3}.Release_Scarlett|ARM64.Build.0 = Release|x64
		{9BC34182-08C8-40A3-AD6A-A5E1687E49C3}.Release_Scarlett|Gaming.Desktop.x64.ActiveCfg = Release|x64
		{9BC34182-08C8-40A3-AD6A-A5E1687E49C3}.Release_Scarlett|Gaming.Desktop.x64.Build.0 = Release|x64
		{9BC34182-08C8-40A3-AD6A-A5E1687E49C3}.Release_Scarlett|Gaming.Xbox.Scarlett.x64.ActiveCfg = Release|x64
		{9BC34182-08C8-40A3-AD6A-A5E1687E49C3}.Release_Scarlett|Gaming.Xbox.Scarlett.x64.Build.0 = Release|x64
		{9BC34182-08C8-40A3-AD6A-A5E1687E49C3}.Release_Scarlett|Gaming.Xbox.XboxOne.x64.ActiveCfg = Release|x64
		{9BC34182-08C8-40A3-AD6A-A5E1687E49C3}.Release_Scarlett|Gaming.Xbox.XboxOne.x64.Build.0 = Release|x64
		{9BC34182-08C8-40A3-AD6A-A5E1687E49C3}.Release_Scarlett|x64.ActiveCfg = Release|x64
		{9BC34182-08C8-40A3-AD6A-A5E1687E49C3}.Release_Scarlett|x64.Build.0 = Release|x64
		{9BC34182-08C8-40A3-AD6A-A5E1687E49C3}.Release_Scarlett|x86.ActiveCfg = Release|Win32
		{9BC34182-08C8-40A3-AD6A-A5E1687E49C3}.Release_Scarlett|x86.Build.0 = Release|Win32
		{9BC34182-08C8-40A3-AD6A-A5E1687E49C3}.Release|ARM64.ActiveCfg = Release|x64
		{9BC34182-08C8-40A3-AD6A-A5E1687E49C3}.Release|ARM64.Build.0 = Release|x64
		{9BC34182-08C8-40A3-AD6A-A5E1687E49C3}.Release|Gaming.Desktop.x64.ActiveCfg = Release|x64
		{9BC34182-08C8-40A3-AD6A-A5E1687E49C3}.Release|Gaming.Desktop.x64.Build.0 = Release|x64
		{9BC34182-08C8-40A3-AD6A-A5E1687E49C3}.Release|Gaming.Xbox.Scarlett.x64.ActiveCfg = Release|x64
		{9BC34182-08C8-40A3-AD6A-A5E1687E49C3}.Release|Gaming.Xbox.Scarlett.x64.Build.0 = Release|x64
		{9BC34182-08C8-40A3-AD6A-A5E1687E49C3}.Release|Gaming.Xbox.XboxOne.x64.ActiveCfg = Release|x64
		{9BC34182-08C8-40A3-AD6A-A5E1687E49C3}.Release|Gaming.Xbox.XboxOne.x64.Build.0 = Release|x64
		{9BC34182-08C8-40A3-AD6A-A5E1687E49C3}.Release|x64.ActiveCfg = Release|x64
		{9BC34182-08C8-40A3-AD6A-A5E1687E49C3}.Release|x64.Build.0 = Release|x64
		{9BC34182-08C8-40A3-AD6A-A5E1687E49C3}.Release|x86.ActiveCfg = Release|Win32
		{9BC34182-08C8-40A3-AD6A-A5E1687E49C3}.Release|x86.Build.0 = Release|Win32
		{9BC34182-08C8-40A3-AD6A-A5E1687E49C3}.RelWithDebInfo|ARM64.ActiveCfg = Release|x64
		{9BC34182-08C8-40A3-AD6A-A5E1687E49C3}.RelWithDebInfo|ARM64.Build.0 = Release|x64
		{9BC34182-08C8-40A3-AD6A-A5E1687E49C3}.RelWithDebInfo|Gaming.Desktop.x64.ActiveCfg = Release|x64
		{9BC34182-08C8-40A3-AD6A-A5E1687E49C3}.RelWithDebInfo|Gaming.Desktop.x64.Build.0 = Release|x64
		{9BC34182-08C8-40A3-AD6A-A5E1687E49C3}.RelWithDebInfo|Gaming.Xbox.Scarlett.x64.ActiveCfg = Release|x64
		{9BC34182-08C8-40A3-AD6A-A5E1687E49C3}.RelWithDebInfo|Gaming.Xbox.Scarlett.x64.Build.0 = Release|x64
		{9BC34182-08C8-40A3-AD6A-A5E1687E49C3}.RelWithDebInfo|Gaming.Xbox.XboxOne.x64.ActiveCfg = Release|x64
		{9BC34182-08C8-40A3-AD6A-A5E1687E49C3}.RelWithDebInfo|Gaming.Xbox.XboxOne.x64.Build.0 = Release|x64
		{9BC34182-08C8-40A3-AD6A-A5E1687E49C3}.RelWithDebInfo|x64.ActiveCfg = Release|x64
		{9BC34182-08C8-40A3-AD6A-A5E1687E49C3}.RelWithDebInfo|x64.Build.0 = Release|x64
		{9BC34182-08C8-40A3-AD6A-A5E1687E49C3}.RelWithDebInfo|x86.ActiveCfg = Release|Win32
		{9BC34182-08C8-40A3-AD6A-A5E1687E49C3}.RelWithDebInfo|x86.Build.0 = Release|Win32
		{7C0DE6EF-E755-33B1-AE45-B557C14493B8}.Debug_Scarlett|ARM64.ActiveCfg = Debug|x64
		{7C0DE6EF-E755-33B1-AE45-B557C14493B8}.Debug_Scarlett|ARM64.Build.0 = Debug|x64
		{7C0DE6EF-E755-33B1-AE45-B557C14493B8}.Debug_Scarlett|Gaming.Desktop.x64.ActiveCfg = Debug|x64
		{7C0DE6EF-E755-33B1-AE45-B557C14493B8}.Debug_Scarlett|Gaming.Desktop.x64.Build.0 = Debug|x64
		{7C0DE6EF-E755-33B1-AE45-B557C14493B8}.Debug_Scarlett|Gaming.Xbox.Scarlett.x64.ActiveCfg = Debug|x64
		{7C0DE6EF-E755-33B1-AE45-B557C14493B8}.Debug_Scarlett|Gaming.Xbox.Scarlett.x64.Build.0 = Debug|x64
		{7C0DE6EF-E755-33B1-AE45-B557C14493B8}.Debug_Scarlett|Gaming.Xbox.XboxOne.x64.ActiveCfg = Debug|x64
		{7C0DE6EF-E755-33B1-AE45-B557C14493B8}.Debug_Scarlett|Gaming.Xbox.XboxOne.x64.Build.0 = Debug|x64
		{7C0DE6EF-E755-33B1-AE45-B557C14493B8}.Debug_Scarlett|x64.ActiveCfg = Debug|x64
		{7C0DE6EF-E755-33B1-AE45-B557C14493B8}.Debug_Scarlett|x64.Build.0 = Debug|x64
		{7C0DE6EF-E755-33B1-AE45-B557C14493B8}.Debug_Scarlett|x86.ActiveCfg = Debug|x64
		{7C0DE6EF-E755-33B1-AE45-B557C14493B8}.Debug_Scarlett|x86.Build.0 = Debug|x64
		{7C0DE6EF-E755-33B1-AE45-B557C14493B8}.Debug|ARM64.ActiveCfg = Debug|x64
		{7C0DE6EF-E755-33B1-AE45-B557C14493B8}.Debug|ARM64.Build.0 = Debug|x64
		{7C0DE6EF-E755-33B1-AE45-B557C14493B8}.Debug|Gaming.Desktop.x64.ActiveCfg = Debug|x64
		{7C0DE6EF-E755-33B1-AE45-B557C14493B8}.Debug|Gaming.Desktop.x64.Build.0 = Debug|x64
		{7C0DE6EF-E755-33B1-AE45-B557C14493B8}.Debug|Gaming.Xbox.Scarlett.x64.ActiveCfg = Debug|x64
		{7C0DE6EF-E755-33B1-AE45-B557C14493B8}.Debug|Gaming.Xbox.Scarlett.x64.Build.0 = Debug|x64
		{7C0DE6EF-E755-33B1-AE45-B557C14493B8}.Debug|Gaming.Xbox.XboxOne.x64.ActiveCfg = Debug|x64
		{7C0DE6EF-E755-33B1-AE45-B557C14493B8}.Debug|Gaming.Xbox.XboxOne.x64.Build.0 = Debug|x64
		{7C0DE6EF-E755-33B1-AE45-B557C14493B8}.Debug|x64.ActiveCfg = Debug|x64
		{7C0DE6EF-E755-33B1-AE45-B557C14493B8}.Debug|x64.Build.0 = Debug|x64
		{7C0DE6EF-E755-33B1-AE45-B557C14493B8}.Debug|x86.ActiveCfg = Debug|x64
		{7C0DE6EF-E755-33B1-AE45-B557C14493B8}.Debug|x86.Build.0 = Debug|x64
		{7C0DE6EF-E755-33B1-AE45-B557C14493B8}.MinSizeRel|ARM64.ActiveCfg = MinSizeRel|x64
		{7C0DE6EF-E755-33B1-AE45-B557C14493B8}.MinSizeRel|ARM64.Build.0 = MinSizeRel|x64
		{7C0DE6EF-E755-33B1-AE45-B557C14493B8}.MinSizeRel|Gaming.Desktop.x64.ActiveCfg = MinSizeRel|x64
		{7C0DE6EF-E755-33B1-AE45-B557C14493B8}.MinSizeRel|Gaming.Desktop.x64.Build.0 = MinSizeRel|x64
		{7C0DE6EF-E755-33B1-AE45-B557C14493B8}.MinSizeRel|Gaming.Xbox.Scarlett.x64.ActiveCfg = MinSizeRel|x64
		{7C0DE6EF-E755-33B1-AE45-B557C14493B8}.MinSizeRel|Gaming.Xbox.Scarlett.x64.Build.0 = MinSizeRel|x64
		{7C0DE6EF-E755-33B1-AE45-B557C14493B8}.MinSizeRel|Gaming.Xbox.XboxOne.x64.ActiveCfg = MinSizeRel|x64
		{7C0DE6EF-E755-33B1-AE45-B557C14493B8}.MinSizeRel|Gaming.Xbox.XboxOne.x64.Build.0 = MinSizeRel|x64
		{7C0DE6EF-E755-33B1-AE45-B557C14493B8}.MinSizeRel|x64.ActiveCfg = MinSizeRel|x64
		{7C0DE6EF-E755-33B1-AE45-B557C14493B8}.MinSizeRel|x64.Build.0 = MinSizeRel|x64
		{7C0DE6EF-E755-33B1-AE45-B557C14493B8}.MinSizeRel|x86.ActiveCfg = MinSizeRel|x64
		{7C0DE6EF-E755-33B1-AE45-B557C14493B8}.MinSizeRel|x86.Build.0 = MinSizeRel|x64
		{7C0DE6EF-E755-33B1-AE45-B557C14493B8}.Profile|ARM64.ActiveCfg = RelWithDebInfo|x64
		{7C0DE6EF-E755-33B1-AE45-B557C14493B8}.Profile|ARM64.Build.0 = RelWithDebInfo|x64
		{7C0DE6EF-E755-33B1-AE45-B557C14493B8}.Profile|Gaming.Desktop.x64.ActiveCfg = RelWithDebInfo|x64
		{7C0DE6EF-E755-33B1-AE45-B557C14493B8}.Profile|Gaming.Desktop.x64.Build.0 = RelWithDebInfo|x64
		{7C0DE6EF-E755-33B1-AE45-B557C14493B8}.Profile|Gaming.Xbox.Scarlett.x64.ActiveCfg = RelWithDebInfo|x64
		{7C0DE6EF-E755-33B1-AE45-B557C14493B8}.Profile|Gaming.Xbox.Scarlett.x64.Build.0 = RelWithDebInfo|x64
		{7C0DE6EF-E755-33B1-AE45-B557C14493B8}.Profile|Gaming.Xbox.XboxOne.x64.ActiveCfg = RelWithDebInfo|x64
		{7C0DE6EF-E755-33B1-AE45-B557C14493B8}.Profile|Gaming.Xbox.XboxOne.x64.Build.0 = RelWithDebInfo|x64
		{7C0DE6EF-E755-33B1-AE45-B557C14493B8}.Profile|x64.ActiveCfg = RelWithDebInfo|x64
		{7C0DE6EF-E755-33B1-AE45-B557C14493B8}.Profile|x64.Build.0 = RelWithDebInfo|x64
		{7C0DE6EF-E755-33B1-AE45-B557C14493B8}.Profile|x86.ActiveCfg = RelWithDebInfo|x64
		{7C0DE6EF-E755-33B1-AE45-B557C14493B8}.Profile|x86.Build.0 = RelWithDebInfo|x64
		{7C0DE6EF-E755-33B1-AE45-B557C14493B8}.Release_Scarlett|ARM64.ActiveCfg = RelWithDebInfo|x64
		{7C0DE6EF-E755-33B1-AE45-B557C14493B8}.Release_Scarlett|ARM64.Build.0 = RelWithDebInfo|x64
		{7C0DE6EF-E755-33B1-AE45-B557C14493B8}.Release_Scarlett|Gaming.Desktop.x64.ActiveCfg = RelWithDebInfo|x64
		{7C0DE6EF-E755-33B1-AE45-B557C14493B8}.Release_Scarlett|Gaming.Desktop.x64.Build.0 = RelWithDebInfo|x64
		{7C0DE6EF-E755-33B1-AE45-B557C14493B8}.Release_Scarlett|Gaming.Xbox.Scarlett.x64.ActiveCfg = RelWithDebInfo|x64
		{7C0DE6EF-E755-33B1-AE45-B557C14493B8}.Release_Scarlett|Gaming.Xbox.Scarlett.x64.Build.0 = RelWithDebInfo|x64
		{7C0DE6EF-E755-33B1-AE45-B557C14493B8}.Release_Scarlett|Gaming.Xbox.XboxOne.x64.ActiveCfg = RelWithDebInfo|x64
		{7C0DE6EF-E755-33B1-AE45-B557C14493B8}.Release_Scarlett|Gaming.Xbox.XboxOne.x64.Build.0 = RelWithDebInfo|x64
		{7C0DE6EF-E755-33B1-AE45-B557C14493B8}.Release_Scarlett|x64.ActiveCfg = RelWithDebInfo|x64
		{7C0DE6EF-E755-33B1-AE45-B557C14493B8}.Release_Scarlett|x64.Build.0 = RelWithDebInfo|x64
		{7C0DE6EF-E755-33B1-AE45-B557C14493B8}.Release_Scarlett|x86.ActiveCfg = RelWithDebInfo|x64
		{7C0DE6EF-E755-33B1-AE45-B557C14493B8}.Release_Scarlett|x86.Build.0 = RelWithDebInfo|x64
		{7C0DE6EF-E755-33B1-AE45-B557C14493B8}.Release|ARM64.ActiveCfg = Release|x64
		{7C0DE6EF-E755-33B1-AE45-B557C14493B8}.Release|ARM64.Build.0 = Release|x64
		{7C0DE6EF-E755-33B1-AE45-B557C14493B8}.Release|Gaming.Desktop.x64.ActiveCfg = Release|x64
		{7C0DE6EF-E755-33B1-AE45-B557C14493B8}.Release|Gaming.Desktop.x64.Build.0 = Release|x64
		{7C0DE6EF-E755-33B1-AE45-B557C14493B8}.Release|Gaming.Xbox.Scarlett.x64.ActiveCfg = Release|x64
		{7C0DE6EF-E755-33B1-AE45-B557C14493B8}.Release|Gaming.Xbox.Scarlett.x64.Build.0 = Release|x64
		{7C0DE6EF-E755-33B1-AE45-B557C14493B8}.Release|Gaming.Xbox.XboxOne.x64.ActiveCfg = Release|x64
		{7C0DE6EF-E755-33B1-AE45-B557C14493B8}.Release|Gaming.Xbox.XboxOne.x64.Build.0 = Release|x64
		{7C0DE6EF-E755-33B1-AE45-B557C14493B8}.Release|x64.ActiveCfg = Release|x64
		{7C0DE6EF-E755-33B1-AE45-B557C14493B8}.Release|x64.Build.0 = Release|x64
		{7C0DE6EF-E755-33B1-AE45-B557C14493B8}.Release|x86.ActiveCfg = Release|x64
		{7C0DE6EF-E755-33B1-AE45-B557C14493B8}.Release|x86.Build.0 = Release|x64
		{7C0DE6EF-E755-33B1-AE45-B557C14493B8}.RelWithDebInfo|ARM64.ActiveCfg = RelWithDebInfo|x64
		{7C0DE6EF-E755-33B1-AE45-B557C14493B8}.RelWithDebInfo|ARM64.Build.0 = RelWithDebInfo|x64
		{7C0DE6EF-E755-33B1-AE45-B557C14493B8}.RelWithDebInfo|Gaming.Desktop.x64.ActiveCfg = RelWithDebInfo|x64
		{7C0DE6EF-E755-33B1-AE45-B557C14493B8}.RelWithDebInfo|Gaming.Desktop.x64.Build.0 = RelWithDebInfo|x64
		{7C0DE6EF-E755-33B1-AE45-B557C14493B8}.RelWithDebInfo|Gaming.Xbox.Scarlett.x64.ActiveCfg = RelWithDebInfo|x64
		{7C0DE6EF-E755-33B1-AE45-B557C14493B8}.RelWithDebInfo|Gaming.Xbox.Scarlett.x64.Build.0 = RelWithDebInfo|x64
		{7C0DE6EF-E755-33B1-AE45-B557C14493B8}.RelWithDebInfo|Gaming.Xbox.XboxOne.x64.ActiveCfg = RelWithDebInfo|x64
		{7C0DE6EF-E755-33B1-AE45-B557C14493B8}.RelWithDebInfo|Gaming.Xbox.XboxOne.x64.Build.0 = RelWithDebInfo|x64
		{7C0DE6EF-E755-33B1-AE45-B557C14493B8}.RelWithDebInfo|x64.ActiveCfg = RelWithDebInfo|x64
		{7C0DE6EF-E755-33B1-AE45-B557C14493B8}.RelWithDebInfo|x64.Build.0 = RelWithDebInfo|x64
		{7C0DE6EF-E755-33B1-AE45-B557C14493B8}.RelWithDebInfo|x86.ActiveCfg = RelWithDebInfo|x64
		{7C0DE6EF-E755-33B1-AE45-B557C14493B8}.RelWithDebInfo|x86.Build.0 = RelWithDebInfo|x64
		{4C46E124-26B4-358B-AD76-B5617D4B390D}.Debug_Scarlett|ARM64.ActiveCfg = Debug|x64
		{4C46E124-26B4-358B-AD76-B5617D4B390D}.Debug_Scarlett|ARM64.Build.0 = Debug|x64
		{4C46E124-26B4-358B-AD76-B5617D4B390D}.Debug_Scarlett|Gaming.Desktop.x64.ActiveCfg = Debug|x64
		{4C46E124-26B4-358B-AD76-B5617D4B390D}.Debug_Scarlett|Gaming.Desktop.x64.Build.0 = Debug|x64
		{4C46E124-26B4-358B-AD76-B5617D4B390D}.Debug_Scarlett|Gaming.Xbox.Scarlett.x64.ActiveCfg = Debug|x64
		{4C46E124-26B4-358B-AD76-B5617D4B390D}.Debug_Scarlett|Gaming.Xbox.Scarlett.x64.Build.0 = Debug|x64
		{4C46E124-26B4-358B-AD76-B5617D4B390D}.Debug_Scarlett|Gaming.Xbox.XboxOne.x64.ActiveCfg = Debug|x64
		{4C46E124-26B4-358B-AD76-B5617D4B390D}.Debug_Scarlett|Gaming.Xbox.XboxOne.x64.Build.0 = Debug|x64
		{4C46E124-26B4-358B-AD76-B5617D4B390D}.Debug_Scarlett|x64.ActiveCfg = Debug|x64
		{4C46E124-26B4-358B-AD76-B5617D4B390D}.Debug_Scarlett|x64.Build.0 = Debug|x64
		{4C46E124-26B4-358B-AD76-B5617D4B390D}.Debug_Scarlett|x86.ActiveCfg = Debug|x64
		{4C46E124-26B4-358B-AD76-B5617D4B390D}.Debug_Scarlett|x86.Build.0 = Debug|x64
		{4C46E124-26B4-358B-AD76-B5617D4B390D}.Debug|ARM64.ActiveCfg = Debug|x64
		{4C46E124-26B4-358B-AD76-B5617D4B390D}.Debug|ARM64.Build.0 = Debug|x64
		{4C46E124-26B4-358B-AD76-B5617D4B390D}.Debug|Gaming.Desktop.x64.ActiveCfg = Debug|x64
		{4C46E124-26B4-358B-AD76-B5617D4B390D}.Debug|Gaming.Desktop.x64.Build.0 = Debug|x64
		{4C46E124-26B4-358B-AD76-B5617D4B390D}.Debug|Gaming.Xbox.Scarlett.x64.ActiveCfg = Debug|x64
		{4C46E124-26B4-358B-AD76-B5617D4B390D}.Debug|Gaming.Xbox.Scarlett.x64.Build.0 = Debug|x64
		{4C46E124-26B4-358B-AD76-B5617D4B390D}.Debug|Gaming.Xbox.XboxOne.x64.ActiveCfg = Debug|x64
		{4C46E124-26B4-358B-AD76-B5617D4B390D}.Debug|Gaming.Xbox.XboxOne.x64.Build.0 = Debug|x64
		{4C46E124-26B4-358B-AD76-B5617D4B390D}.Debug|x64.ActiveCfg = Debug|x64
		{4C46E124-26B4-358B-AD76-B5617D4B390D}.Debug|x64.Build.0 = Debug|x64
		{4C46E124-26B4-358B-AD76-B5617D4B390D}.Debug|x86.ActiveCfg = Debug|x64
		{4C46E124-26B4-358B-AD76-B5617D4B390D}.Debug|x86.Build.0 = Debug|x64
		{4C46E124-26B4-358B-AD76-B5617D4B390D}.MinSizeRel|ARM64.ActiveCfg = MinSizeRel|x64
		{4C46E124-26B4-358B-AD76-B5617D4B390D}.MinSizeRel|ARM64.Build.0 = MinSizeRel|x64
		{4C46E124-26B4-358B-AD76-B5617D4B390D}.MinSizeRel|Gaming.Desktop.x64.ActiveCfg = MinSizeRel|x64
		{4C46E124-26B4-358B-AD76-B5617D4B390D}.MinSizeRel|Gaming.Desktop.x64.Build.0 = MinSizeRel|x64
		{4C46E124-26B4-358B-AD76-B5617D4B390D}.MinSizeRel|Gaming.Xbox.Scarlett.x64.ActiveCfg = MinSizeRel|x64
		{4C46E124-26B4-358B-AD76-B5617D4B390D}.MinSizeRel|Gaming.Xbox.Scarlett.x64.Build.0 = MinSizeRel|x64
		{4C46E124-26B4-358B-AD76-B5617D4B390D}.MinSizeRel|Gaming.Xbox.XboxOne.x64.ActiveCfg = MinSizeRel|x64
		{4C46E124-26B4-358B-AD76-B5617D4B390D}.MinSizeRel|Gaming.Xbox.XboxOne.x64.Build.0 = MinSizeRel|x64
		{4C46E124-26B4-358B-AD76-B5617D4B390D}.MinSizeRel|x64.ActiveCfg = MinSizeRel|x64
		{4C46E124-26B4-358B-AD76-B5617D4B390D}.MinSizeRel|x64.Build.0 = MinSizeRel|x64
		{4C46E124-26B4-358B-AD76-B5617D4B390D}.MinSizeRel|x86.ActiveCfg = MinSizeRel|x64
		{4C46E124-26B4-358B-AD76-B5617D4B390D}.MinSizeRel|x86.Build.0 = MinSizeRel|x64
		{4C46E124-26B4-358B-AD76-B5617D4B390D}.Profile|ARM64.ActiveCfg = RelWithDebInfo|x64
		{4C46E124-26B4-358B-AD76-B5617D4B390D}.Profile|ARM64.Build.0 = RelWithDebInfo|x64
		{4C46E124-26B4-358B-AD76-B5617D4B390D}.Profile|Gaming.Desktop.x64.ActiveCfg = RelWithDebInfo|x64
		{4C46E124-26B4-358B-AD76-B5617D4B390D}.Profile|Gaming.Desktop.x64.Build.0 = RelWithDebInfo|x64
		{4C46E124-26B4-358B-AD76-B5617D4B390D}.Profile|Gaming.Xbox.Scarlett.x64.ActiveCfg = RelWithDebInfo|x64
		{4C46E124-26B4-358B-AD76-B5617D4B390D}.Profile|Gaming.Xbox.Scarlett.x64.Build.0 = RelWithDebInfo|x64
		{4C46E124-26B4-358B-AD76-B5617D4B390D}.Profile|Gaming.Xbox.XboxOne.x64.ActiveCfg = RelWithDebInfo|x64
		{4C46E124-26B4-358B-AD76-B5617D4B390D}.Profile|Gaming.Xbox.XboxOne.x64.Build.0 = RelWithDebInfo|x64
		{4C46E124-26B4-358B-AD76-B5617D4B390D}.Profile|x64.ActiveCfg = RelWithDebInfo|x64
		{4C46E124-26B4-358B-AD76-B5617D4B390D}.Profile|x64.Build.0 = RelWithDebInfo|x64
		{4C46E124-26B4-358B-AD76-B5617D4B390D}.Profile|x86.ActiveCfg = RelWithDebInfo|x64
		{4C46E124-26B4-358B-AD76-B5617D4B390D}.Profile|x86.Build.0 = RelWithDebInfo|x64
		{4C46E124-26B4-358B-AD76-B5617D4B390D}.Release_Scarlett|ARM64.ActiveCfg = RelWithDebInfo|x64
		{4C46E124-26B4-358B-AD76-B5617D4B390D}.Release_Scarlett|ARM64.Build.0 = RelWithDebInfo|x64
		{4C46E124-26B4-358B-AD76-B5617D4B390D}.Release_Scarlett|Gaming.Desktop.x64.ActiveCfg = RelWithDebInfo|x64
		{4C46E124-26B4-358B-AD76-B5617D4B390D}.Release_Scarlett|Gaming.Desktop.x64.Build.0 = RelWithDebInfo|x64
		{4C46E124-26B4-358B-AD76-B5617D4B390D}.Release_Scarlett|Gaming.Xbox.Scarlett.x64.ActiveCfg = RelWithDebInfo|x64
		{4C46E124-26B4-358B-AD76-B5617D4B390D}.Release_Scarlett|Gaming.Xbox.Scarlett.x64.Build.0 = RelWithDebInfo|x64
		{4C46E124-26B4-358B-AD76-B5617D4B390D}.Release_Scarlett|Gaming.Xbox.XboxOne.x64.ActiveCfg = RelWithDebInfo|x64
		{4C46E124-26B4-358B-AD76-B5617D4B390D}.Release_Scarlett|Gaming.Xbox.XboxOne.x64.Build.0 = RelWithDebInfo|x64
		{4C46E124-26B4-358B-AD76-B5617D4B390D}.Release_Scarlett|x64.ActiveCfg = RelWithDebInfo|x64
		{4C46E124-26B4-358B-AD76-B5617D4B390D}.Release_Scarlett|x64.Build.0 = RelWithDebInfo|x64
		{4C46E124-26B4-358B-AD76-B5617D4B390D}.Release_Scarlett|x86.ActiveCfg = RelWithDebInfo|x64
		{4C46E124-26B4-358B-AD76-B5617D4B390D}.Release_Scarlett|x86.Build.0 = RelWithDebInfo|x64
		{4C46E124-26B4-358B-AD76-B5617D4B390D}.Release|ARM64.ActiveCfg = Release|x64
		{4C46E124-26B4-358B-AD76-B5617D4B390D}.Release|ARM64.Build.0 = Release|x64
		{4C46E124-26B4-358B-AD76-B5617D4B390D}.Release|Gaming.Desktop.x64.ActiveCfg = Release|x64
		{4C46E124-26B4-358B-AD76-B5617D4B390D}.Release|Gaming.Desktop.x64.Build.0 = Release|x64
		{4C46E124-26B4-358B-AD76-B5617D4B390D}.Release|Gaming.Xbox.Scarlett.x64.ActiveCfg = Release|x64
		{4C46E124-26B4-358B-AD76-B5617D4B390D}.Release|Gaming.Xbox.Scarlett.x64.Build.0 = Release|x64
		{4C46E124-26B4-358B-AD76-B5617D4B390D}.Release|Gaming.Xbox.XboxOne.x64.ActiveCfg = Release|x64
		{4C46E124-26B4-358B-AD76-B5617D4B390D}.Release|Gaming.Xbox.XboxOne.x64.Build.0 = Release|x64
		{4C46E124-26B4-358B-AD76-B5617D4B390D}.Release|x64.ActiveCfg = Release|x64
		{4C46E124-26B4-358B-AD76-B5617D4B390D}.Release|x64.Build.0 = Release|x64
		{4C46E124-26B4-358B-AD76-B5617D4B390D}.Release|x86.ActiveCfg = Release|x64
		{4C46E124-26B4-358B-AD76-B5617D4B390D}.Release|x86.Build.0 = Release|x64
		{4C46E124-26B4-358B-AD76-B5617D4B390D}.RelWithDebInfo|ARM64.ActiveCfg = RelWithDebInfo|x64
		{4C46E124-26B4-358B-AD76-B5617D4B390D}.RelWithDebInfo|ARM64.Build.0 = RelWithDebInfo|x64
		{4C46E124-26B4-358B-AD76-B5617D4B390D}.RelWithDebInfo|Gaming.Desktop.x64.ActiveCfg = RelWithDebInfo|x64
		{4C46E124-26B4-358B-AD76-B5617D4B390D}.RelWithDebInfo|Gaming.Desktop.x64.Build.0 = RelWithDebInfo|x64
		{4C46E124-26B4-358B-AD76-B5617D4B390D}.RelWithDebInfo|Gaming.Xbox.Scarlett.x64.ActiveCfg = RelWithDebInfo|x64
		{4C46E124-26B4-358B-AD76-B5617D4B390D}.RelWithDebInfo|Gaming.Xbox.Scarlett.x64.Build.0 = RelWithDebInfo|x64
		{4C46E124-26B4-358B-AD76-B5617D4B390D}.RelWithDebInfo|Gaming.Xbox.XboxOne.x64.ActiveCfg = RelWithDebInfo|x64
		{4C46E124-26B4-358B-AD76-B5617D4B390D}.RelWithDebInfo|Gaming.Xbox.XboxOne.x64.Build.0 = RelWithDebInfo|x64
		{4C46E124-26B4-358B-AD76-B5617D4B390D}.RelWithDebInfo|x64.ActiveCfg = RelWithDebInfo|x64
		{4C46E124-26B4-358B-AD76-B5617D4B390D}.RelWithDebInfo|x64.Build.0 = RelWithDebInfo|x64
		{4C46E124-26B4-358B-AD76-B5617D4B390D}.RelWithDebInfo|x86.ActiveCfg = RelWithDebInfo|x64
		{4C46E124-26B4-358B-AD76-B5617D4B390D}.RelWithDebInfo|x86.Build.0 = RelWithDebInfo|x64
		{371B9FA9-4C90-4AC6-A123-ACED756D6C77}.Debug_Scarlett|ARM64.ActiveCfg = Debug|x64
		{371B9FA9-4C90-4AC6-A123-ACED756D6C77}.Debug_Scarlett|ARM64.Build.0 = Debug|x64
		{371B9FA9-4C90-4AC6-A123-ACED756D6C77}.Debug_Scarlett|Gaming.Desktop.x64.ActiveCfg = Debug|x64
		{371B9FA9-4C90-4AC6-A123-ACED756D6C77}.Debug_Scarlett|Gaming.Desktop.x64.Build.0 = Debug|x64
		{371B9FA9-4C90-4AC6-A123-ACED756D6C77}.Debug_Scarlett|Gaming.Xbox.Scarlett.x64.ActiveCfg = Debug|x64
		{371B9FA9-4C90-4AC6-A123-ACED756D6C77}.Debug_Scarlett|Gaming.Xbox.Scarlett.x64.Build.0 = Debug|x64
		{371B9FA9-4C90-4AC6-A123-ACED756D6C77}.Debug_Scarlett|Gaming.Xbox.XboxOne.x64.ActiveCfg = Debug|x64
		{371B9FA9-4C90-4AC6-A123-ACED756D6C77}.Debug_Scarlett|Gaming.Xbox.XboxOne.x64.Build.0 = Debug|x64
		{371B9FA9-4C90-4AC6-A123-ACED756D6C77}.Debug_Scarlett|x64.ActiveCfg = Debug|x64
		{371B9FA9-4C90-4AC6-A123-ACED756D6C77}.Debug_Scarlett|x64.Build.0 = Debug|x64
		{371B9FA9-4C90-4AC6-A123-ACED756D6C77}.Debug_Scarlett|x86.ActiveCfg = Debug|Win32
		{371B9FA9-4C90-4AC6-A123-ACED756D6C77}.Debug_Scarlett|x86.Build.0 = Debug|Win32
		{371B9FA9-4C90-4AC6-A123-ACED756D6C77}.Debug|ARM64.ActiveCfg = Debug|x64
		{371B9FA9-4C90-4AC6-A123-ACED756D6C77}.Debug|ARM64.Build.0 = Debug|x64
		{371B9FA9-4C90-4AC6-A123-ACED756D6C77}.Debug|Gaming.Desktop.x64.ActiveCfg = Debug|x64
		{371B9FA9-4C90-4AC6-A123-ACED756D6C77}.Debug|Gaming.Desktop.x64.Build.0 = Debug|x64
		{371B9FA9-4C90-4AC6-A123-ACED756D6C77}.Debug|Gaming.Xbox.Scarlett.x64.ActiveCfg = Debug|x64
		{371B9FA9-4C90-4AC6-A123-ACED756D6C77}.Debug|Gaming.Xbox.Scarlett.x64.Build.0 = Debug|x64
		{371B9FA9-4C90-4AC6-A123-ACED756D6C77}.Debug|Gaming.Xbox.XboxOne.x64.ActiveCfg = Debug|x64
		{371B9FA9-4C90-4AC6-A123-ACED756D6C77}.Debug|Gaming.Xbox.XboxOne.x64.Build.0 = Debug|x64
		{371B9FA9-4C90-4AC6-A123-ACED756D6C77}.Debug|x64.ActiveCfg = Debug|x64
		{371B9FA9-4C90-4AC6-A123-ACED756D6C77}.Debug|x64.Build.0 = Debug|x64
		{371B9FA9-4C90-4AC6-A123-ACED756D6C77}.Debug|x86.ActiveCfg = Debug|Win32
		{371B9FA9-4C90-4AC6-A123-ACED756D6C77}.Debug|x86.Build.0 = Debug|Win32
		{371B9FA9-4C90-4AC6-A123-ACED756D6C77}.MinSizeRel|ARM64.ActiveCfg = Profile|x64
		{371B9FA9-4C90-4AC6-A123-ACED756D6C77}.MinSizeRel|ARM64.Build.0 = Profile|x64
		{371B9FA9-4C90-4AC6-A123-ACED756D6C77}.MinSizeRel|Gaming.Desktop.x64.ActiveCfg = Profile|x64
		{371B9FA9-4C90-4AC6-A123-ACED756D6C77}.MinSizeRel|Gaming.Desktop.x64.Build.0 = Profile|x64
		{371B9FA9-4C90-4AC6-A123-ACED756D6C77}.MinSizeRel|Gaming.Xbox.Scarlett.x64.ActiveCfg = Profile|x64
		{371B9FA9-4C90-4AC6-A123-ACED756D6C77}.MinSizeRel|Gaming.Xbox.Scarlett.x64.Build.0 = Profile|x64
		{371B9FA9-4C90-4AC6-A123-ACED756D6C77}.MinSizeRel|Gaming.Xbox.XboxOne.x64.ActiveCfg = Profile|x64
		{371B9FA9-4C90-4AC6-A123-ACED756D6C77}.MinSizeRel|Gaming.Xbox.XboxOne.x64.Build.0 = Profile|x64
		{371B9FA9-4C90-4AC6-A123-ACED756D6C77}.MinSizeRel|x64.ActiveCfg = Profile|x64
		{371B9FA9-4C90-4AC6-A123-ACED756D6C77}.MinSizeRel|x64.Build.0 = Profile|x64
		{371B9FA9-4C90-4AC6-A123-ACED756D6C77}.MinSizeRel|x86.ActiveCfg = Debug|Win32
		{371B9FA9-4C90-4AC6-A123-ACED756D6C77}.MinSizeRel|x86.Build.0 = Debug|Win32
		{371B9FA9-4C90-4AC6-A123-ACED756D6C77}.Profile|ARM64.ActiveCfg = Profile|x64
		{371B9FA9-4C90-4AC6-A123-ACED756D6C77}.Profile|ARM64.Build.0 = Profile|x64
		{371B9FA9-4C90-4AC6-A123-ACED756D6C77}.Profile|Gaming.Desktop.x64.ActiveCfg = Profile|x64
		{371B9FA9-4C90-4AC6-A123-ACED756D6C77}.Profile|Gaming.Desktop.x64.Build.0 = Profile|x64
		{371B9FA9-4C90-4AC6-A123-ACED756D6C77}.Profile|Gaming.Xbox.Scarlett.x64.ActiveCfg = Profile|x64
		{371B9FA9-4C90-4AC6-A123-ACED756D6C77}.Profile|Gaming.Xbox.Scarlett.x64.Build.0 = Profile|x64
		{371B9FA9-4C90-4AC6-A123-ACED756D6C77}.Profile|Gaming.Xbox.XboxOne.x64.ActiveCfg = Profile|x64
		{371B9FA9-4C90-4AC6-A123-ACED756D6C77}.Profile|Gaming.Xbox.XboxOne.x64.Build.0 = Profile|x64
		{371B9FA9-4C90-4AC6-A123-ACED756D6C77}.Profile|x64.ActiveCfg = Profile|x64
		{371B9FA9-4C90-4AC6-A123-ACED756D6C77}.Profile|x64.Build.0 = Profile|x64
		{371B9FA9-4C90-4AC6-A123-ACED756D6C77}.Profile|x86.ActiveCfg = Profile|Win32
		{371B9FA9-4C90-4AC6-A123-ACED756D6C77}.Profile|x86.Build.0 = Profile|Win32
		{371B9FA9-4C90-4AC6-A123-ACED756D6C77}.Release_Scarlett|ARM64.ActiveCfg = Release|x64
		{371B9FA9-4C90-4AC6-A123-ACED756D6C77}.Release_Scarlett|ARM64.Build.0 = Release|x64
		{371B9FA9-4C90-4AC6-A123-ACED756D6C77}.Release_Scarlett|Gaming.Desktop.x64.ActiveCfg = Release|x64
		{371B9FA9-4C90-4AC6-A123-ACED756D6C77}.Release_Scarlett|Gaming.Desktop.x64.Build.0 = Release|x64
		{371B9FA9-4C90-4AC6-A123-ACED756D6C77}.Release_Scarlett|Gaming.Xbox.Scarlett.x64.ActiveCfg = Release|x64
		{371B9FA9-4C90-4AC6-A123-ACED756D6C77}.Release_Scarlett|Gaming.Xbox.Scarlett.x64.Build.0 = Release|x64
		{371B9FA9-4C90-4AC6-A123-ACED756D6C77}.Release_Scarlett|Gaming.Xbox.XboxOne.x64.ActiveCfg = Release|x64
		{371B9FA9-4C90-4AC6-A123-ACED756D6C77}.Release_Scarlett|Gaming.Xbox.XboxOne.x64.Build.0 = Release|x64
		{371B9FA9-4C90-4AC6-A123-ACED756D6C77}.Release_Scarlett|x64.ActiveCfg = Release|x64
		{371B9FA9-4C90-4AC6-A123-ACED756D6C77}.Release_Scarlett|x64.Build.0 = Release|x64
		{371B9FA9-4C90-4AC6-A123-ACED756D6C77}.Release_Scarlett|x86.ActiveCfg = Release|Win32
		{371B9FA9-4C90-4AC6-A123-ACED756D6C77}.Release_Scarlett|x86.Build.0 = Release|Win32
		{371B9FA9-4C90-4AC6-A123-ACED756D6C77}.Release|ARM64.ActiveCfg = Release|x64
		{371B9FA9-4C90-4AC6-A123-ACED756D6C77}.Release|ARM64.Build.0 = Release|x64
		{371B9FA9-4C90-4AC6-A123-ACED756D6C77}.Release|Gaming.Desktop.x64.ActiveCfg = Release|x64
		{371B9FA9-4C90-4AC6-A123-ACED756D6C77}.Release|Gaming.Desktop.x64.Build.0 = Release|x64
		{371B9FA9-4C90-4AC6-A123-ACED756D6C77}.Release|Gaming.Xbox.Scarlett.x64.ActiveCfg = Release|x64
		{371B9FA9-4C90-4AC6-A123-ACED756D6C77}.Release|Gaming.Xbox.Scarlett.x64.Build.0 = Release|x64
		{371B9FA9-4C90-4AC6-A123-ACED756D6C77}.Release|Gaming.Xbox.XboxOne.x64.ActiveCfg = Release|x64
		{371B9FA9-4C90-4AC6-A123-ACED756D6C77}.Release|Gaming.Xbox.XboxOne.x64.Build.0 = Release|x64
		{371B9FA9-4C90-4AC6-A123-ACED756D6C77}.Release|x64.ActiveCfg = Release|x64
		{371B9FA9-4C90-4AC6-A123-ACED756D6C77}.Release|x64.Build.0 = Release|x64
		{371B9FA9-4C90-4AC6-A123-ACED756D6C77}.Release|x86.ActiveCfg = Release|Win32
		{371B9FA9-4C90-4AC6-A123-ACED756D6C77}.Release|x86.Build.0 = Release|Win32
		{371B9FA9-4C90-4AC6-A123-ACED756D6C77}.RelWithDebInfo|ARM64.ActiveCfg = Release|x64
		{371B9FA9-4C90-4AC6-A123-ACED756D6C77}.RelWithDebInfo|ARM64.Build.0 = Release|x64
		{371B9FA9-4C90-4AC6-A123-ACED756D6C77}.RelWithDebInfo|Gaming.Desktop.x64.ActiveCfg = Release|x64
		{371B9FA9-4C90-4AC6-A123-ACED756D6C77}.RelWithDebInfo|Gaming.Desktop.x64.Build.0 = Release|x64
		{371B9FA9-4C90-4AC6-A123-ACED756D6C77}.RelWithDebInfo|Gaming.Xbox.Scarlett.x64.ActiveCfg = Release|x64
		{371B9FA9-4C90-4AC6-A123-ACED756D6C77}.RelWithDebInfo|Gaming.Xbox.Scarlett.x64.Build.0 = Release|x64
		{371B9FA9-4C90-4AC6-A123-ACED756D6C77}.RelWithDebInfo|Gaming.Xbox.XboxOne.x64.ActiveCfg = Release|x64
		{371B9FA9-4C90-4AC6-A123-ACED756D6C77}.RelWithDebInfo|Gaming.Xbox.XboxOne.x64.Build.0 = Release|x64
		{371B9FA9-4C90-4AC6-A123-ACED756D6C77}.RelWithDebInfo|x64.ActiveCfg = Release|x64
		{371B9FA9-4C90-4AC6-A123-ACED756D6C77}.RelWithDebInfo|x64.Build.0 = Release|x64
		{371B9FA9-4C90-4AC6-A123-ACED756D6C77}.RelWithDebInfo|x86.ActiveCfg = Release|Win32
		{371B9FA9-4C90-4AC6-A123-ACED756D6C77}.RelWithDebInfo|x86.Build.0 = Release|Win32
		{E954E9CF-5DC1-44EB-A1B6-A7CB7C26A480}.Debug_Scarlett|ARM64.ActiveCfg = Debug|x64
		{E954E9CF-5DC1-44EB-A1B6-A7CB7C26A480}.Debug_Scarlett|ARM64.Build.0 = Debug|x64
		{E954E9CF-5DC1-44EB-A1B6-A7CB7C26A480}.Debug_Scarlett|Gaming.Desktop.x64.ActiveCfg = Debug|x64
		{E954E9CF-5DC1-44EB-A1B6-A7CB7C26A480}.Debug_Scarlett|Gaming.Desktop.x64.Build.0 = Debug|x64
		{E954E9CF-5DC1-44EB-A1B6-A7CB7C26A480}.Debug_Scarlett|Gaming.Xbox.Scarlett.x64.ActiveCfg = Debug|x64
		{E954E9CF-5DC1-44EB-A1B6-A7CB7C26A480}.Debug_Scarlett|Gaming.Xbox.Scarlett.x64.Build.0 = Debug|x64
		{E954E9CF-5DC1-44EB-A1B6-A7CB7C26A480}.Debug_Scarlett|Gaming.Xbox.XboxOne.x64.ActiveCfg = Debug|x64
		{E954E9CF-5DC1-44EB-A1B6-A7CB7C26A480}.Debug_Scarlett|Gaming.Xbox.XboxOne.x64.Build.0 = Debug|x64
		{E954E9CF-5DC1-44EB-A1B6-A7CB7C26A480}.Debug_Scarlett|x64.ActiveCfg = Debug|x64
		{E954E9CF-5DC1-44EB-A1B6-A7CB7C26A480}.Debug_Scarlett|x64.Build.0 = Debug|x64
		{E954E9CF-5DC1-44EB-A1B6-A7CB7C26A480}.Debug_Scarlett|x86.ActiveCfg = Debug|Win32
		{E954E9CF-5DC1-44EB-A1B6-A7CB7C26A480}.Debug_Scarlett|x86.Build.0 = Debug|Win32
		{E954E9CF-5DC1-44EB-A1B6-A7CB7C26A480}.Debug|ARM64.ActiveCfg = Debug|x64
		{E954E9CF-5DC1-44EB-A1B6-A7CB7C26A480}.Debug|ARM64.Build.0 = Debug|x64
		{E954E9CF-5DC1-44EB-A1B6-A7CB7C26A480}.Debug|Gaming.Desktop.x64.ActiveCfg = Debug|x64
		{E954E9CF-5DC1-44EB-A1B6-A7CB7C26A480}.Debug|Gaming.Desktop.x64.Build.0 = Debug|x64
		{E954E9CF-5DC1-44EB-A1B6-A7CB7C26A480}.Debug|Gaming.Xbox.Scarlett.x64.ActiveCfg = Debug|x64
		{E954E9CF-5DC1-44EB-A1B6-A7CB7C26A480}.Debug|Gaming.Xbox.Scarlett.x64.Build.0 = Debug|x64
		{E954E9CF-5DC1-44EB-A1B6-A7CB7C26A480}.Debug|Gaming.Xbox.XboxOne.x64.ActiveCfg = Debug|x64
		{E954E9CF-5DC1-44EB-A1B6-A7CB7C26A480}.Debug|Gaming.Xbox.XboxOne.x64.Build.0 = Debug|x64
		{E954E9CF-5DC1-44EB-A1B6-A7CB7C26A480}.Debug|x64.ActiveCfg = Debug|x64
		{E954E9CF-5DC1-44EB-A1B6-A7CB7C26A480}.Debug|x64.Build.0 = Debug|x64
		{E954E9CF-5DC1-44EB-A1B6-A7CB7C26A480}.Debug|x86.ActiveCfg = Debug|Win32
		{E954E9CF-5DC1-44EB-A1B6-A7CB7C26A480}.Debug|x86.Build.0 = Debug|Win32
		{E954E9CF-5DC1-44EB-A1B6-A7CB7C26A480}.MinSizeRel|ARM64.ActiveCfg = Debug|x64
		{E954E9CF-5DC1-44EB-A1B6-A7CB7C26A480}.MinSizeRel|ARM64.Build.0 = Debug|x64
		{E954E9CF-5DC1-44EB-A1B6-A7CB7C26A480}.MinSizeRel|Gaming.Desktop.x64.ActiveCfg = Debug|x64
		{E954E9CF-5DC1-44EB-A1B6-A7CB7C26A480}.MinSizeRel|Gaming.Desktop.x64.Build.0 = Debug|x64
		{E954E9CF-5DC1-44EB-A1B6-A7CB7C26A480}.MinSizeRel|Gaming.Xbox.Scarlett.x64.ActiveCfg = Debug|x64
		{E954E9CF-5DC1-44EB-A1B6-A7CB7C26A480}.MinSizeRel|Gaming.Xbox.Scarlett.x64.Build.0 = Debug|x64
		{E954E9CF-5DC1-44EB-A1B6-A7CB7C26A480}.MinSizeRel|Gaming.Xbox.XboxOne.x64.ActiveCfg = Debug|x64
		{E954E9CF-5DC1-44EB-A1B6-A7CB7C26A480}.MinSizeRel|Gaming.Xbox.XboxOne.x64.Build.0 = Debug|x64
		{E954E9CF-5DC1-44EB-A1B6-A7CB7C26A480}.MinSizeRel|x64.ActiveCfg = Debug|x64
		{E954E9CF-5DC1-44EB-A1B6-A7CB7C26A480}.MinSizeRel|x64.Build.0 = Debug|x64
		{E954E9CF-5DC1-44EB-A1B6-A7CB7C26A480}.MinSizeRel|x86.ActiveCfg = Debug|Win32
		{E954E9CF-5DC1-44EB-A1B6-A7CB7C26A480}.MinSizeRel|x86.Build.0 = Debug|Win32
		{E954E9CF-5DC1-44EB-A1B6-A7CB7C26A480}.Profile|ARM64.ActiveCfg = Debug|x64
		{E954E9CF-5DC1-44EB-A1B6-A7CB7C26A480}.Profile|ARM64.Build.0 = Debug|x64
		{E954E9CF-5DC1-44EB-A1B6-A7CB7C26A480}.Profile|Gaming.Desktop.x64.ActiveCfg = Debug|x64
		{E954E9CF-5DC1-44EB-A1B6-A7CB7C26A480}.Profile|Gaming.Desktop.x64.Build.0 = Debug|x64
		{E954E9CF-5DC1-44EB-A1B6-A7CB7C26A480}.Profile|Gaming.Xbox.Scarlett.x64.ActiveCfg = Debug|x64
		{E954E9CF-5DC1-44EB-A1B6-A7CB7C26A480}.Profile|Gaming.Xbox.Scarlett.x64.Build.0 = Debug|x64
		{E954E9CF-5DC1-44EB-A1B6-A7CB7C26A480}.Profile|Gaming.Xbox.XboxOne.x64.ActiveCfg = Debug|x64
		{E954E9CF-5DC1-44EB-A1B6-A7CB7C26A480}.Profile|Gaming.Xbox.XboxOne.x64.Build.0 = Debug|x64
		{E954E9CF-5DC1-44EB-A1B6-A7CB7C26A480}.Profile|x64.ActiveCfg = Debug|x64
		{E954E9CF-5DC1-44EB-A1B6-A7CB7C26A480}.Profile|x64.Build.0 = Debug|x64
		{E954E9CF-5DC1-44EB-A1B6-A7CB7C26A480}.Profile|x86.ActiveCfg = Debug|Win32
		{E954E9CF-5DC1-44EB-A1B6-A7CB7C26A480}.Profile|x86.Build.0 = Debug|Win32
		{E954E9CF-5DC1-44EB-A1B6-A7CB7C26A480}.Release_Scarlett|ARM64.ActiveCfg = Release|x64
		{E954E9CF-5DC1-44EB-A1B6-A7CB7C26A480}.Release_Scarlett|ARM64.Build.0 = Release|x64
		{E954E9CF-5DC1-44EB-A1B6-A7CB7C26A480}.Release_Scarlett|Gaming.Desktop.x64.ActiveCfg = Release|x64
		{E954E9CF-5DC1-44EB-A1B6-A7CB7C26A480}.Release_Scarlett|Gaming.Desktop.x64.Build.0 = Release|x64
		{E954E9CF-5DC1-44EB-A1B6-A7CB7C26A480}.Release_Scarlett|Gaming.Xbox.Scarlett.x64.ActiveCfg = Release|x64
		{E954E9CF-5DC1-44EB-A1B6-A7CB7C26A480}.Release_Scarlett|Gaming.Xbox.Scarlett.x64.Build.0 = Release|x64
		{E954E9CF-5DC1-44EB-A1B6-A7CB7C26A480}.Release_Scarlett|Gaming.Xbox.XboxOne.x64.ActiveCfg = Release|x64
		{E954E9CF-5DC1-44EB-A1B6-A7CB7C26A480}.Release_Scarlett|Gaming.Xbox.XboxOne.x64.Build.0 = Release|x64
		{E954E9CF-5DC1-44EB-A1B6-A7CB7C26A480}.Release_Scarlett|x64.ActiveCfg = Release|x64
		{E954E9CF-5DC1-44EB-A1B6-A7CB7C26A480}.Release_Scarlett|x64.Build.0 = Release|x64
		{E954E9CF-5DC1-44EB-A1B6-A7CB7C26A480}.Release_Scarlett|x86.ActiveCfg = Release|Win32
		{E954E9CF-5DC1-44EB-A1B6-A7CB7C26A480}.Release_Scarlett|x86.Build.0 = Release|Win32
		{E954E9CF-5DC1-44EB-A1B6-A7CB7C26A480}.Release|ARM64.ActiveCfg = Release|x64
		{E954E9CF-5DC1-44EB-A1B6-A7CB7C26A480}.Release|ARM64.Build.0 = Release|x64
		{E954E9CF-5DC1-44EB-A1B6-A7CB7C26A480}.Release|Gaming.Desktop.x64.ActiveCfg = Release|x64
		{E954E9CF-5DC1-44EB-A1B6-A7CB7C26A480}.Release|Gaming.Desktop.x64.Build.0 = Release|x64
		{E954E9CF-5DC1-44EB-A1B6-A7CB7C26A480}.Release|Gaming.Xbox.Scarlett.x64.ActiveCfg = Release|x64
		{E954E9CF-5DC1-44EB-A1B6-A7CB7C26A480}.Release|Gaming.Xbox.Scarlett.x64.Build.0 = Release|x64
		{E954E9CF-5DC1-44EB-A1B6-A7CB7C26A480}.Release|Gaming.Xbox.XboxOne.x64.ActiveCfg = Release|x64
		{E954E9CF-5DC1-44EB-A1B6-A7CB7C26A480}.Release|Gaming.Xbox.XboxOne.x64.Build.0 = Release|x64
		{E954E9CF-5DC1-44EB-A1B6-A7CB7C26A480}.Release|x64.ActiveCfg = Release|x64
		{E954E9CF-5DC1-44EB-A1B6-A7CB7C26A480}.Release|x64.Build.0 = Release|x64
		{E954E9CF-5DC1-44EB-A1B6-A7CB7C26A480}.Release|x86.ActiveCfg = Release|Win32
		{E954E9CF-5DC1-44EB-A1B6-A7CB7C26A480}.Release|x86.Build.0 = Release|Win32
		{E954E9CF-5DC1-44EB-A1B6-A7CB7C26A480}.RelWithDebInfo|ARM64.ActiveCfg = Release|x64
		{E954E9CF-5DC1-44EB-A1B6-A7CB7C26A480}.RelWithDebInfo|ARM64.Build.0 = Release|x64
		{E954E9CF-5DC1-44EB-A1B6-A7CB7C26A480}.RelWithDebInfo|Gaming.Desktop.x64.ActiveCfg = Release|x64
		{E954E9CF-5DC1-44EB-A1B6-A7CB7C26A480}.RelWithDebInfo|Gaming.Desktop.x64.Build.0 = Release|x64
		{E954E9CF-5DC1-44EB-A1B6-A7CB7C26A480}.RelWithDebInfo|Gaming.Xbox.Scarlett.x64.ActiveCfg = Release|x64
		{E954E9CF-5DC1-44EB-A1B6-A7CB7C26A480}.RelWithDebInfo|Gaming.Xbox.Scarlett.x64.Build.0 = Release|x64
		{E954E9CF-5DC1-44EB-A1B6-A7CB7C26A480}.RelWithDebInfo|Gaming.Xbox.XboxOne.x64.ActiveCfg = Release|x64
		{E954E9CF-5DC1-44EB-A1B6-A7CB7C26A480}.RelWithDebInfo|Gaming.Xbox.XboxOne.x64.Build.0 = Release|x64
		{E954E9CF-5DC1-44EB-A1B6-A7CB7C26A480}.RelWithDebInfo|x64.ActiveCfg = Release|x64
		{E954E9CF-5DC1-44EB-A1B6-A7CB7C26A480}.RelWithDebInfo|x64.Build.0 = Release|x64
		{E954E9CF-5DC1-44EB-A1B6-A7CB7C26A480}.RelWithDebInfo|x86.ActiveCfg = Release|Win32
		{E954E9CF-5DC1-44EB-A1B6-A7CB7C26A480}.RelWithDebInfo|x86.Build.0 = Release|Win32
		{D10CF95D-5A5E-3448-8463-9B58392668C6}.Debug_Scarlett|ARM64.ActiveCfg = MinSizeRel|x64
		{D10CF95D-5A5E-3448-8463-9B58392668C6}.Debug_Scarlett|ARM64.Build.0 = MinSizeRel|x64
		{D10CF95D-5A5E-3448-8463-9B58392668C6}.Debug_Scarlett|Gaming.Desktop.x64.ActiveCfg = MinSizeRel|x64
		{D10CF95D-5A5E-3448-8463-9B58392668C6}.Debug_Scarlett|Gaming.Desktop.x64.Build.0 = MinSizeRel|x64
		{D10CF95D-5A5E-3448-8463-9B58392668C6}.Debug_Scarlett|Gaming.Xbox.Scarlett.x64.ActiveCfg = MinSizeRel|x64
		{D10CF95D-5A5E-3448-8463-9B58392668C6}.Debug_Scarlett|Gaming.Xbox.Scarlett.x64.Build.0 = MinSizeRel|x64
		{D10CF95D-5A5E-3448-8463-9B58392668C6}.Debug_Scarlett|Gaming.Xbox.XboxOne.x64.ActiveCfg = MinSizeRel|x64
		{D10CF95D-5A5E-3448-8463-9B58392668C6}.Debug_Scarlett|Gaming.Xbox.XboxOne.x64.Build.0 = MinSizeRel|x64
		{D10CF95D-5A5E-3448-8463-9B58392668C6}.Debug_Scarlett|x64.ActiveCfg = MinSizeRel|x64
		{D10CF95D-5A5E-3448-8463-9B58392668C6}.Debug_Scarlett|x64.Build.0 = MinSizeRel|x64
		{D10CF95D-5A5E-3448-8463-9B58392668C6}.Debug_Scarlett|x86.ActiveCfg = MinSizeRel|x64
		{D10CF95D-5A5E-3448-8463-9B58392668C6}.Debug_Scarlett|x86.Build.0 = MinSizeRel|x64
		{D10CF95D-5A5E-3448-8463-9B58392668C6}.Debug|ARM64.ActiveCfg = Debug|x64
		{D10CF95D-5A5E-3448-8463-9B58392668C6}.Debug|ARM64.Build.0 = Debug|x64
		{D10CF95D-5A5E-3448-8463-9B58392668C6}.Debug|Gaming.Desktop.x64.ActiveCfg = Debug|x64
		{D10CF95D-5A5E-3448-8463-9B58392668C6}.Debug|Gaming.Desktop.x64.Build.0 = Debug|x64
		{D10CF95D-5A5E-3448-8463-9B58392668C6}.Debug|Gaming.Xbox.Scarlett.x64.ActiveCfg = Debug|x64
		{D10CF95D-5A5E-3448-8463-9B58392668C6}.Debug|Gaming.Xbox.Scarlett.x64.Build.0 = Debug|x64
		{D10CF95D-5A5E-3448-8463-9B58392668C6}.Debug|Gaming.Xbox.XboxOne.x64.ActiveCfg = Debug|x64
		{D10CF95D-5A5E-3448-8463-9B58392668C6}.Debug|Gaming.Xbox.XboxOne.x64.Build.0 = Debug|x64
		{D10CF95D-5A5E-3448-8463-9B58392668C6}.Debug|x64.ActiveCfg = Debug|x64
		{D10CF95D-5A5E-3448-8463-9B58392668C6}.Debug|x64.Build.0 = Debug|x64
		{D10CF95D-5A5E-3448-8463-9B58392668C6}.Debug|x86.ActiveCfg = Debug|x64
		{D10CF95D-5A5E-3448-8463-9B58392668C6}.Debug|x86.Build.0 = Debug|x64
		{D10CF95D-5A5E-3448-8463-9B58392668C6}.MinSizeRel|ARM64.ActiveCfg = MinSizeRel|x64
		{D10CF95D-5A5E-3448-8463-9B58392668C6}.MinSizeRel|ARM64.Build.0 = MinSizeRel|x64
		{D10CF95D-5A5E-3448-8463-9B58392668C6}.MinSizeRel|Gaming.Desktop.x64.ActiveCfg = MinSizeRel|x64
		{D10CF95D-5A5E-3448-8463-9B58392668C6}.MinSizeRel|Gaming.Desktop.x64.Build.0 = MinSizeRel|x64
		{D10CF95D-5A5E-3448-8463-9B58392668C6}.MinSizeRel|Gaming.Xbox.Scarlett.x64.ActiveCfg = MinSizeRel|x64
		{D10CF95D-5A5E-3448-8463-9B58392668C6}.MinSizeRel|Gaming.Xbox.Scarlett.x64.Build.0 = MinSizeRel|x64
		{D10CF95D-5A5E-3448-8463-9B58392668C6}.MinSizeRel|Gaming.Xbox.XboxOne.x64.ActiveCfg = MinSizeRel|x64
		{D10CF95D-5A5E-3448-8463-9B58392668C6}.MinSizeRel|Gaming.Xbox.XboxOne.x64.Build.0 = MinSizeRel|x64
		{D10CF95D-5A5E-3448-8463-9B58392668C6}.MinSizeRel|x64.ActiveCfg = MinSizeRel|x64
		{D10CF95D-5A5E-3448-8463-9B58392668C6}.MinSizeRel|x64.Build.0 = MinSizeRel|x64
		{D10CF95D-5A5E-3448-8463-9B58392668C6}.MinSizeRel|x86.ActiveCfg = MinSizeRel|x64
		{D10CF95D-5A5E-3448-8463-9B58392668C6}.MinSizeRel|x86.Build.0 = MinSizeRel|x64
		{D10CF95D-5A5E-3448-8463-9B58392668C6}.Profile|ARM64.ActiveCfg = Release|x64
		{D10CF95D-5A5E-3448-8463-9B58392668C6}.Profile|ARM64.Build.0 = Release|x64
		{D10CF95D-5A5E-3448-8463-9B58392668C6}.Profile|Gaming.Desktop.x64.ActiveCfg = Release|x64
		{D10CF95D-5A5E-3448-8463-9B58392668C6}.Profile|Gaming.Desktop.x64.Build.0 = Release|x64
		{D10CF95D-5A5E-3448-8463-9B58392668C6}.Profile|Gaming.Xbox.Scarlett.x64.ActiveCfg = Release|x64
		{D10CF95D-5A5E-3448-8463-9B58392668C6}.Profile|Gaming.Xbox.Scarlett.x64.Build.0 = Release|x64
		{D10CF95D-5A5E-3448-8463-9B58392668C6}.Profile|Gaming.Xbox.XboxOne.x64.ActiveCfg = Release|x64
		{D10CF95D-5A5E-3448-8463-9B58392668C6}.Profile|Gaming.Xbox.XboxOne.x64.Build.0 = Release|x64
		{D10CF95D-5A5E-3448-8463-9B58392668C6}.Profile|x64.ActiveCfg = Release|x64
		{D10CF95D-5A5E-3448-8463-9B58392668C6}.Profile|x64.Build.0 = Release|x64
		{D10CF95D-5A5E-3448-8463-9B58392668C6}.Profile|x86.ActiveCfg = Release|x64
		{D10CF95D-5A5E-3448-8463-9B58392668C6}.Profile|x86.Build.0 = Release|x64
		{D10CF95D-5A5E-3448-8463-9B58392668C6}.Release_Scarlett|ARM64.ActiveCfg = Release|x64
		{D10CF95D-5A5E-3448-8463-9B58392668C6}.Release_Scarlett|ARM64.Build.0 = Release|x64
		{D10CF95D-5A5E-3448-8463-9B58392668C6}.Release_Scarlett|Gaming.Desktop.x64.ActiveCfg = Release|x64
		{D10CF95D-5A5E-3448-8463-9B58392668C6}.Release_Scarlett|Gaming.Desktop.x64.Build.0 = Release|x64
		{D10CF95D-5A5E-3448-8463-9B58392668C6}.Release_Scarlett|Gaming.Xbox.Scarlett.x64.ActiveCfg = Release|x64
		{D10CF95D-5A5E-3448-8463-9B58392668C6}.Release_Scarlett|Gaming.Xbox.Scarlett.x64.Build.0 = Release|x64
		{D10CF95D-5A5E-3448-8463-9B58392668C6}.Release_Scarlett|Gaming.Xbox.XboxOne.x64.ActiveCfg = Release|x64
		{D10CF95D-5A5E-3448-8463-9B58392668C6}.Release_Scarlett|Gaming.Xbox.XboxOne.x64.Build.0 = Release|x64
		{D10CF95D-5A5E-3448-8463-9B58392668C6}.Release_Scarlett|x64.ActiveCfg = Release|x64
		{D10CF95D-5A5E-3448-8463-9B58392668C6}.Release_Scarlett|x64.Build.0 = Release|x64
		{D10CF95D-5A5E-3448-8463-9B58392668C6}.Release_Scarlett|x86.ActiveCfg = Release|x64
		{D10CF95D-5A5E-3448-8463-9B58392668C6}.Release_Scarlett|x86.Build.0 = Release|x64
		{D10CF95D-5A5E-3448-8463-9B58392668C6}.Release|ARM64.ActiveCfg = Release|x64
		{D10CF95D-5A5E-3448-8463-9B58392668C6}.Release|ARM64.Build.0 = Release|x64
		{D10CF95D-5A5E-3448-8463-9B58392668C6}.Release|Gaming.Desktop.x64.ActiveCfg = Release|x64
		{D10CF95D-5A5E-3448-8463-9B58392668C6}.Release|Gaming.Desktop.x64.Build.0 = Release|x64
		{D10CF95D-5A5E-3448-8463-9B58392668C6}.Release|Gaming.Xbox.Scarlett.x64.ActiveCfg = Release|x64
		{D10CF95D-5A5E-3448-8463-9B58392668C6}.Release|Gaming.Xbox.Scarlett.x64.Build.0 = Release|x64
		{D10CF95D-5A5E-3448-8463-9B58392668C6}.Release|Gaming.Xbox.XboxOne.x64.ActiveCfg = Release|x64
		{D10CF95D-5A5E-3448-8463-9B58392668C6}.Release|Gaming.Xbox.XboxOne.x64.Build.0 = Release|x64
		{D10CF95D-5A5E-3448-8463-9B58392668C6}.Release|x64.ActiveCfg = Release|x64
		{D10CF95D-5A5E-3448-8463-9B58392668C6}.Release|x64.Build.0 = Release|x64
		{D10CF95D-5A5E-3448-8463-9B58392668C6}.Release|x86.ActiveCfg = Release|x64
		{D10CF95D-5A5E-3448-8463-9B58392668C6}.Release|x86.Build.0 = Release|x64
		{D10CF95D-5A5E-3448-8463-9B58392668C6}.RelWithDebInfo|ARM64.ActiveCfg = RelWithDebInfo|x64
		{D10CF95D-5A5E-3448-8463-9B58392668C6}.RelWithDebInfo|ARM64.Build.0 = RelWithDebInfo|x64
		{D10CF95D-5A5E-3448-8463-9B58392668C6}.RelWithDebInfo|Gaming.Desktop.x64.ActiveCfg = RelWithDebInfo|x64
		{D10CF95D-5A5E-3448-8463-9B58392668C6}.RelWithDebInfo|Gaming.Desktop.x64.Build.0 = RelWithDebInfo|x64
		{D10CF95D-5A5E-3448-8463-9B58392668C6}.RelWithDebInfo|Gaming.Xbox.Scarlett.x64.ActiveCfg = RelWithDebInfo|x64
		{D10CF95D-5A5E-3448-8463-9B58392668C6}.RelWithDebInfo|Gaming.Xbox.Scarlett.x64.Build.0 = RelWithDebInfo|x64
		{D10CF95D-5A5E-3448-8463-9B58392668C6}.RelWithDebInfo|Gaming.Xbox.XboxOne.x64.ActiveCfg = RelWithDebInfo|x64
		{D10CF95D-5A5E-3448-8463-9B58392668C6}.RelWithDebInfo|Gaming.Xbox.XboxOne.x64.Build.0 = RelWithDebInfo|x64
		{D10CF95D-5A5E-3448-8463-9B58392668C6}.RelWithDebInfo|x64.ActiveCfg = RelWithDebInfo|x64
		{D10CF95D-5A5E-3448-8463-9B58392668C6}.RelWithDebInfo|x64.Build.0 = RelWithDebInfo|x64
		{D10CF95D-5A5E-3448-8463-9B58392668C6}.RelWithDebInfo|x86.ActiveCfg = RelWithDebInfo|x64
		{D10CF95D-5A5E-3448-8463-9B58392668C6}.RelWithDebInfo|x86.Build.0 = RelWithDebInfo|x64
	EndGlobalSection
	GlobalSection(SolutionProperties) = preSolution
		HideSolutionNode = FALSE
	EndGlobalSection
	GlobalSection(NestedProjects) = preSolution
		{AF2A6BA6-7202-4E53-9641-47BD2616A820} = {61A13A80-6486-4DA1-9074-7A24B8CC9E6B}
		{3E0E8608-CD9B-4C76-AF33-29CA38F2C9F0} = {9960AF86-CCBB-4324-82E0-49620964CD78}
		{9BC34182-08C8-40A3-AD6A-A5E1687E49C3} = {61A13A80-6486-4DA1-9074-7A24B8CC9E6B}
		{7C0DE6EF-E755-33B1-AE45-B557C14493B8} = {9960AF86-CCBB-4324-82E0-49620964CD78}
		{4C46E124-26B4-358B-AD76-B5617D4B390D} = {9960AF86-CCBB-4324-82E0-49620964CD78}
		{371B9FA9-4C90-4AC6-A123-ACED756D6C77} = {9960AF86-CCBB-4324-82E0-49620964CD78}
		{E954E9CF-5DC1-44EB-A1B6-A7CB7C26A480} = {61A13A80-6486-4DA1-9074-7A24B8CC9E6B}
		{D10CF95D-5A5E-3448-8463-9B58392668C6} = {9960AF86-CCBB-4324-82E0-49620964CD78}
	EndGlobalSection
	GlobalSection(ExtensibilityGlobals) = postSolution
		SolutionGuid = {E0B7ECCB-9A1D-4540-B0EE-8B60ABF77603}
	EndGlobalSection
EndGlobal
