
Microsoft Visual Studio Solution File, Format Version 12.00
# Visual Studio Version 17
VisualStudioVersion = 17.10.35013.160
MinimumVisualStudioVersion = 10.0.40219.1
Project("{8BC9CEB8-8B4A-11D0-8D11-00A0C91BC942}") = "Blainnflare", "Blainn\Blainnflare.vcxproj", "{D7827957-E617-40AB-8265-3A8989CE9BA1}"
	ProjectSection(ProjectDependencies) = postProject
		{3E0E8608-CD9B-4C76-AF33-29CA38F2C9F0} = {3E0E8608-CD9B-4C76-AF33-29CA38F2C9F0}
		{606364C8-2338-31D9-95A8-9FBBC3BA4DB1} = {606364C8-2338-31D9-95A8-9FBBC3BA4DB1}
		{8A630232-D832-3544-9C75-2218C9A401A1} = {8A630232-D832-3544-9C75-2218C9A401A1}
	EndProjectSection
EndProject
Project("{2150E333-8FDC-42A3-9474-1A3956D46DE8}") = "Dependencies", "Dependencies", "{9960AF86-CCBB-4324-82E0-49620964CD78}"
EndProject
Project("{2150E333-8FDC-42A3-9474-1A3956D46DE8}") = "Games", "Games", "{61A13A80-6486-4DA1-9074-7A24B8CC9E6B}"
EndProject
Project("{8BC9CEB8-8B4A-11D0-8D11-00A0C91BC942}") = "Pong", "Games\Pong\Pong.vcxproj", "{AF2A6BA6-7202-4E53-9641-47BD2616A820}"
	ProjectSection(ProjectDependencies) = postProject
		{3E0E8608-CD9B-4C76-AF33-29CA38F2C9F0} = {3E0E8608-CD9B-4C76-AF33-29CA38F2C9F0}
		{D7827957-E617-40AB-8265-3A8989CE9BA1} = {D7827957-E617-40AB-8265-3A8989CE9BA1}
	EndProjectSection
EndProject
Project("{8BC9CEB8-8B4A-11D0-8D11-00A0C91BC942}") = "DirectXTK12", "Dependencies\DXTK\DirectXTK_Desktop_2022_Win10.vcxproj", "{3E0E8608-CD9B-4C76-AF33-29CA38F2C9F0}"
EndProject
Project("{8BC9CEB8-8B4A-11D0-8D11-00A0C91BC942}") = "SolarSystem", "Games\SolarSystem\SolarSystem.vcxproj", "{9BC34182-08C8-40A3-AD6A-A5E1687E49C3}"
	ProjectSection(ProjectDependencies) = postProject
		{3E0E8608-CD9B-4C76-AF33-29CA38F2C9F0} = {3E0E8608-CD9B-4C76-AF33-29CA38F2C9F0}
		{D7827957-E617-40AB-8265-3A8989CE9BA1} = {D7827957-E617-40AB-8265-3A8989CE9BA1}
	EndProjectSection
EndProject
Project("{8BC9CEB8-8B4A-11D0-8D11-00A0C91BC942}") = "assimp", "Dependencies\assimp\code\assimp.vcxproj", "{606364C8-2338-31D9-95A8-9FBBC3BA4DB1}"
EndProject
Project("{8BC9CEB8-8B4A-11D0-8D11-00A0C91BC942}") = "Katamari", "Games\Katamari\Katamari.vcxproj", "{E954E9CF-5DC1-44EB-A1B6-A7CB7C26A480}"
	ProjectSection(ProjectDependencies) = postProject
		{3E0E8608-CD9B-4C76-AF33-29CA38F2C9F0} = {3E0E8608-CD9B-4C76-AF33-29CA38F2C9F0}
		{606364C8-2338-31D9-95A8-9FBBC3BA4DB1} = {606364C8-2338-31D9-95A8-9FBBC3BA4DB1}
		{D7827957-E617-40AB-8265-3A8989CE9BA1} = {D7827957-E617-40AB-8265-3A8989CE9BA1}
	EndProjectSection
EndProject
Project("{8BC9CEB8-8B4A-11D0-8D11-00A0C91BC942}") = "DX12Lib", "Dependencies\LearningDX12\build_vs2022\DX12Lib\DX12Lib.vcxproj", "{8A630232-D832-3544-9C75-2218C9A401A1}"
EndProject
Global
	GlobalSection(SolutionConfigurationPlatforms) = preSolution
		Debug_Scarlett|ARM64 = Debug_Scarlett|ARM64
		Debug_Scarlett|Gaming.Desktop.x64 = Debug_Scarlett|Gaming.Desktop.x64
		Debug_Scarlett|Gaming.Xbox.Scarlett.x64 = Debug_Scarlett|Gaming.Xbox.Scarlett.x64
		Debug_Scarlett|Gaming.Xbox.XboxOne.x64 = Debug_Scarlett|Gaming.Xbox.XboxOne.x64
		Debug_Scarlett|x64 = Debug_Scarlett|x64
		Debug_Scarlett|x86 = Debug_Scarlett|x86
		Debug|ARM64 = Debug|ARM64
		Debug|Gaming.Desktop.x64 = Debug|Gaming.Desktop.x64
		Debug|Gaming.Xbox.Scarlett.x64 = Debug|Gaming.Xbox.Scarlett.x64
		Debug|Gaming.Xbox.XboxOne.x64 = Debug|Gaming.Xbox.XboxOne.x64
		Debug|x64 = Debug|x64
		Debug|x86 = Debug|x86
		MinSizeRel|ARM64 = MinSizeRel|ARM64
		MinSizeRel|Gaming.Desktop.x64 = MinSizeRel|Gaming.Desktop.x64
		MinSizeRel|Gaming.Xbox.Scarlett.x64 = MinSizeRel|Gaming.Xbox.Scarlett.x64
		MinSizeRel|Gaming.Xbox.XboxOne.x64 = MinSizeRel|Gaming.Xbox.XboxOne.x64
		MinSizeRel|x64 = MinSizeRel|x64
		MinSizeRel|x86 = MinSizeRel|x86
		Profile|ARM64 = Profile|ARM64
		Profile|Gaming.Desktop.x64 = Profile|Gaming.Desktop.x64
		Profile|Gaming.Xbox.Scarlett.x64 = Profile|Gaming.Xbox.Scarlett.x64
		Profile|Gaming.Xbox.XboxOne.x64 = Profile|Gaming.Xbox.XboxOne.x64
		Profile|x64 = Profile|x64
		Profile|x86 = Profile|x86
		Release_Scarlett|ARM64 = Release_Scarlett|ARM64
		Release_Scarlett|Gaming.Desktop.x64 = Release_Scarlett|Gaming.Desktop.x64
		Release_Scarlett|Gaming.Xbox.Scarlett.x64 = Release_Scarlett|Gaming.Xbox.Scarlett.x64
		Release_Scarlett|Gaming.Xbox.XboxOne.x64 = Release_Scarlett|Gaming.Xbox.XboxOne.x64
		Release_Scarlett|x64 = Release_Scarlett|x64
		Release_Scarlett|x86 = Release_Scarlett|x86
		Release|ARM64 = Release|ARM64
		Release|Gaming.Desktop.x64 = Release|Gaming.Desktop.x64
		Release|Gaming.Xbox.Scarlett.x64 = Release|Gaming.Xbox.Scarlett.x64
		Release|Gaming.Xbox.XboxOne.x64 = Release|Gaming.Xbox.XboxOne.x64
		Release|x64 = Release|x64
		Release|x86 = Release|x86
		RelWithDebInfo|ARM64 = RelWithDebInfo|ARM64
		RelWithDebInfo|Gaming.Desktop.x64 = RelWithDebInfo|Gaming.Desktop.x64
		RelWithDebInfo|Gaming.Xbox.Scarlett.x64 = RelWithDebInfo|Gaming.Xbox.Scarlett.x64
		RelWithDebInfo|Gaming.Xbox.XboxOne.x64 = RelWithDebInfo|Gaming.Xbox.XboxOne.x64
		RelWithDebInfo|x64 = RelWithDebInfo|x64
		RelWithDebInfo|x86 = RelWithDebInfo|x86
	EndGlobalSection
	GlobalSection(ProjectConfigurationPlatforms) = postSolution
		{D7827957-E617-40AB-8265-3A8989CE9BA1}.Debug_Scarlett|ARM64.ActiveCfg = Debug|x64
		{D7827957-E617-40AB-8265-3A8989CE9BA1}.Debug_Scarlett|ARM64.Build.0 = Debug|x64
		{D7827957-E617-40AB-8265-3A8989CE9BA1}.Debug_Scarlett|Gaming.Desktop.x64.ActiveCfg = Debug|x64
		{D7827957-E617-40AB-8265-3A8989CE9BA1}.Debug_Scarlett|Gaming.Desktop.x64.Build.0 = Debug|x64
		{D7827957-E617-40AB-8265-3A8989CE9BA1}.Debug_Scarlett|Gaming.Xbox.Scarlett.x64.ActiveCfg = Debug|x64
		{D7827957-E617-40AB-8265-3A8989CE9BA1}.Debug_Scarlett|Gaming.Xbox.Scarlett.x64.Build.0 = Debug|x64
		{D7827957-E617-40AB-8265-3A8989CE9BA1}.Debug_Scarlett|Gaming.Xbox.XboxOne.x64.ActiveCfg = Debug|x64
		{D7827957-E617-40AB-8265-3A8989CE9BA1}.Debug_Scarlett|Gaming.Xbox.XboxOne.x64.Build.0 = Debug|x64
		{D7827957-E617-40AB-8265-3A8989CE9BA1}.Debug_Scarlett|x64.ActiveCfg = Debug|x64
		{D7827957-E617-40AB-8265-3A8989CE9BA1}.Debug_Scarlett|x64.Build.0 = Debug|x64
		{D7827957-E617-40AB-8265-3A8989CE9BA1}.Debug_Scarlett|x86.ActiveCfg = Debug|Win32
		{D7827957-E617-40AB-8265-3A8989CE9BA1}.Debug_Scarlett|x86.Build.0 = Debug|Win32
		{D7827957-E617-40AB-8265-3A8989CE9BA1}.Debug|ARM64.ActiveCfg = Debug|x64
		{D7827957-E617-40AB-8265-3A8989CE9BA1}.Debug|ARM64.Build.0 = Debug|x64
		{D7827957-E617-40AB-8265-3A8989CE9BA1}.Debug|Gaming.Desktop.x64.ActiveCfg = Debug|x64
		{D7827957-E617-40AB-8265-3A8989CE9BA1}.Debug|Gaming.Desktop.x64.Build.0 = Debug|x64
		{D7827957-E617-40AB-8265-3A8989CE9BA1}.Debug|Gaming.Xbox.Scarlett.x64.ActiveCfg = Debug|x64
		{D7827957-E617-40AB-8265-3A8989CE9BA1}.Debug|Gaming.Xbox.Scarlett.x64.Build.0 = Debug|x64
		{D7827957-E617-40AB-8265-3A8989CE9BA1}.Debug|Gaming.Xbox.XboxOne.x64.ActiveCfg = Debug|x64
		{D7827957-E617-40AB-8265-3A8989CE9BA1}.Debug|Gaming.Xbox.XboxOne.x64.Build.0 = Debug|x64
		{D7827957-E617-40AB-8265-3A8989CE9BA1}.Debug|x64.ActiveCfg = Debug|x64
		{D7827957-E617-40AB-8265-3A8989CE9BA1}.Debug|x64.Build.0 = Debug|x64
		{D7827957-E617-40AB-8265-3A8989CE9BA1}.Debug|x86.ActiveCfg = Debug|Win32
		{D7827957-E617-40AB-8265-3A8989CE9BA1}.Debug|x86.Build.0 = Debug|Win32
		{D7827957-E617-40AB-8265-3A8989CE9BA1}.MinSizeRel|ARM64.ActiveCfg = Release|x64
		{D7827957-E617-40AB-8265-3A8989CE9BA1}.MinSizeRel|ARM64.Build.0 = Release|x64
		{D7827957-E617-40AB-8265-3A8989CE9BA1}.MinSizeRel|Gaming.Desktop.x64.ActiveCfg = Release|x64
		{D7827957-E617-40AB-8265-3A8989CE9BA1}.MinSizeRel|Gaming.Desktop.x64.Build.0 = Release|x64
		{D7827957-E617-40AB-8265-3A8989CE9BA1}.MinSizeRel|Gaming.Xbox.Scarlett.x64.ActiveCfg = Release|x64
		{D7827957-E617-40AB-8265-3A8989CE9BA1}.MinSizeRel|Gaming.Xbox.Scarlett.x64.Build.0 = Release|x64
		{D7827957-E617-40AB-8265-3A8989CE9BA1}.MinSizeRel|Gaming.Xbox.XboxOne.x64.ActiveCfg = Release|x64
		{D7827957-E617-40AB-8265-3A8989CE9BA1}.MinSizeRel|Gaming.Xbox.XboxOne.x64.Build.0 = Release|x64
		{D7827957-E617-40AB-8265-3A8989CE9BA1}.MinSizeRel|x64.ActiveCfg = Release|x64
		{D7827957-E617-40AB-8265-3A8989CE9BA1}.MinSizeRel|x64.Build.0 = Release|x64
		{D7827957-E617-40AB-8265-3A8989CE9BA1}.MinSizeRel|x86.ActiveCfg = Release|Win32
		{D7827957-E617-40AB-8265-3A8989CE9BA1}.MinSizeRel|x86.Build.0 = Release|Win32
		{D7827957-E617-40AB-8265-3A8989CE9BA1}.Profile|ARM64.ActiveCfg = Release|x64
		{D7827957-E617-40AB-8265-3A8989CE9BA1}.Profile|ARM64.Build.0 = Release|x64
		{D7827957-E617-40AB-8265-3A8989CE9BA1}.Profile|Gaming.Desktop.x64.ActiveCfg = Release|x64
		{D7827957-E617-40AB-8265-3A8989CE9BA1}.Profile|Gaming.Desktop.x64.Build.0 = Release|x64
		{D7827957-E617-40AB-8265-3A8989CE9BA1}.Profile|Gaming.Xbox.Scarlett.x64.ActiveCfg = Release|x64
		{D7827957-E617-40AB-8265-3A8989CE9BA1}.Profile|Gaming.Xbox.Scarlett.x64.Build.0 = Release|x64
		{D7827957-E617-40AB-8265-3A8989CE9BA1}.Profile|Gaming.Xbox.XboxOne.x64.ActiveCfg = Release|x64
		{D7827957-E617-40AB-8265-3A8989CE9BA1}.Profile|Gaming.Xbox.XboxOne.x64.Build.0 = Release|x64
		{D7827957-E617-40AB-8265-3A8989CE9BA1}.Profile|x64.ActiveCfg = Release|x64
		{D7827957-E617-40AB-8265-3A8989CE9BA1}.Profile|x64.Build.0 = Release|x64
		{D7827957-E617-40AB-8265-3A8989CE9BA1}.Profile|x86.ActiveCfg = Release|Win32
		{D7827957-E617-40AB-8265-3A8989CE9BA1}.Profile|x86.Build.0 = Release|Win32
		{D7827957-E617-40AB-8265-3A8989CE9BA1}.Release_Scarlett|ARM64.ActiveCfg = Release|x64
		{D7827957-E617-40AB-8265-3A8989CE9BA1}.Release_Scarlett|ARM64.Build.0 = Release|x64
		{D7827957-E617-40AB-8265-3A8989CE9BA1}.Release_Scarlett|Gaming.Desktop.x64.ActiveCfg = Release|x64
		{D7827957-E617-40AB-8265-3A8989CE9BA1}.Release_Scarlett|Gaming.Desktop.x64.Build.0 = Release|x64
		{D7827957-E617-40AB-8265-3A8989CE9BA1}.Release_Scarlett|Gaming.Xbox.Scarlett.x64.ActiveCfg = Release|x64
		{D7827957-E617-40AB-8265-3A8989CE9BA1}.Release_Scarlett|Gaming.Xbox.Scarlett.x64.Build.0 = Release|x64
		{D7827957-E617-40AB-8265-3A8989CE9BA1}.Release_Scarlett|Gaming.Xbox.XboxOne.x64.ActiveCfg = Release|x64
		{D7827957-E617-40AB-8265-3A8989CE9BA1}.Release_Scarlett|Gaming.Xbox.XboxOne.x64.Build.0 = Release|x64
		{D7827957-E617-40AB-8265-3A8989CE9BA1}.Release_Scarlett|x64.ActiveCfg = Release|x64
		{D7827957-E617-40AB-8265-3A8989CE9BA1}.Release_Scarlett|x64.Build.0 = Release|x64
		{D7827957-E617-40AB-8265-3A8989CE9BA1}.Release_Scarlett|x86.ActiveCfg = Release|Win32
		{D7827957-E617-40AB-8265-3A8989CE9BA1}.Release_Scarlett|x86.Build.0 = Release|Win32
		{D7827957-E617-40AB-8265-3A8989CE9BA1}.Release|ARM64.ActiveCfg = Release|x64
		{D7827957-E617-40AB-8265-3A8989CE9BA1}.Release|ARM64.Build.0 = Release|x64
		{D7827957-E617-40AB-8265-3A8989CE9BA1}.Release|Gaming.Desktop.x64.ActiveCfg = Release|x64
		{D7827957-E617-40AB-8265-3A8989CE9BA1}.Release|Gaming.Desktop.x64.Build.0 = Release|x64
		{D7827957-E617-40AB-8265-3A8989CE9BA1}.Release|Gaming.Xbox.Scarlett.x64.ActiveCfg = Release|x64
		{D7827957-E617-40AB-8265-3A8989CE9BA1}.Release|Gaming.Xbox.Scarlett.x64.Build.0 = Release|x64
		{D7827957-E617-40AB-8265-3A8989CE9BA1}.Release|Gaming.Xbox.XboxOne.x64.ActiveCfg = Release|x64
		{D7827957-E617-40AB-8265-3A8989CE9BA1}.Release|Gaming.Xbox.XboxOne.x64.Build.0 = Release|x64
		{D7827957-E617-40AB-8265-3A8989CE9BA1}.Release|x64.ActiveCfg = Release|x64
		{D7827957-E617-40AB-8265-3A8989CE9BA1}.Release|x64.Build.0 = Release|x64
		{D7827957-E617-40AB-8265-3A8989CE9BA1}.Release|x86.ActiveCfg = Release|Win32
		{D7827957-E617-40AB-8265-3A8989CE9BA1}.Release|x86.Build.0 = Release|Win32
		{D7827957-E617-40AB-8265-3A8989CE9BA1}.RelWithDebInfo|ARM64.ActiveCfg = Release|x64
		{D7827957-E617-40AB-8265-3A8989CE9BA1}.RelWithDebInfo|ARM64.Build.0 = Release|x64
		{D7827957-E617-40AB-8265-3A8989CE9BA1}.RelWithDebInfo|Gaming.Desktop.x64.ActiveCfg = Release|x64
		{D7827957-E617-40AB-8265-3A8989CE9BA1}.RelWithDebInfo|Gaming.Desktop.x64.Build.0 = Release|x64
		{D7827957-E617-40AB-8265-3A8989CE9BA1}.RelWithDebInfo|Gaming.Xbox.Scarlett.x64.ActiveCfg = Release|x64
		{D7827957-E617-40AB-8265-3A8989CE9BA1}.RelWithDebInfo|Gaming.Xbox.Scarlett.x64.Build.0 = Release|x64
		{D7827957-E617-40AB-8265-3A8989CE9BA1}.RelWithDebInfo|Gaming.Xbox.XboxOne.x64.ActiveCfg = Release|x64
		{D7827957-E617-40AB-8265-3A8989CE9BA1}.RelWithDebInfo|Gaming.Xbox.XboxOne.x64.Build.0 = Release|x64
		{D7827957-E617-40AB-8265-3A8989CE9BA1}.RelWithDebInfo|x64.ActiveCfg = Release|x64
		{D7827957-E617-40AB-8265-3A8989CE9BA1}.RelWithDebInfo|x64.Build.0 = Release|x64
		{D7827957-E617-40AB-8265-3A8989CE9BA1}.RelWithDebInfo|x86.ActiveCfg = Release|Win32
		{D7827957-E617-40AB-8265-3A8989CE9BA1}.RelWithDebInfo|x86.Build.0 = Release|Win32
		{AF2A6BA6-7202-4E53-9641-47BD2616A820}.Debug_Scarlett|ARM64.ActiveCfg = Debug|x64
		{AF2A6BA6-7202-4E53-9641-47BD2616A820}.Debug_Scarlett|ARM64.Build.0 = Debug|x64
		{AF2A6BA6-7202-4E53-9641-47BD2616A820}.Debug_Scarlett|Gaming.Desktop.x64.ActiveCfg = Debug|x64
		{AF2A6BA6-7202-4E53-9641-47BD2616A820}.Debug_Scarlett|Gaming.Desktop.x64.Build.0 = Debug|x64
		{AF2A6BA6-7202-4E53-9641-47BD2616A820}.Debug_Scarlett|Gaming.Xbox.Scarlett.x64.ActiveCfg = Debug|x64
		{AF2A6BA6-7202-4E53-9641-47BD2616A820}.Debug_Scarlett|Gaming.Xbox.Scarlett.x64.Build.0 = Debug|x64
		{AF2A6BA6-7202-4E53-9641-47BD2616A820}.Debug_Scarlett|Gaming.Xbox.XboxOne.x64.ActiveCfg = Debug|x64
		{AF2A6BA6-7202-4E53-9641-47BD2616A820}.Debug_Scarlett|Gaming.Xbox.XboxOne.x64.Build.0 = Debug|x64
		{AF2A6BA6-7202-4E53-9641-47BD2616A820}.Debug_Scarlett|x64.ActiveCfg = Debug|x64
		{AF2A6BA6-7202-4E53-9641-47BD2616A820}.Debug_Scarlett|x64.Build.0 = Debug|x64
		{AF2A6BA6-7202-4E53-9641-47BD2616A820}.Debug_Scarlett|x86.ActiveCfg = Debug|Win32
		{AF2A6BA6-7202-4E53-9641-47BD2616A820}.Debug_Scarlett|x86.Build.0 = Debug|Win32
		{AF2A6BA6-7202-4E53-9641-47BD2616A820}.Debug|ARM64.ActiveCfg = Debug|x64
		{AF2A6BA6-7202-4E53-9641-47BD2616A820}.Debug|ARM64.Build.0 = Debug|x64
		{AF2A6BA6-7202-4E53-9641-47BD2616A820}.Debug|Gaming.Desktop.x64.ActiveCfg = Debug|x64
		{AF2A6BA6-7202-4E53-9641-47BD2616A820}.Debug|Gaming.Desktop.x64.Build.0 = Debug|x64
		{AF2A6BA6-7202-4E53-9641-47BD2616A820}.Debug|Gaming.Xbox.Scarlett.x64.ActiveCfg = Debug|x64
		{AF2A6BA6-7202-4E53-9641-47BD2616A820}.Debug|Gaming.Xbox.Scarlett.x64.Build.0 = Debug|x64
		{AF2A6BA6-7202-4E53-9641-47BD2616A820}.Debug|Gaming.Xbox.XboxOne.x64.ActiveCfg = Debug|x64
		{AF2A6BA6-7202-4E53-9641-47BD2616A820}.Debug|Gaming.Xbox.XboxOne.x64.Build.0 = Debug|x64
		{AF2A6BA6-7202-4E53-9641-47BD2616A820}.Debug|x64.ActiveCfg = Debug|x64
		{AF2A6BA6-7202-4E53-9641-47BD2616A820}.Debug|x64.Build.0 = Debug|x64
		{AF2A6BA6-7202-4E53-9641-47BD2616A820}.Debug|x86.ActiveCfg = Debug|Win32
		{AF2A6BA6-7202-4E53-9641-47BD2616A820}.Debug|x86.Build.0 = Debug|Win32
		{AF2A6BA6-7202-4E53-9641-47BD2616A820}.MinSizeRel|ARM64.ActiveCfg = Release|x64
		{AF2A6BA6-7202-4E53-9641-47BD2616A820}.MinSizeRel|ARM64.Build.0 = Release|x64
		{AF2A6BA6-7202-4E53-9641-47BD2616A820}.MinSizeRel|Gaming.Desktop.x64.ActiveCfg = Release|x64
		{AF2A6BA6-7202-4E53-9641-47BD2616A820}.MinSizeRel|Gaming.Desktop.x64.Build.0 = Release|x64
		{AF2A6BA6-7202-4E53-9641-47BD2616A820}.MinSizeRel|Gaming.Xbox.Scarlett.x64.ActiveCfg = Release|x64
		{AF2A6BA6-7202-4E53-9641-47BD2616A820}.MinSizeRel|Gaming.Xbox.Scarlett.x64.Build.0 = Release|x64
		{AF2A6BA6-7202-4E53-9641-47BD2616A820}.MinSizeRel|Gaming.Xbox.XboxOne.x64.ActiveCfg = Release|x64
		{AF2A6BA6-7202-4E53-9641-47BD2616A820}.MinSizeRel|Gaming.Xbox.XboxOne.x64.Build.0 = Release|x64
		{AF2A6BA6-7202-4E53-9641-47BD2616A820}.MinSizeRel|x64.ActiveCfg = Debug|x64
		{AF2A6BA6-7202-4E53-9641-47BD2616A820}.MinSizeRel|x64.Build.0 = Debug|x64
		{AF2A6BA6-7202-4E53-9641-47BD2616A820}.MinSizeRel|x86.ActiveCfg = Debug|Win32
		{AF2A6BA6-7202-4E53-9641-47BD2616A820}.MinSizeRel|x86.Build.0 = Debug|Win32
		{AF2A6BA6-7202-4E53-9641-47BD2616A820}.Profile|ARM64.ActiveCfg = Release|x64
		{AF2A6BA6-7202-4E53-9641-47BD2616A820}.Profile|ARM64.Build.0 = Release|x64
		{AF2A6BA6-7202-4E53-9641-47BD2616A820}.Profile|Gaming.Desktop.x64.ActiveCfg = Release|x64
		{AF2A6BA6-7202-4E53-9641-47BD2616A820}.Profile|Gaming.Desktop.x64.Build.0 = Release|x64
		{AF2A6BA6-7202-4E53-9641-47BD2616A820}.Profile|Gaming.Xbox.Scarlett.x64.ActiveCfg = Release|x64
		{AF2A6BA6-7202-4E53-9641-47BD2616A820}.Profile|Gaming.Xbox.Scarlett.x64.Build.0 = Release|x64
		{AF2A6BA6-7202-4E53-9641-47BD2616A820}.Profile|Gaming.Xbox.XboxOne.x64.ActiveCfg = Release|x64
		{AF2A6BA6-7202-4E53-9641-47BD2616A820}.Profile|Gaming.Xbox.XboxOne.x64.Build.0 = Release|x64
		{AF2A6BA6-7202-4E53-9641-47BD2616A820}.Profile|x64.ActiveCfg = Release|x64
		{AF2A6BA6-7202-4E53-9641-47BD2616A820}.Profile|x64.Build.0 = Release|x64
		{AF2A6BA6-7202-4E53-9641-47BD2616A820}.Profile|x86.ActiveCfg = Release|Win32
		{AF2A6BA6-7202-4E53-9641-47BD2616A820}.Profile|x86.Build.0 = Release|Win32
		{AF2A6BA6-7202-4E53-9641-47BD2616A820}.Release_Scarlett|ARM64.ActiveCfg = Release|x64
		{AF2A6BA6-7202-4E53-9641-47BD2616A820}.Release_Scarlett|ARM64.Build.0 = Release|x64
		{AF2A6BA6-7202-4E53-9641-47BD2616A820}.Release_Scarlett|Gaming.Desktop.x64.ActiveCfg = Release|x64
		{AF2A6BA6-7202-4E53-9641-47BD2616A820}.Release_Scarlett|Gaming.Desktop.x64.Build.0 = Release|x64
		{AF2A6BA6-7202-4E53-9641-47BD2616A820}.Release_Scarlett|Gaming.Xbox.Scarlett.x64.ActiveCfg = Release|x64
		{AF2A6BA6-7202-4E53-9641-47BD2616A820}.Release_Scarlett|Gaming.Xbox.Scarlett.x64.Build.0 = Release|x64
		{AF2A6BA6-7202-4E53-9641-47BD2616A820}.Release_Scarlett|Gaming.Xbox.XboxOne.x64.ActiveCfg = Release|x64
		{AF2A6BA6-7202-4E53-9641-47BD2616A820}.Release_Scarlett|Gaming.Xbox.XboxOne.x64.Build.0 = Release|x64
		{AF2A6BA6-7202-4E53-9641-47BD2616A820}.Release_Scarlett|x64.ActiveCfg = Release|x64
		{AF2A6BA6-7202-4E53-9641-47BD2616A820}.Release_Scarlett|x64.Build.0 = Release|x64
		{AF2A6BA6-7202-4E53-9641-47BD2616A820}.Release_Scarlett|x86.ActiveCfg = Release|Win32
		{AF2A6BA6-7202-4E53-9641-47BD2616A820}.Release_Scarlett|x86.Build.0 = Release|Win32
		{AF2A6BA6-7202-4E53-9641-47BD2616A820}.Release|ARM64.ActiveCfg = Release|x64
		{AF2A6BA6-7202-4E53-9641-47BD2616A820}.Release|ARM64.Build.0 = Release|x64
		{AF2A6BA6-7202-4E53-9641-47BD2616A820}.Release|Gaming.Desktop.x64.ActiveCfg = Release|x64
		{AF2A6BA6-7202-4E53-9641-47BD2616A820}.Release|Gaming.Desktop.x64.Build.0 = Release|x64
		{AF2A6BA6-7202-4E53-9641-47BD2616A820}.Release|Gaming.Xbox.Scarlett.x64.ActiveCfg = Release|x64
		{AF2A6BA6-7202-4E53-9641-47BD2616A820}.Release|Gaming.Xbox.Scarlett.x64.Build.0 = Release|x64
		{AF2A6BA6-7202-4E53-9641-47BD2616A820}.Release|Gaming.Xbox.XboxOne.x64.ActiveCfg = Release|x64
		{AF2A6BA6-7202-4E53-9641-47BD2616A820}.Release|Gaming.Xbox.XboxOne.x64.Build.0 = Release|x64
		{AF2A6BA6-7202-4E53-9641-47BD2616A820}.Release|x64.ActiveCfg = Release|x64
		{AF2A6BA6-7202-4E53-9641-47BD2616A820}.Release|x64.Build.0 = Release|x64
		{AF2A6BA6-7202-4E53-9641-47BD2616A820}.Release|x86.ActiveCfg = Release|Win32
		{AF2A6BA6-7202-4E53-9641-47BD2616A820}.Release|x86.Build.0 = Release|Win32
		{AF2A6BA6-7202-4E53-9641-47BD2616A820}.RelWithDebInfo|ARM64.ActiveCfg = Release|x64
		{AF2A6BA6-7202-4E53-9641-47BD2616A820}.RelWithDebInfo|ARM64.Build.0 = Release|x64
		{AF2A6BA6-7202-4E53-9641-47BD2616A820}.RelWithDebInfo|Gaming.Desktop.x64.ActiveCfg = Release|x64
		{AF2A6BA6-7202-4E53-9641-47BD2616A820}.RelWithDebInfo|Gaming.Desktop.x64.Build.0 = Release|x64
		{AF2A6BA6-7202-4E53-9641-47BD2616A820}.RelWithDebInfo|Gaming.Xbox.Scarlett.x64.ActiveCfg = Release|x64
		{AF2A6BA6-7202-4E53-9641-47BD2616A820}.RelWithDebInfo|Gaming.Xbox.Scarlett.x64.Build.0 = Release|x64
		{AF2A6BA6-7202-4E53-9641-47BD2616A820}.RelWithDebInfo|Gaming.Xbox.XboxOne.x64.ActiveCfg = Release|x64
		{AF2A6BA6-7202-4E53-9641-47BD2616A820}.RelWithDebInfo|Gaming.Xbox.XboxOne.x64.Build.0 = Release|x64
		{AF2A6BA6-7202-4E53-9641-47BD2616A820}.RelWithDebInfo|x64.ActiveCfg = Release|x64
		{AF2A6BA6-7202-4E53-9641-47BD2616A820}.RelWithDebInfo|x64.Build.0 = Release|x64
		{AF2A6BA6-7202-4E53-9641-47BD2616A820}.RelWithDebInfo|x86.ActiveCfg = Release|Win32
		{AF2A6BA6-7202-4E53-9641-47BD2616A820}.RelWithDebInfo|x86.Build.0 = Release|Win32
		{3E0E8608-CD9B-4C76-AF33-29CA38F2C9F0}.Debug_Scarlett|ARM64.ActiveCfg = Debug|ARM64
		{3E0E8608-CD9B-4C76-AF33-29CA38F2C9F0}.Debug_Scarlett|ARM64.Build.0 = Debug|ARM64
		{3E0E8608-CD9B-4C76-AF33-29CA38F2C9F0}.Debug_Scarlett|Gaming.Desktop.x64.ActiveCfg = Debug|x64
		{3E0E8608-CD9B-4C76-AF33-29CA38F2C9F0}.Debug_Scarlett|Gaming.Desktop.x64.Build.0 = Debug|x64
		{3E0E8608-CD9B-4C76-AF33-29CA38F2C9F0}.Debug_Scarlett|Gaming.Xbox.Scarlett.x64.ActiveCfg = Debug|x64
		{3E0E8608-CD9B-4C76-AF33-29CA38F2C9F0}.Debug_Scarlett|Gaming.Xbox.Scarlett.x64.Build.0 = Debug|x64
		{3E0E8608-CD9B-4C76-AF33-29CA38F2C9F0}.Debug_Scarlett|Gaming.Xbox.XboxOne.x64.ActiveCfg = Debug|x64
		{3E0E8608-CD9B-4C76-AF33-29CA38F2C9F0}.Debug_Scarlett|Gaming.Xbox.XboxOne.x64.Build.0 = Debug|x64
		{3E0E8608-CD9B-4C76-AF33-29CA38F2C9F0}.Debug_Scarlett|x64.ActiveCfg = Debug|x64
		{3E0E8608-CD9B-4C76-AF33-29CA38F2C9F0}.Debug_Scarlett|x64.Build.0 = Debug|x64
		{3E0E8608-CD9B-4C76-AF33-29CA38F2C9F0}.Debug_Scarlett|x86.ActiveCfg = Debug|Win32
		{3E0E8608-CD9B-4C76-AF33-29CA38F2C9F0}.Debug_Scarlett|x86.Build.0 = Debug|Win32
		{3E0E8608-CD9B-4C76-AF33-29CA38F2C9F0}.Debug|ARM64.ActiveCfg = Debug|ARM64
		{3E0E8608-CD9B-4C76-AF33-29CA38F2C9F0}.Debug|ARM64.Build.0 = Debug|ARM64
		{3E0E8608-CD9B-4C76-AF33-29CA38F2C9F0}.Debug|Gaming.Desktop.x64.ActiveCfg = Debug|x64
		{3E0E8608-CD9B-4C76-AF33-29CA38F2C9F0}.Debug|Gaming.Desktop.x64.Build.0 = Debug|x64
		{3E0E8608-CD9B-4C76-AF33-29CA38F2C9F0}.Debug|Gaming.Xbox.Scarlett.x64.ActiveCfg = Debug|x64
		{3E0E8608-CD9B-4C76-AF33-29CA38F2C9F0}.Debug|Gaming.Xbox.Scarlett.x64.Build.0 = Debug|x64
		{3E0E8608-CD9B-4C76-AF33-29CA38F2C9F0}.Debug|Gaming.Xbox.XboxOne.x64.ActiveCfg = Debug|x64
		{3E0E8608-CD9B-4C76-AF33-29CA38F2C9F0}.Debug|Gaming.Xbox.XboxOne.x64.Build.0 = Debug|x64
		{3E0E8608-CD9B-4C76-AF33-29CA38F2C9F0}.Debug|x64.ActiveCfg = Debug|x64
		{3E0E8608-CD9B-4C76-AF33-29CA38F2C9F0}.Debug|x64.Build.0 = Debug|x64
		{3E0E8608-CD9B-4C76-AF33-29CA38F2C9F0}.Debug|x86.ActiveCfg = Debug|Win32
		{3E0E8608-CD9B-4C76-AF33-29CA38F2C9F0}.Debug|x86.Build.0 = Debug|Win32
		{3E0E8608-CD9B-4C76-AF33-29CA38F2C9F0}.MinSizeRel|ARM64.ActiveCfg = Debug|ARM64
		{3E0E8608-CD9B-4C76-AF33-29CA38F2C9F0}.MinSizeRel|ARM64.Build.0 = Debug|ARM64
		{3E0E8608-CD9B-4C76-AF33-29CA38F2C9F0}.MinSizeRel|Gaming.Desktop.x64.ActiveCfg = Debug|x64
		{3E0E8608-CD9B-4C76-AF33-29CA38F2C9F0}.MinSizeRel|Gaming.Desktop.x64.Build.0 = Debug|x64
		{3E0E8608-CD9B-4C76-AF33-29CA38F2C9F0}.MinSizeRel|Gaming.Xbox.Scarlett.x64.ActiveCfg = Debug|x64
		{3E0E8608-CD9B-4C76-AF33-29CA38F2C9F0}.MinSizeRel|Gaming.Xbox.Scarlett.x64.Build.0 = Debug|x64
		{3E0E8608-CD9B-4C76-AF33-29CA38F2C9F0}.MinSizeRel|Gaming.Xbox.XboxOne.x64.ActiveCfg = Debug|x64
		{3E0E8608-CD9B-4C76-AF33-29CA38F2C9F0}.MinSizeRel|Gaming.Xbox.XboxOne.x64.Build.0 = Debug|x64
		{3E0E8608-CD9B-4C76-AF33-29CA38F2C9F0}.MinSizeRel|x64.ActiveCfg = Debug|x64
		{3E0E8608-CD9B-4C76-AF33-29CA38F2C9F0}.MinSizeRel|x64.Build.0 = Debug|x64
		{3E0E8608-CD9B-4C76-AF33-29CA38F2C9F0}.MinSizeRel|x86.ActiveCfg = Debug|Win32
		{3E0E8608-CD9B-4C76-AF33-29CA38F2C9F0}.MinSizeRel|x86.Build.0 = Debug|Win32
		{3E0E8608-CD9B-4C76-AF33-29CA38F2C9F0}.Profile|ARM64.ActiveCfg = Debug|ARM64
		{3E0E8608-CD9B-4C76-AF33-29CA38F2C9F0}.Profile|ARM64.Build.0 = Debug|ARM64
		{3E0E8608-CD9B-4C76-AF33-29CA38F2C9F0}.Profile|Gaming.Desktop.x64.ActiveCfg = Debug|x64
		{3E0E8608-CD9B-4C76-AF33-29CA38F2C9F0}.Profile|Gaming.Desktop.x64.Build.0 = Debug|x64
		{3E0E8608-CD9B-4C76-AF33-29CA38F2C9F0}.Profile|Gaming.Xbox.Scarlett.x64.ActiveCfg = Debug|x64
		{3E0E8608-CD9B-4C76-AF33-29CA38F2C9F0}.Profile|Gaming.Xbox.Scarlett.x64.Build.0 = Debug|x64
		{3E0E8608-CD9B-4C76-AF33-29CA38F2C9F0}.Profile|Gaming.Xbox.XboxOne.x64.ActiveCfg = Debug|x64
		{3E0E8608-CD9B-4C76-AF33-29CA38F2C9F0}.Profile|Gaming.Xbox.XboxOne.x64.Build.0 = Debug|x64
		{3E0E8608-CD9B-4C76-AF33-29CA38F2C9F0}.Profile|x64.ActiveCfg = Debug|x64
		{3E0E8608-CD9B-4C76-AF33-29CA38F2C9F0}.Profile|x64.Build.0 = Debug|x64
		{3E0E8608-CD9B-4C76-AF33-29CA38F2C9F0}.Profile|x86.ActiveCfg = Debug|Win32
		{3E0E8608-CD9B-4C76-AF33-29CA38F2C9F0}.Profile|x86.Build.0 = Debug|Win32
		{3E0E8608-CD9B-4C76-AF33-29CA38F2C9F0}.Release_Scarlett|ARM64.ActiveCfg = Release|ARM64
		{3E0E8608-CD9B-4C76-AF33-29CA38F2C9F0}.Release_Scarlett|ARM64.Build.0 = Release|ARM64
		{3E0E8608-CD9B-4C76-AF33-29CA38F2C9F0}.Release_Scarlett|Gaming.Desktop.x64.ActiveCfg = Release|x64
		{3E0E8608-CD9B-4C76-AF33-29CA38F2C9F0}.Release_Scarlett|Gaming.Desktop.x64.Build.0 = Release|x64
		{3E0E8608-CD9B-4C76-AF33-29CA38F2C9F0}.Release_Scarlett|Gaming.Xbox.Scarlett.x64.ActiveCfg = Release|x64
		{3E0E8608-CD9B-4C76-AF33-29CA38F2C9F0}.Release_Scarlett|Gaming.Xbox.Scarlett.x64.Build.0 = Release|x64
		{3E0E8608-CD9B-4C76-AF33-29CA38F2C9F0}.Release_Scarlett|Gaming.Xbox.XboxOne.x64.ActiveCfg = Release|x64
		{3E0E8608-CD9B-4C76-AF33-29CA38F2C9F0}.Release_Scarlett|Gaming.Xbox.XboxOne.x64.Build.0 = Release|x64
		{3E0E8608-CD9B-4C76-AF33-29CA38F2C9F0}.Release_Scarlett|x64.ActiveCfg = Release|x64
		{3E0E8608-CD9B-4C76-AF33-29CA38F2C9F0}.Release_Scarlett|x64.Build.0 = Release|x64
		{3E0E8608-CD9B-4C76-AF33-29CA38F2C9F0}.Release_Scarlett|x86.ActiveCfg = Release|Win32
		{3E0E8608-CD9B-4C76-AF33-29CA38F2C9F0}.Release_Scarlett|x86.Build.0 = Release|Win32
		{3E0E8608-CD9B-4C76-AF33-29CA38F2C9F0}.Release|ARM64.ActiveCfg = Release|ARM64
		{3E0E8608-CD9B-4C76-AF33-29CA38F2C9F0}.Release|ARM64.Build.0 = Release|ARM64
		{3E0E8608-CD9B-4C76-AF33-29CA38F2C9F0}.Release|Gaming.Desktop.x64.ActiveCfg = Release|x64
		{3E0E8608-CD9B-4C76-AF33-29CA38F2C9F0}.Release|Gaming.Desktop.x64.Build.0 = Release|x64
		{3E0E8608-CD9B-4C76-AF33-29CA38F2C9F0}.Release|Gaming.Xbox.Scarlett.x64.ActiveCfg = Release|x64
		{3E0E8608-CD9B-4C76-AF33-29CA38F2C9F0}.Release|Gaming.Xbox.Scarlett.x64.Build.0 = Release|x64
		{3E0E8608-CD9B-4C76-AF33-29CA38F2C9F0}.Release|Gaming.Xbox.XboxOne.x64.ActiveCfg = Release|x64
		{3E0E8608-CD9B-4C76-AF33-29CA38F2C9F0}.Release|Gaming.Xbox.XboxOne.x64.Build.0 = Release|x64
		{3E0E8608-CD9B-4C76-AF33-29CA38F2C9F0}.Release|x64.ActiveCfg = Release|x64
		{3E0E8608-CD9B-4C76-AF33-29CA38F2C9F0}.Release|x64.Build.0 = Release|x64
		{3E0E8608-CD9B-4C76-AF33-29CA38F2C9F0}.Release|x86.ActiveCfg = Release|Win32
		{3E0E8608-CD9B-4C76-AF33-29CA38F2C9F0}.Release|x86.Build.0 = Release|Win32
		{3E0E8608-CD9B-4C76-AF33-29CA38F2C9F0}.RelWithDebInfo|ARM64.ActiveCfg = Release|ARM64
		{3E0E8608-CD9B-4C76-AF33-29CA38F2C9F0}.RelWithDebInfo|ARM64.Build.0 = Release|ARM64
		{3E0E8608-CD9B-4C76-AF33-29CA38F2C9F0}.RelWithDebInfo|Gaming.Desktop.x64.ActiveCfg = Release|x64
		{3E0E8608-CD9B-4C76-AF33-29CA38F2C9F0}.RelWithDebInfo|Gaming.Desktop.x64.Build.0 = Release|x64
		{3E0E8608-CD9B-4C76-AF33-29CA38F2C9F0}.RelWithDebInfo|Gaming.Xbox.Scarlett.x64.ActiveCfg = Release|x64
		{3E0E8608-CD9B-4C76-AF33-29CA38F2C9F0}.RelWithDebInfo|Gaming.Xbox.Scarlett.x64.Build.0 = Release|x64
		{3E0E8608-CD9B-4C76-AF33-29CA38F2C9F0}.RelWithDebInfo|Gaming.Xbox.XboxOne.x64.ActiveCfg = Release|x64
		{3E0E8608-CD9B-4C76-AF33-29CA38F2C9F0}.RelWithDebInfo|Gaming.Xbox.XboxOne.x64.Build.0 = Release|x64
		{3E0E8608-CD9B-4C76-AF33-29CA38F2C9F0}.RelWithDebInfo|x64.ActiveCfg = Release|x64
		{3E0E8608-CD9B-4C76-AF33-29CA38F2C9F0}.RelWithDebInfo|x64.Build.0 = Release|x64
		{3E0E8608-CD9B-4C76-AF33-29CA38F2C9F0}.RelWithDebInfo|x86.ActiveCfg = Release|Win32
		{3E0E8608-CD9B-4C76-AF33-29CA38F2C9F0}.RelWithDebInfo|x86.Build.0 = Release|Win32
		{9BC34182-08C8-40A3-AD6A-A5E1687E49C3}.Debug_Scarlett|ARM64.ActiveCfg = Debug|x64
		{9BC34182-08C8-40A3-AD6A-A5E1687E49C3}.Debug_Scarlett|ARM64.Build.0 = Debug|x64
		{9BC34182-08C8-40A3-AD6A-A5E1687E49C3}.Debug_Scarlett|Gaming.Desktop.x64.ActiveCfg = Debug|x64
		{9BC34182-08C8-40A3-AD6A-A5E1687E49C3}.Debug_Scarlett|Gaming.Desktop.x64.Build.0 = Debug|x64
		{9BC34182-08C8-40A3-AD6A-A5E1687E49C3}.Debug_Scarlett|Gaming.Xbox.Scarlett.x64.ActiveCfg = Debug|x64
		{9BC34182-08C8-40A3-AD6A-A5E1687E49C3}.Debug_Scarlett|Gaming.Xbox.Scarlett.x64.Build.0 = Debug|x64
		{9BC34182-08C8-40A3-AD6A-A5E1687E49C3}.Debug_Scarlett|Gaming.Xbox.XboxOne.x64.ActiveCfg = Debug|x64
		{9BC34182-08C8-40A3-AD6A-A5E1687E49C3}.Debug_Scarlett|Gaming.Xbox.XboxOne.x64.Build.0 = Debug|x64
		{9BC34182-08C8-40A3-AD6A-A5E1687E49C3}.Debug_Scarlett|x64.ActiveCfg = Debug|x64
		{9BC34182-08C8-40A3-AD6A-A5E1687E49C3}.Debug_Scarlett|x64.Build.0 = Debug|x64
		{9BC34182-08C8-40A3-AD6A-A5E1687E49C3}.Debug_Scarlett|x86.ActiveCfg = Debug|Win32
		{9BC34182-08C8-40A3-AD6A-A5E1687E49C3}.Debug_Scarlett|x86.Build.0 = Debug|Win32
		{9BC34182-08C8-40A3-AD6A-A5E1687E49C3}.Debug|ARM64.ActiveCfg = Debug|x64
		{9BC34182-08C8-40A3-AD6A-A5E1687E49C3}.Debug|ARM64.Build.0 = Debug|x64
		{9BC34182-08C8-40A3-AD6A-A5E1687E49C3}.Debug|Gaming.Desktop.x64.ActiveCfg = Debug|x64
		{9BC34182-08C8-40A3-AD6A-A5E1687E49C3}.Debug|Gaming.Desktop.x64.Build.0 = Debug|x64
		{9BC34182-08C8-40A3-AD6A-A5E1687E49C3}.Debug|Gaming.Xbox.Scarlett.x64.ActiveCfg = Debug|x64
		{9BC34182-08C8-40A3-AD6A-A5E1687E49C3}.Debug|Gaming.Xbox.Scarlett.x64.Build.0 = Debug|x64
		{9BC34182-08C8-40A3-AD6A-A5E1687E49C3}.Debug|Gaming.Xbox.XboxOne.x64.ActiveCfg = Debug|x64
		{9BC34182-08C8-40A3-AD6A-A5E1687E49C3}.Debug|Gaming.Xbox.XboxOne.x64.Build.0 = Debug|x64
		{9BC34182-08C8-40A3-AD6A-A5E1687E49C3}.Debug|x64.ActiveCfg = Debug|x64
		{9BC34182-08C8-40A3-AD6A-A5E1687E49C3}.Debug|x64.Build.0 = Debug|x64
		{9BC34182-08C8-40A3-AD6A-A5E1687E49C3}.Debug|x86.ActiveCfg = Debug|Win32
		{9BC34182-08C8-40A3-AD6A-A5E1687E49C3}.Debug|x86.Build.0 = Debug|Win32
		{9BC34182-08C8-40A3-AD6A-A5E1687E49C3}.MinSizeRel|ARM64.ActiveCfg = Debug|x64
		{9BC34182-08C8-40A3-AD6A-A5E1687E49C3}.MinSizeRel|ARM64.Build.0 = Debug|x64
		{9BC34182-08C8-40A3-AD6A-A5E1687E49C3}.MinSizeRel|Gaming.Desktop.x64.ActiveCfg = Debug|x64
		{9BC34182-08C8-40A3-AD6A-A5E1687E49C3}.MinSizeRel|Gaming.Desktop.x64.Build.0 = Debug|x64
		{9BC34182-08C8-40A3-AD6A-A5E1687E49C3}.MinSizeRel|Gaming.Xbox.Scarlett.x64.ActiveCfg = Debug|x64
		{9BC34182-08C8-40A3-AD6A-A5E1687E49C3}.MinSizeRel|Gaming.Xbox.Scarlett.x64.Build.0 = Debug|x64
		{9BC34182-08C8-40A3-AD6A-A5E1687E49C3}.MinSizeRel|Gaming.Xbox.XboxOne.x64.ActiveCfg = Debug|x64
		{9BC34182-08C8-40A3-AD6A-A5E1687E49C3}.MinSizeRel|Gaming.Xbox.XboxOne.x64.Build.0 = Debug|x64
		{9BC34182-08C8-40A3-AD6A-A5E1687E49C3}.MinSizeRel|x64.ActiveCfg = Debug|x64
		{9BC34182-08C8-40A3-AD6A-A5E1687E49C3}.MinSizeRel|x64.Build.0 = Debug|x64
		{9BC34182-08C8-40A3-AD6A-A5E1687E49C3}.MinSizeRel|x86.ActiveCfg = Debug|Win32
		{9BC34182-08C8-40A3-AD6A-A5E1687E49C3}.MinSizeRel|x86.Build.0 = Debug|Win32
		{9BC34182-08C8-40A3-AD6A-A5E1687E49C3}.Profile|ARM64.ActiveCfg = Debug|x64
		{9BC34182-08C8-40A3-AD6A-A5E1687E49C3}.Profile|ARM64.Build.0 = Debug|x64
		{9BC34182-08C8-40A3-AD6A-A5E1687E49C3}.Profile|Gaming.Desktop.x64.ActiveCfg = Debug|x64
		{9BC34182-08C8-40A3-AD6A-A5E1687E49C3}.Profile|Gaming.Desktop.x64.Build.0 = Debug|x64
		{9BC34182-08C8-40A3-AD6A-A5E1687E49C3}.Profile|Gaming.Xbox.Scarlett.x64.ActiveCfg = Debug|x64
		{9BC34182-08C8-40A3-AD6A-A5E1687E49C3}.Profile|Gaming.Xbox.Scarlett.x64.Build.0 = Debug|x64
		{9BC34182-08C8-40A3-AD6A-A5E1687E49C3}.Profile|Gaming.Xbox.XboxOne.x64.ActiveCfg = Debug|x64
		{9BC34182-08C8-40A3-AD6A-A5E1687E49C3}.Profile|Gaming.Xbox.XboxOne.x64.Build.0 = Debug|x64
		{9BC34182-08C8-40A3-AD6A-A5E1687E49C3}.Profile|x64.ActiveCfg = Debug|x64
		{9BC34182-08C8-40A3-AD6A-A5E1687E49C3}.Profile|x64.Build.0 = Debug|x64
		{9BC34182-08C8-40A3-AD6A-A5E1687E49C3}.Profile|x86.ActiveCfg = Debug|Win32
		{9BC34182-08C8-40A3-AD6A-A5E1687E49C3}.Profile|x86.Build.0 = Debug|Win32
		{9BC34182-08C8-40A3-AD6A-A5E1687E49C3}.Release_Scarlett|ARM64.ActiveCfg = Release|x64
		{9BC34182-08C8-40A3-AD6A-A5E1687E49C3}.Release_Scarlett|ARM64.Build.0 = Release|x64
		{9BC34182-08C8-40A3-AD6A-A5E1687E49C3}.Release_Scarlett|Gaming.Desktop.x64.ActiveCfg = Release|x64
		{9BC34182-08C8-40A3-AD6A-A5E1687E49C3}.Release_Scarlett|Gaming.Desktop.x64.Build.0 = Release|x64
		{9BC34182-08C8-40A3-AD6A-A5E1687E49C3}.Release_Scarlett|Gaming.Xbox.Scarlett.x64.ActiveCfg = Release|x64
		{9BC34182-08C8-40A3-AD6A-A5E1687E49C3}.Release_Scarlett|Gaming.Xbox.Scarlett.x64.Build.0 = Release|x64
		{9BC34182-08C8-40A3-AD6A-A5E1687E49C3}.Release_Scarlett|Gaming.Xbox.XboxOne.x64.ActiveCfg = Release|x64
		{9BC34182-08C8-40A3-AD6A-A5E1687E49C3}.Release_Scarlett|Gaming.Xbox.XboxOne.x64.Build.0 = Release|x64
		{9BC34182-08C8-40A3-AD6A-A5E1687E49C3}.Release_Scarlett|x64.ActiveCfg = Release|x64
		{9BC34182-08C8-40A3-AD6A-A5E1687E49C3}.Release_Scarlett|x64.Build.0 = Release|x64
		{9BC34182-08C8-40A3-AD6A-A5E1687E49C3}.Release_Scarlett|x86.ActiveCfg = Release|Win32
		{9BC34182-08C8-40A3-AD6A-A5E1687E49C3}.Release_Scarlett|x86.Build.0 = Release|Win32
		{9BC34182-08C8-40A3-AD6A-A5E1687E49C3}.Release|ARM64.ActiveCfg = Release|x64
		{9BC34182-08C8-40A3-AD6A-A5E1687E49C3}.Release|ARM64.Build.0 = Release|x64
		{9BC34182-08C8-40A3-AD6A-A5E1687E49C3}.Release|Gaming.Desktop.x64.ActiveCfg = Release|x64
		{9BC34182-08C8-40A3-AD6A-A5E1687E49C3}.Release|Gaming.Desktop.x64.Build.0 = Release|x64
		{9BC34182-08C8-40A3-AD6A-A5E1687E49C3}.Release|Gaming.Xbox.Scarlett.x64.ActiveCfg = Release|x64
		{9BC34182-08C8-40A3-AD6A-A5E1687E49C3}.Release|Gaming.Xbox.Scarlett.x64.Build.0 = Release|x64
		{9BC34182-08C8-40A3-AD6A-A5E1687E49C3}.Release|Gaming.Xbox.XboxOne.x64.ActiveCfg = Release|x64
		{9BC34182-08C8-40A3-AD6A-A5E1687E49C3}.Release|Gaming.Xbox.XboxOne.x64.Build.0 = Release|x64
		{9BC34182-08C8-40A3-AD6A-A5E1687E49C3}.Release|x64.ActiveCfg = Release|x64
		{9BC34182-08C8-40A3-AD6A-A5E1687E49C3}.Release|x64.Build.0 = Release|x64
		{9BC34182-08C8-40A3-AD6A-A5E1687E49C3}.Release|x86.ActiveCfg = Release|Win32
		{9BC34182-08C8-40A3-AD6A-A5E1687E49C3}.Release|x86.Build.0 = Release|Win32
		{9BC34182-08C8-40A3-AD6A-A5E1687E49C3}.RelWithDebInfo|ARM64.ActiveCfg = Release|x64
		{9BC34182-08C8-40A3-AD6A-A5E1687E49C3}.RelWithDebInfo|ARM64.Build.0 = Release|x64
		{9BC34182-08C8-40A3-AD6A-A5E1687E49C3}.RelWithDebInfo|Gaming.Desktop.x64.ActiveCfg = Release|x64
		{9BC34182-08C8-40A3-AD6A-A5E1687E49C3}.RelWithDebInfo|Gaming.Desktop.x64.Build.0 = Release|x64
		{9BC34182-08C8-40A3-AD6A-A5E1687E49C3}.RelWithDebInfo|Gaming.Xbox.Scarlett.x64.ActiveCfg = Release|x64
		{9BC34182-08C8-40A3-AD6A-A5E1687E49C3}.RelWithDebInfo|Gaming.Xbox.Scarlett.x64.Build.0 = Release|x64
		{9BC34182-08C8-40A3-AD6A-A5E1687E49C3}.RelWithDebInfo|Gaming.Xbox.XboxOne.x64.ActiveCfg = Release|x64
		{9BC34182-08C8-40A3-AD6A-A5E1687E49C3}.RelWithDebInfo|Gaming.Xbox.XboxOne.x64.Build.0 = Release|x64
		{9BC34182-08C8-40A3-AD6A-A5E1687E49C3}.RelWithDebInfo|x64.ActiveCfg = Release|x64
		{9BC34182-08C8-40A3-AD6A-A5E1687E49C3}.RelWithDebInfo|x64.Build.0 = Release|x64
		{9BC34182-08C8-40A3-AD6A-A5E1687E49C3}.RelWithDebInfo|x86.ActiveCfg = Release|Win32
		{9BC34182-08C8-40A3-AD6A-A5E1687E49C3}.RelWithDebInfo|x86.Build.0 = Release|Win32
		{606364C8-2338-31D9-95A8-9FBBC3BA4DB1}.Debug_Scarlett|ARM64.ActiveCfg = Debug|x64
		{606364C8-2338-31D9-95A8-9FBBC3BA4DB1}.Debug_Scarlett|ARM64.Build.0 = Debug|x64
		{606364C8-2338-31D9-95A8-9FBBC3BA4DB1}.Debug_Scarlett|Gaming.Desktop.x64.ActiveCfg = Debug|x64
		{606364C8-2338-31D9-95A8-9FBBC3BA4DB1}.Debug_Scarlett|Gaming.Desktop.x64.Build.0 = Debug|x64
		{606364C8-2338-31D9-95A8-9FBBC3BA4DB1}.Debug_Scarlett|Gaming.Xbox.Scarlett.x64.ActiveCfg = Debug|x64
		{606364C8-2338-31D9-95A8-9FBBC3BA4DB1}.Debug_Scarlett|Gaming.Xbox.Scarlett.x64.Build.0 = Debug|x64
		{606364C8-2338-31D9-95A8-9FBBC3BA4DB1}.Debug_Scarlett|Gaming.Xbox.XboxOne.x64.ActiveCfg = Debug|x64
		{606364C8-2338-31D9-95A8-9FBBC3BA4DB1}.Debug_Scarlett|Gaming.Xbox.XboxOne.x64.Build.0 = Debug|x64
		{606364C8-2338-31D9-95A8-9FBBC3BA4DB1}.Debug_Scarlett|x64.ActiveCfg = Debug|x64
		{606364C8-2338-31D9-95A8-9FBBC3BA4DB1}.Debug_Scarlett|x64.Build.0 = Debug|x64
		{606364C8-2338-31D9-95A8-9FBBC3BA4DB1}.Debug_Scarlett|x86.ActiveCfg = Debug|x64
		{606364C8-2338-31D9-95A8-9FBBC3BA4DB1}.Debug_Scarlett|x86.Build.0 = Debug|x64
		{606364C8-2338-31D9-95A8-9FBBC3BA4DB1}.Debug|ARM64.ActiveCfg = Debug|x64
		{606364C8-2338-31D9-95A8-9FBBC3BA4DB1}.Debug|ARM64.Build.0 = Debug|x64
		{606364C8-2338-31D9-95A8-9FBBC3BA4DB1}.Debug|Gaming.Desktop.x64.ActiveCfg = Debug|x64
		{606364C8-2338-31D9-95A8-9FBBC3BA4DB1}.Debug|Gaming.Desktop.x64.Build.0 = Debug|x64
		{606364C8-2338-31D9-95A8-9FBBC3BA4DB1}.Debug|Gaming.Xbox.Scarlett.x64.ActiveCfg = Debug|x64
		{606364C8-2338-31D9-95A8-9FBBC3BA4DB1}.Debug|Gaming.Xbox.Scarlett.x64.Build.0 = Debug|x64
		{606364C8-2338-31D9-95A8-9FBBC3BA4DB1}.Debug|Gaming.Xbox.XboxOne.x64.ActiveCfg = Debug|x64
		{606364C8-2338-31D9-95A8-9FBBC3BA4DB1}.Debug|Gaming.Xbox.XboxOne.x64.Build.0 = Debug|x64
		{606364C8-2338-31D9-95A8-9FBBC3BA4DB1}.Debug|x64.ActiveCfg = Debug|x64
		{606364C8-2338-31D9-95A8-9FBBC3BA4DB1}.Debug|x64.Build.0 = Debug|x64
		{606364C8-2338-31D9-95A8-9FBBC3BA4DB1}.Debug|x86.ActiveCfg = Debug|x64
		{606364C8-2338-31D9-95A8-9FBBC3BA4DB1}.Debug|x86.Build.0 = Debug|x64
		{606364C8-2338-31D9-95A8-9FBBC3BA4DB1}.MinSizeRel|ARM64.ActiveCfg = MinSizeRel|x64
		{606364C8-2338-31D9-95A8-9FBBC3BA4DB1}.MinSizeRel|ARM64.Build.0 = MinSizeRel|x64
		{606364C8-2338-31D9-95A8-9FBBC3BA4DB1}.MinSizeRel|Gaming.Desktop.x64.ActiveCfg = MinSizeRel|x64
		{606364C8-2338-31D9-95A8-9FBBC3BA4DB1}.MinSizeRel|Gaming.Desktop.x64.Build.0 = MinSizeRel|x64
		{606364C8-2338-31D9-95A8-9FBBC3BA4DB1}.MinSizeRel|Gaming.Xbox.Scarlett.x64.ActiveCfg = MinSizeRel|x64
		{606364C8-2338-31D9-95A8-9FBBC3BA4DB1}.MinSizeRel|Gaming.Xbox.Scarlett.x64.Build.0 = MinSizeRel|x64
		{606364C8-2338-31D9-95A8-9FBBC3BA4DB1}.MinSizeRel|Gaming.Xbox.XboxOne.x64.ActiveCfg = MinSizeRel|x64
		{606364C8-2338-31D9-95A8-9FBBC3BA4DB1}.MinSizeRel|Gaming.Xbox.XboxOne.x64.Build.0 = MinSizeRel|x64
		{606364C8-2338-31D9-95A8-9FBBC3BA4DB1}.MinSizeRel|x64.ActiveCfg = MinSizeRel|x64
		{606364C8-2338-31D9-95A8-9FBBC3BA4DB1}.MinSizeRel|x64.Build.0 = MinSizeRel|x64
		{606364C8-2338-31D9-95A8-9FBBC3BA4DB1}.MinSizeRel|x86.ActiveCfg = MinSizeRel|x64
		{606364C8-2338-31D9-95A8-9FBBC3BA4DB1}.MinSizeRel|x86.Build.0 = MinSizeRel|x64
		{606364C8-2338-31D9-95A8-9FBBC3BA4DB1}.Profile|ARM64.ActiveCfg = RelWithDebInfo|x64
		{606364C8-2338-31D9-95A8-9FBBC3BA4DB1}.Profile|ARM64.Build.0 = RelWithDebInfo|x64
		{606364C8-2338-31D9-95A8-9FBBC3BA4DB1}.Profile|Gaming.Desktop.x64.ActiveCfg = RelWithDebInfo|x64
		{606364C8-2338-31D9-95A8-9FBBC3BA4DB1}.Profile|Gaming.Desktop.x64.Build.0 = RelWithDebInfo|x64
		{606364C8-2338-31D9-95A8-9FBBC3BA4DB1}.Profile|Gaming.Xbox.Scarlett.x64.ActiveCfg = RelWithDebInfo|x64
		{606364C8-2338-31D9-95A8-9FBBC3BA4DB1}.Profile|Gaming.Xbox.Scarlett.x64.Build.0 = RelWithDebInfo|x64
		{606364C8-2338-31D9-95A8-9FBBC3BA4DB1}.Profile|Gaming.Xbox.XboxOne.x64.ActiveCfg = RelWithDebInfo|x64
		{606364C8-2338-31D9-95A8-9FBBC3BA4DB1}.Profile|Gaming.Xbox.XboxOne.x64.Build.0 = RelWithDebInfo|x64
		{606364C8-2338-31D9-95A8-9FBBC3BA4DB1}.Profile|x64.ActiveCfg = RelWithDebInfo|x64
		{606364C8-2338-31D9-95A8-9FBBC3BA4DB1}.Profile|x64.Build.0 = RelWithDebInfo|x64
		{606364C8-2338-31D9-95A8-9FBBC3BA4DB1}.Profile|x86.ActiveCfg = RelWithDebInfo|x64
		{606364C8-2338-31D9-95A8-9FBBC3BA4DB1}.Profile|x86.Build.0 = RelWithDebInfo|x64
		{606364C8-2338-31D9-95A8-9FBBC3BA4DB1}.Release_Scarlett|ARM64.ActiveCfg = RelWithDebInfo|x64
		{606364C8-2338-31D9-95A8-9FBBC3BA4DB1}.Release_Scarlett|ARM64.Build.0 = RelWithDebInfo|x64
		{606364C8-2338-31D9-95A8-9FBBC3BA4DB1}.Release_Scarlett|Gaming.Desktop.x64.ActiveCfg = RelWithDebInfo|x64
		{606364C8-2338-31D9-95A8-9FBBC3BA4DB1}.Release_Scarlett|Gaming.Desktop.x64.Build.0 = RelWithDebInfo|x64
		{606364C8-2338-31D9-95A8-9FBBC3BA4DB1}.Release_Scarlett|Gaming.Xbox.Scarlett.x64.ActiveCfg = RelWithDebInfo|x64
		{606364C8-2338-31D9-95A8-9FBBC3BA4DB1}.Release_Scarlett|Gaming.Xbox.Scarlett.x64.Build.0 = RelWithDebInfo|x64
		{606364C8-2338-31D9-95A8-9FBBC3BA4DB1}.Release_Scarlett|Gaming.Xbox.XboxOne.x64.ActiveCfg = RelWithDebInfo|x64
		{606364C8-2338-31D9-95A8-9FBBC3BA4DB1}.Release_Scarlett|Gaming.Xbox.XboxOne.x64.Build.0 = RelWithDebInfo|x64
		{606364C8-2338-31D9-95A8-9FBBC3BA4DB1}.Release_Scarlett|x64.ActiveCfg = RelWithDebInfo|x64
		{606364C8-2338-31D9-95A8-9FBBC3BA4DB1}.Release_Scarlett|x64.Build.0 = RelWithDebInfo|x64
		{606364C8-2338-31D9-95A8-9FBBC3BA4DB1}.Release_Scarlett|x86.ActiveCfg = RelWithDebInfo|x64
		{606364C8-2338-31D9-95A8-9FBBC3BA4DB1}.Release_Scarlett|x86.Build.0 = RelWithDebInfo|x64
		{606364C8-2338-31D9-95A8-9FBBC3BA4DB1}.Release|ARM64.ActiveCfg = Release|x64
		{606364C8-2338-31D9-95A8-9FBBC3BA4DB1}.Release|ARM64.Build.0 = Release|x64
		{606364C8-2338-31D9-95A8-9FBBC3BA4DB1}.Release|Gaming.Desktop.x64.ActiveCfg = Release|x64
		{606364C8-2338-31D9-95A8-9FBBC3BA4DB1}.Release|Gaming.Desktop.x64.Build.0 = Release|x64
		{606364C8-2338-31D9-95A8-9FBBC3BA4DB1}.Release|Gaming.Xbox.Scarlett.x64.ActiveCfg = Release|x64
		{606364C8-2338-31D9-95A8-9FBBC3BA4DB1}.Release|Gaming.Xbox.Scarlett.x64.Build.0 = Release|x64
		{606364C8-2338-31D9-95A8-9FBBC3BA4DB1}.Release|Gaming.Xbox.XboxOne.x64.ActiveCfg = Release|x64
		{606364C8-2338-31D9-95A8-9FBBC3BA4DB1}.Release|Gaming.Xbox.XboxOne.x64.Build.0 = Release|x64
		{606364C8-2338-31D9-95A8-9FBBC3BA4DB1}.Release|x64.ActiveCfg = Release|x64
		{606364C8-2338-31D9-95A8-9FBBC3BA4DB1}.Release|x64.Build.0 = Release|x64
		{606364C8-2338-31D9-95A8-9FBBC3BA4DB1}.Release|x86.ActiveCfg = Release|x64
		{606364C8-2338-31D9-95A8-9FBBC3BA4DB1}.Release|x86.Build.0 = Release|x64
		{606364C8-2338-31D9-95A8-9FBBC3BA4DB1}.RelWithDebInfo|ARM64.ActiveCfg = RelWithDebInfo|x64
		{606364C8-2338-31D9-95A8-9FBBC3BA4DB1}.RelWithDebInfo|ARM64.Build.0 = RelWithDebInfo|x64
		{606364C8-2338-31D9-95A8-9FBBC3BA4DB1}.RelWithDebInfo|Gaming.Desktop.x64.ActiveCfg = RelWithDebInfo|x64
		{606364C8-2338-31D9-95A8-9FBBC3BA4DB1}.RelWithDebInfo|Gaming.Desktop.x64.Build.0 = RelWithDebInfo|x64
		{606364C8-2338-31D9-95A8-9FBBC3BA4DB1}.RelWithDebInfo|Gaming.Xbox.Scarlett.x64.ActiveCfg = RelWithDebInfo|x64
		{606364C8-2338-31D9-95A8-9FBBC3BA4DB1}.RelWithDebInfo|Gaming.Xbox.Scarlett.x64.Build.0 = RelWithDebInfo|x64
		{606364C8-2338-31D9-95A8-9FBBC3BA4DB1}.RelWithDebInfo|Gaming.Xbox.XboxOne.x64.ActiveCfg = RelWithDebInfo|x64
		{606364C8-2338-31D9-95A8-9FBBC3BA4DB1}.RelWithDebInfo|Gaming.Xbox.XboxOne.x64.Build.0 = RelWithDebInfo|x64
		{606364C8-2338-31D9-95A8-9FBBC3BA4DB1}.RelWithDebInfo|x64.ActiveCfg = RelWithDebInfo|x64
		{606364C8-2338-31D9-95A8-9FBBC3BA4DB1}.RelWithDebInfo|x64.Build.0 = RelWithDebInfo|x64
		{606364C8-2338-31D9-95A8-9FBBC3BA4DB1}.RelWithDebInfo|x86.ActiveCfg = RelWithDebInfo|x64
		{606364C8-2338-31D9-95A8-9FBBC3BA4DB1}.RelWithDebInfo|x86.Build.0 = RelWithDebInfo|x64
		{E954E9CF-5DC1-44EB-A1B6-A7CB7C26A480}.Debug_Scarlett|ARM64.ActiveCfg = Debug|x64
		{E954E9CF-5DC1-44EB-A1B6-A7CB7C26A480}.Debug_Scarlett|ARM64.Build.0 = Debug|x64
		{E954E9CF-5DC1-44EB-A1B6-A7CB7C26A480}.Debug_Scarlett|Gaming.Desktop.x64.ActiveCfg = Debug|x64
		{E954E9CF-5DC1-44EB-A1B6-A7CB7C26A480}.Debug_Scarlett|Gaming.Desktop.x64.Build.0 = Debug|x64
		{E954E9CF-5DC1-44EB-A1B6-A7CB7C26A480}.Debug_Scarlett|Gaming.Xbox.Scarlett.x64.ActiveCfg = Debug|x64
		{E954E9CF-5DC1-44EB-A1B6-A7CB7C26A480}.Debug_Scarlett|Gaming.Xbox.Scarlett.x64.Build.0 = Debug|x64
		{E954E9CF-5DC1-44EB-A1B6-A7CB7C26A480}.Debug_Scarlett|Gaming.Xbox.XboxOne.x64.ActiveCfg = Debug|x64
		{E954E9CF-5DC1-44EB-A1B6-A7CB7C26A480}.Debug_Scarlett|Gaming.Xbox.XboxOne.x64.Build.0 = Debug|x64
		{E954E9CF-5DC1-44EB-A1B6-A7CB7C26A480}.Debug_Scarlett|x64.ActiveCfg = Debug|x64
		{E954E9CF-5DC1-44EB-A1B6-A7CB7C26A480}.Debug_Scarlett|x64.Build.0 = Debug|x64
		{E954E9CF-5DC1-44EB-A1B6-A7CB7C26A480}.Debug_Scarlett|x86.ActiveCfg = Debug|Win32
		{E954E9CF-5DC1-44EB-A1B6-A7CB7C26A480}.Debug_Scarlett|x86.Build.0 = Debug|Win32
		{E954E9CF-5DC1-44EB-A1B6-A7CB7C26A480}.Debug|ARM64.ActiveCfg = Debug|x64
		{E954E9CF-5DC1-44EB-A1B6-A7CB7C26A480}.Debug|ARM64.Build.0 = Debug|x64
		{E954E9CF-5DC1-44EB-A1B6-A7CB7C26A480}.Debug|Gaming.Desktop.x64.ActiveCfg = Debug|x64
		{E954E9CF-5DC1-44EB-A1B6-A7CB7C26A480}.Debug|Gaming.Desktop.x64.Build.0 = Debug|x64
		{E954E9CF-5DC1-44EB-A1B6-A7CB7C26A480}.Debug|Gaming.Xbox.Scarlett.x64.ActiveCfg = Debug|x64
		{E954E9CF-5DC1-44EB-A1B6-A7CB7C26A480}.Debug|Gaming.Xbox.Scarlett.x64.Build.0 = Debug|x64
		{E954E9CF-5DC1-44EB-A1B6-A7CB7C26A480}.Debug|Gaming.Xbox.XboxOne.x64.ActiveCfg = Debug|x64
		{E954E9CF-5DC1-44EB-A1B6-A7CB7C26A480}.Debug|Gaming.Xbox.XboxOne.x64.Build.0 = Debug|x64
		{E954E9CF-5DC1-44EB-A1B6-A7CB7C26A480}.Debug|x64.ActiveCfg = Debug|x64
		{E954E9CF-5DC1-44EB-A1B6-A7CB7C26A480}.Debug|x64.Build.0 = Debug|x64
		{E954E9CF-5DC1-44EB-A1B6-A7CB7C26A480}.Debug|x86.ActiveCfg = Debug|Win32
		{E954E9CF-5DC1-44EB-A1B6-A7CB7C26A480}.Debug|x86.Build.0 = Debug|Win32
		{E954E9CF-5DC1-44EB-A1B6-A7CB7C26A480}.MinSizeRel|ARM64.ActiveCfg = Debug|x64
		{E954E9CF-5DC1-44EB-A1B6-A7CB7C26A480}.MinSizeRel|ARM64.Build.0 = Debug|x64
		{E954E9CF-5DC1-44EB-A1B6-A7CB7C26A480}.MinSizeRel|Gaming.Desktop.x64.ActiveCfg = Debug|x64
		{E954E9CF-5DC1-44EB-A1B6-A7CB7C26A480}.MinSizeRel|Gaming.Desktop.x64.Build.0 = Debug|x64
		{E954E9CF-5DC1-44EB-A1B6-A7CB7C26A480}.MinSizeRel|Gaming.Xbox.Scarlett.x64.ActiveCfg = Debug|x64
		{E954E9CF-5DC1-44EB-A1B6-A7CB7C26A480}.MinSizeRel|Gaming.Xbox.Scarlett.x64.Build.0 = Debug|x64
		{E954E9CF-5DC1-44EB-A1B6-A7CB7C26A480}.MinSizeRel|Gaming.Xbox.XboxOne.x64.ActiveCfg = Debug|x64
		{E954E9CF-5DC1-44EB-A1B6-A7CB7C26A480}.MinSizeRel|Gaming.Xbox.XboxOne.x64.Build.0 = Debug|x64
		{E954E9CF-5DC1-44EB-A1B6-A7CB7C26A480}.MinSizeRel|x64.ActiveCfg = Debug|x64
		{E954E9CF-5DC1-44EB-A1B6-A7CB7C26A480}.MinSizeRel|x64.Build.0 = Debug|x64
		{E954E9CF-5DC1-44EB-A1B6-A7CB7C26A480}.MinSizeRel|x86.ActiveCfg = Debug|Win32
		{E954E9CF-5DC1-44EB-A1B6-A7CB7C26A480}.MinSizeRel|x86.Build.0 = Debug|Win32
		{E954E9CF-5DC1-44EB-A1B6-A7CB7C26A480}.Profile|ARM64.ActiveCfg = Debug|x64
		{E954E9CF-5DC1-44EB-A1B6-A7CB7C26A480}.Profile|ARM64.Build.0 = Debug|x64
		{E954E9CF-5DC1-44EB-A1B6-A7CB7C26A480}.Profile|Gaming.Desktop.x64.ActiveCfg = Debug|x64
		{E954E9CF-5DC1-44EB-A1B6-A7CB7C26A480}.Profile|Gaming.Desktop.x64.Build.0 = Debug|x64
		{E954E9CF-5DC1-44EB-A1B6-A7CB7C26A480}.Profile|Gaming.Xbox.Scarlett.x64.ActiveCfg = Debug|x64
		{E954E9CF-5DC1-44EB-A1B6-A7CB7C26A480}.Profile|Gaming.Xbox.Scarlett.x64.Build.0 = Debug|x64
		{E954E9CF-5DC1-44EB-A1B6-A7CB7C26A480}.Profile|Gaming.Xbox.XboxOne.x64.ActiveCfg = Debug|x64
		{E954E9CF-5DC1-44EB-A1B6-A7CB7C26A480}.Profile|Gaming.Xbox.XboxOne.x64.Build.0 = Debug|x64
		{E954E9CF-5DC1-44EB-A1B6-A7CB7C26A480}.Profile|x64.ActiveCfg = Debug|x64
		{E954E9CF-5DC1-44EB-A1B6-A7CB7C26A480}.Profile|x64.Build.0 = Debug|x64
		{E954E9CF-5DC1-44EB-A1B6-A7CB7C26A480}.Profile|x86.ActiveCfg = Debug|Win32
		{E954E9CF-5DC1-44EB-A1B6-A7CB7C26A480}.Profile|x86.Build.0 = Debug|Win32
		{E954E9CF-5DC1-44EB-A1B6-A7CB7C26A480}.Release_Scarlett|ARM64.ActiveCfg = Release|x64
		{E954E9CF-5DC1-44EB-A1B6-A7CB7C26A480}.Release_Scarlett|ARM64.Build.0 = Release|x64
		{E954E9CF-5DC1-44EB-A1B6-A7CB7C26A480}.Release_Scarlett|Gaming.Desktop.x64.ActiveCfg = Release|x64
		{E954E9CF-5DC1-44EB-A1B6-A7CB7C26A480}.Release_Scarlett|Gaming.Desktop.x64.Build.0 = Release|x64
		{E954E9CF-5DC1-44EB-A1B6-A7CB7C26A480}.Release_Scarlett|Gaming.Xbox.Scarlett.x64.ActiveCfg = Release|x64
		{E954E9CF-5DC1-44EB-A1B6-A7CB7C26A480}.Release_Scarlett|Gaming.Xbox.Scarlett.x64.Build.0 = Release|x64
		{E954E9CF-5DC1-44EB-A1B6-A7CB7C26A480}.Release_Scarlett|Gaming.Xbox.XboxOne.x64.ActiveCfg = Release|x64
		{E954E9CF-5DC1-44EB-A1B6-A7CB7C26A480}.Release_Scarlett|Gaming.Xbox.XboxOne.x64.Build.0 = Release|x64
		{E954E9CF-5DC1-44EB-A1B6-A7CB7C26A480}.Release_Scarlett|x64.ActiveCfg = Release|x64
		{E954E9CF-5DC1-44EB-A1B6-A7CB7C26A480}.Release_Scarlett|x64.Build.0 = Release|x64
		{E954E9CF-5DC1-44EB-A1B6-A7CB7C26A480}.Release_Scarlett|x86.ActiveCfg = Release|Win32
		{E954E9CF-5DC1-44EB-A1B6-A7CB7C26A480}.Release_Scarlett|x86.Build.0 = Release|Win32
		{E954E9CF-5DC1-44EB-A1B6-A7CB7C26A480}.Release|ARM64.ActiveCfg = Release|x64
		{E954E9CF-5DC1-44EB-A1B6-A7CB7C26A480}.Release|ARM64.Build.0 = Release|x64
		{E954E9CF-5DC1-44EB-A1B6-A7CB7C26A480}.Release|Gaming.Desktop.x64.ActiveCfg = Release|x64
		{E954E9CF-5DC1-44EB-A1B6-A7CB7C26A480}.Release|Gaming.Desktop.x64.Build.0 = Release|x64
		{E954E9CF-5DC1-44EB-A1B6-A7CB7C26A480}.Release|Gaming.Xbox.Scarlett.x64.ActiveCfg = Release|x64
		{E954E9CF-5DC1-44EB-A1B6-A7CB7C26A480}.Release|Gaming.Xbox.Scarlett.x64.Build.0 = Release|x64
		{E954E9CF-5DC1-44EB-A1B6-A7CB7C26A480}.Release|Gaming.Xbox.XboxOne.x64.ActiveCfg = Release|x64
		{E954E9CF-5DC1-44EB-A1B6-A7CB7C26A480}.Release|Gaming.Xbox.XboxOne.x64.Build.0 = Release|x64
		{E954E9CF-5DC1-44EB-A1B6-A7CB7C26A480}.Release|x64.ActiveCfg = Release|x64
		{E954E9CF-5DC1-44EB-A1B6-A7CB7C26A480}.Release|x64.Build.0 = Release|x64
		{E954E9CF-5DC1-44EB-A1B6-A7CB7C26A480}.Release|x86.ActiveCfg = Release|Win32
		{E954E9CF-5DC1-44EB-A1B6-A7CB7C26A480}.Release|x86.Build.0 = Release|Win32
		{E954E9CF-5DC1-44EB-A1B6-A7CB7C26A480}.RelWithDebInfo|ARM64.ActiveCfg = Release|x64
		{E954E9CF-5DC1-44EB-A1B6-A7CB7C26A480}.RelWithDebInfo|ARM64.Build.0 = Release|x64
		{E954E9CF-5DC1-44EB-A1B6-A7CB7C26A480}.RelWithDebInfo|Gaming.Desktop.x64.ActiveCfg = Release|x64
		{E954E9CF-5DC1-44EB-A1B6-A7CB7C26A480}.RelWithDebInfo|Gaming.Desktop.x64.Build.0 = Release|x64
		{E954E9CF-5DC1-44EB-A1B6-A7CB7C26A480}.RelWithDebInfo|Gaming.Xbox.Scarlett.x64.ActiveCfg = Release|x64
		{E954E9CF-5DC1-44EB-A1B6-A7CB7C26A480}.RelWithDebInfo|Gaming.Xbox.Scarlett.x64.Build.0 = Release|x64
		{E954E9CF-5DC1-44EB-A1B6-A7CB7C26A480}.RelWithDebInfo|Gaming.Xbox.XboxOne.x64.ActiveCfg = Release|x64
		{E954E9CF-5DC1-44EB-A1B6-A7CB7C26A480}.RelWithDebInfo|Gaming.Xbox.XboxOne.x64.Build.0 = Release|x64
		{E954E9CF-5DC1-44EB-A1B6-A7CB7C26A480}.RelWithDebInfo|x64.ActiveCfg = Release|x64
		{E954E9CF-5DC1-44EB-A1B6-A7CB7C26A480}.RelWithDebInfo|x64.Build.0 = Release|x64
		{E954E9CF-5DC1-44EB-A1B6-A7CB7C26A480}.RelWithDebInfo|x86.ActiveCfg = Release|Win32
		{E954E9CF-5DC1-44EB-A1B6-A7CB7C26A480}.RelWithDebInfo|x86.Build.0 = Release|Win32
		{8A630232-D832-3544-9C75-2218C9A401A1}.Debug_Scarlett|ARM64.ActiveCfg = MinSizeRel|x64
		{8A630232-D832-3544-9C75-2218C9A401A1}.Debug_Scarlett|ARM64.Build.0 = MinSizeRel|x64
		{8A630232-D832-3544-9C75-2218C9A401A1}.Debug_Scarlett|Gaming.Desktop.x64.ActiveCfg = MinSizeRel|x64
		{8A630232-D832-3544-9C75-2218C9A401A1}.Debug_Scarlett|Gaming.Desktop.x64.Build.0 = MinSizeRel|x64
		{8A630232-D832-3544-9C75-2218C9A401A1}.Debug_Scarlett|Gaming.Xbox.Scarlett.x64.ActiveCfg = MinSizeRel|x64
		{8A630232-D832-3544-9C75-2218C9A401A1}.Debug_Scarlett|Gaming.Xbox.Scarlett.x64.Build.0 = MinSizeRel|x64
		{8A630232-D832-3544-9C75-2218C9A401A1}.Debug_Scarlett|Gaming.Xbox.XboxOne.x64.ActiveCfg = MinSizeRel|x64
		{8A630232-D832-3544-9C75-2218C9A401A1}.Debug_Scarlett|Gaming.Xbox.XboxOne.x64.Build.0 = MinSizeRel|x64
		{8A630232-D832-3544-9C75-2218C9A401A1}.Debug_Scarlett|x64.ActiveCfg = MinSizeRel|x64
		{8A630232-D832-3544-9C75-2218C9A401A1}.Debug_Scarlett|x64.Build.0 = MinSizeRel|x64
		{8A630232-D832-3544-9C75-2218C9A401A1}.Debug_Scarlett|x86.ActiveCfg = MinSizeRel|x64
		{8A630232-D832-3544-9C75-2218C9A401A1}.Debug_Scarlett|x86.Build.0 = MinSizeRel|x64
		{8A630232-D832-3544-9C75-2218C9A401A1}.Debug|ARM64.ActiveCfg = Debug|x64
		{8A630232-D832-3544-9C75-2218C9A401A1}.Debug|ARM64.Build.0 = Debug|x64
		{8A630232-D832-3544-9C75-2218C9A401A1}.Debug|Gaming.Desktop.x64.ActiveCfg = Debug|x64
		{8A630232-D832-3544-9C75-2218C9A401A1}.Debug|Gaming.Desktop.x64.Build.0 = Debug|x64
		{8A630232-D832-3544-9C75-2218C9A401A1}.Debug|Gaming.Xbox.Scarlett.x64.ActiveCfg = Debug|x64
		{8A630232-D832-3544-9C75-2218C9A401A1}.Debug|Gaming.Xbox.Scarlett.x64.Build.0 = Debug|x64
		{8A630232-D832-3544-9C75-2218C9A401A1}.Debug|Gaming.Xbox.XboxOne.x64.ActiveCfg = Debug|x64
		{8A630232-D832-3544-9C75-2218C9A401A1}.Debug|Gaming.Xbox.XboxOne.x64.Build.0 = Debug|x64
		{8A630232-D832-3544-9C75-2218C9A401A1}.Debug|x64.ActiveCfg = Debug|x64
		{8A630232-D832-3544-9C75-2218C9A401A1}.Debug|x64.Build.0 = Debug|x64
		{8A630232-D832-3544-9C75-2218C9A401A1}.Debug|x86.ActiveCfg = Debug|x64
		{8A630232-D832-3544-9C75-2218C9A401A1}.Debug|x86.Build.0 = Debug|x64
		{8A630232-D832-3544-9C75-2218C9A401A1}.MinSizeRel|ARM64.ActiveCfg = MinSizeRel|x64
		{8A630232-D832-3544-9C75-2218C9A401A1}.MinSizeRel|ARM64.Build.0 = MinSizeRel|x64
		{8A630232-D832-3544-9C75-2218C9A401A1}.MinSizeRel|Gaming.Desktop.x64.ActiveCfg = MinSizeRel|x64
		{8A630232-D832-3544-9C75-2218C9A401A1}.MinSizeRel|Gaming.Desktop.x64.Build.0 = MinSizeRel|x64
		{8A630232-D832-3544-9C75-2218C9A401A1}.MinSizeRel|Gaming.Xbox.Scarlett.x64.ActiveCfg = MinSizeRel|x64
		{8A630232-D832-3544-9C75-2218C9A401A1}.MinSizeRel|Gaming.Xbox.Scarlett.x64.Build.0 = MinSizeRel|x64
		{8A630232-D832-3544-9C75-2218C9A401A1}.MinSizeRel|Gaming.Xbox.XboxOne.x64.ActiveCfg = MinSizeRel|x64
		{8A630232-D832-3544-9C75-2218C9A401A1}.MinSizeRel|Gaming.Xbox.XboxOne.x64.Build.0 = MinSizeRel|x64
		{8A630232-D832-3544-9C75-2218C9A401A1}.MinSizeRel|x64.ActiveCfg = MinSizeRel|x64
		{8A630232-D832-3544-9C75-2218C9A401A1}.MinSizeRel|x64.Build.0 = MinSizeRel|x64
		{8A630232-D832-3544-9C75-2218C9A401A1}.MinSizeRel|x86.ActiveCfg = MinSizeRel|x64
		{8A630232-D832-3544-9C75-2218C9A401A1}.MinSizeRel|x86.Build.0 = MinSizeRel|x64
		{8A630232-D832-3544-9C75-2218C9A401A1}.Profile|ARM64.ActiveCfg = Release|x64
		{8A630232-D832-3544-9C75-2218C9A401A1}.Profile|ARM64.Build.0 = Release|x64
		{8A630232-D832-3544-9C75-2218C9A401A1}.Profile|Gaming.Desktop.x64.ActiveCfg = Release|x64
		{8A630232-D832-3544-9C75-2218C9A401A1}.Profile|Gaming.Desktop.x64.Build.0 = Release|x64
		{8A630232-D832-3544-9C75-2218C9A401A1}.Profile|Gaming.Xbox.Scarlett.x64.ActiveCfg = Release|x64
		{8A630232-D832-3544-9C75-2218C9A401A1}.Profile|Gaming.Xbox.Scarlett.x64.Build.0 = Release|x64
		{8A630232-D832-3544-9C75-2218C9A401A1}.Profile|Gaming.Xbox.XboxOne.x64.ActiveCfg = Release|x64
		{8A630232-D832-3544-9C75-2218C9A401A1}.Profile|Gaming.Xbox.XboxOne.x64.Build.0 = Release|x64
		{8A630232-D832-3544-9C75-2218C9A401A1}.Profile|x64.ActiveCfg = Release|x64
		{8A630232-D832-3544-9C75-2218C9A401A1}.Profile|x64.Build.0 = Release|x64
		{8A630232-D832-3544-9C75-2218C9A401A1}.Profile|x86.ActiveCfg = Release|x64
		{8A630232-D832-3544-9C75-2218C9A401A1}.Profile|x86.Build.0 = Release|x64
		{8A630232-D832-3544-9C75-2218C9A401A1}.Release_Scarlett|ARM64.ActiveCfg = Release|x64
		{8A630232-D832-3544-9C75-2218C9A401A1}.Release_Scarlett|ARM64.Build.0 = Release|x64
		{8A630232-D832-3544-9C75-2218C9A401A1}.Release_Scarlett|Gaming.Desktop.x64.ActiveCfg = Release|x64
		{8A630232-D832-3544-9C75-2218C9A401A1}.Release_Scarlett|Gaming.Desktop.x64.Build.0 = Release|x64
		{8A630232-D832-3544-9C75-2218C9A401A1}.Release_Scarlett|Gaming.Xbox.Scarlett.x64.ActiveCfg = Release|x64
		{8A630232-D832-3544-9C75-2218C9A401A1}.Release_Scarlett|Gaming.Xbox.Scarlett.x64.Build.0 = Release|x64
		{8A630232-D832-3544-9C75-2218C9A401A1}.Release_Scarlett|Gaming.Xbox.XboxOne.x64.ActiveCfg = Release|x64
		{8A630232-D832-3544-9C75-2218C9A401A1}.Release_Scarlett|Gaming.Xbox.XboxOne.x64.Build.0 = Release|x64
		{8A630232-D832-3544-9C75-2218C9A401A1}.Release_Scarlett|x64.ActiveCfg = Release|x64
		{8A630232-D832-3544-9C75-2218C9A401A1}.Release_Scarlett|x64.Build.0 = Release|x64
		{8A630232-D832-3544-9C75-2218C9A401A1}.Release_Scarlett|x86.ActiveCfg = Release|x64
		{8A630232-D832-3544-9C75-2218C9A401A1}.Release_Scarlett|x86.Build.0 = Release|x64
		{8A630232-D832-3544-9C75-2218C9A401A1}.Release|ARM64.ActiveCfg = Release|x64
		{8A630232-D832-3544-9C75-2218C9A401A1}.Release|ARM64.Build.0 = Release|x64
		{8A630232-D832-3544-9C75-2218C9A401A1}.Release|Gaming.Desktop.x64.ActiveCfg = Release|x64
		{8A630232-D832-3544-9C75-2218C9A401A1}.Release|Gaming.Desktop.x64.Build.0 = Release|x64
		{8A630232-D832-3544-9C75-2218C9A401A1}.Release|Gaming.Xbox.Scarlett.x64.ActiveCfg = Release|x64
		{8A630232-D832-3544-9C75-2218C9A401A1}.Release|Gaming.Xbox.Scarlett.x64.Build.0 = Release|x64
		{8A630232-D832-3544-9C75-2218C9A401A1}.Release|Gaming.Xbox.XboxOne.x64.ActiveCfg = Release|x64
		{8A630232-D832-3544-9C75-2218C9A401A1}.Release|Gaming.Xbox.XboxOne.x64.Build.0 = Release|x64
		{8A630232-D832-3544-9C75-2218C9A401A1}.Release|x64.ActiveCfg = Release|x64
		{8A630232-D832-3544-9C75-2218C9A401A1}.Release|x64.Build.0 = Release|x64
		{8A630232-D832-3544-9C75-2218C9A401A1}.Release|x86.ActiveCfg = Release|x64
		{8A630232-D832-3544-9C75-2218C9A401A1}.Release|x86.Build.0 = Release|x64
		{8A630232-D832-3544-9C75-2218C9A401A1}.RelWithDebInfo|ARM64.ActiveCfg = RelWithDebInfo|x64
		{8A630232-D832-3544-9C75-2218C9A401A1}.RelWithDebInfo|ARM64.Build.0 = RelWithDebInfo|x64
		{8A630232-D832-3544-9C75-2218C9A401A1}.RelWithDebInfo|Gaming.Desktop.x64.ActiveCfg = RelWithDebInfo|x64
		{8A630232-D832-3544-9C75-2218C9A401A1}.RelWithDebInfo|Gaming.Desktop.x64.Build.0 = RelWithDebInfo|x64
		{8A630232-D832-3544-9C75-2218C9A401A1}.RelWithDebInfo|Gaming.Xbox.Scarlett.x64.ActiveCfg = RelWithDebInfo|x64
		{8A630232-D832-3544-9C75-2218C9A401A1}.RelWithDebInfo|Gaming.Xbox.Scarlett.x64.Build.0 = RelWithDebInfo|x64
		{8A630232-D832-3544-9C75-2218C9A401A1}.RelWithDebInfo|Gaming.Xbox.XboxOne.x64.ActiveCfg = RelWithDebInfo|x64
		{8A630232-D832-3544-9C75-2218C9A401A1}.RelWithDebInfo|Gaming.Xbox.XboxOne.x64.Build.0 = RelWithDebInfo|x64
		{8A630232-D832-3544-9C75-2218C9A401A1}.RelWithDebInfo|x64.ActiveCfg = RelWithDebInfo|x64
		{8A630232-D832-3544-9C75-2218C9A401A1}.RelWithDebInfo|x64.Build.0 = RelWithDebInfo|x64
		{8A630232-D832-3544-9C75-2218C9A401A1}.RelWithDebInfo|x86.ActiveCfg = RelWithDebInfo|x64
		{8A630232-D832-3544-9C75-2218C9A401A1}.RelWithDebInfo|x86.Build.0 = RelWithDebInfo|x64
	EndGlobalSection
	GlobalSection(SolutionProperties) = preSolution
		HideSolutionNode = FALSE
	EndGlobalSection
	GlobalSection(NestedProjects) = preSolution
		{AF2A6BA6-7202-4E53-9641-47BD2616A820} = {61A13A80-6486-4DA1-9074-7A24B8CC9E6B}
		{3E0E8608-CD9B-4C76-AF33-29CA38F2C9F0} = {9960AF86-CCBB-4324-82E0-49620964CD78}
		{9BC34182-08C8-40A3-AD6A-A5E1687E49C3} = {61A13A80-6486-4DA1-9074-7A24B8CC9E6B}
		{606364C8-2338-31D9-95A8-9FBBC3BA4DB1} = {9960AF86-CCBB-4324-82E0-49620964CD78}
		{E954E9CF-5DC1-44EB-A1B6-A7CB7C26A480} = {61A13A80-6486-4DA1-9074-7A24B8CC9E6B}
		{8A630232-D832-3544-9C75-2218C9A401A1} = {9960AF86-CCBB-4324-82E0-49620964CD78}
	EndGlobalSection
	GlobalSection(ExtensibilityGlobals) = postSolution
		SolutionGuid = {E0B7ECCB-9A1D-4540-B0EE-8B60ABF77603}
	EndGlobalSection
EndGlobal
