
Microsoft Visual Studio Solution File, Format Version 12.00
# Visual Studio Version 17
VisualStudioVersion = 17.10.35013.160
MinimumVisualStudioVersion = 10.0.40219.1
Project("{8BC9CEB8-8B4A-11D0-8D11-00A0C91BC942}") = "Blainnflare", "Blainn\Blainnflare.vcxproj", "{D7827957-E617-40AB-8265-3A8989CE9BA1}"
	ProjectSection(ProjectDependencies) = postProject
		{3E0E8608-CD9B-4C76-AF33-29CA38F2C9F0} = {3E0E8608-CD9B-4C76-AF33-29CA38F2C9F0}
	EndProjectSection
EndProject
Project("{8BC9CEB8-8B4A-11D0-8D11-00A0C91BC942}") = "spdlog", "Blainn\vendor\spdlog\build\spdlog.vcxproj", "{81EA0C40-052B-3DB5-A7EF-429EDECDB17F}"
EndProject
Project("{2150E333-8FDC-42A3-9474-1A3956D46DE8}") = "Dependencies", "Dependencies", "{9960AF86-CCBB-4324-82E0-49620964CD78}"
EndProject
Project("{2150E333-8FDC-42A3-9474-1A3956D46DE8}") = "Games", "Games", "{61A13A80-6486-4DA1-9074-7A24B8CC9E6B}"
EndProject
Project("{8BC9CEB8-8B4A-11D0-8D11-00A0C91BC942}") = "Pong", "Games\Pong\Pong.vcxproj", "{AF2A6BA6-7202-4E53-9641-47BD2616A820}"
	ProjectSection(ProjectDependencies) = postProject
		{3E0E8608-CD9B-4C76-AF33-29CA38F2C9F0} = {3E0E8608-CD9B-4C76-AF33-29CA38F2C9F0}
		{81EA0C40-052B-3DB5-A7EF-429EDECDB17F} = {81EA0C40-052B-3DB5-A7EF-429EDECDB17F}
		{D7827957-E617-40AB-8265-3A8989CE9BA1} = {D7827957-E617-40AB-8265-3A8989CE9BA1}
	EndProjectSection
EndProject
Project("{8BC9CEB8-8B4A-11D0-8D11-00A0C91BC942}") = "DirectXTK12", "Dependencies\DXTK\DirectXTK_Desktop_2022_Win10.vcxproj", "{3E0E8608-CD9B-4C76-AF33-29CA38F2C9F0}"
EndProject
Global
	GlobalSection(SolutionConfigurationPlatforms) = preSolution
		Debug|ARM64 = Debug|ARM64
		Debug|Gaming.Desktop.x64 = Debug|Gaming.Desktop.x64
		Debug|Gaming.Xbox.Scarlett.x64 = Debug|Gaming.Xbox.Scarlett.x64
		Debug|Gaming.Xbox.XboxOne.x64 = Debug|Gaming.Xbox.XboxOne.x64
		Debug|x64 = Debug|x64
		Debug|x86 = Debug|x86
		MinSizeRel|ARM64 = MinSizeRel|ARM64
		MinSizeRel|Gaming.Desktop.x64 = MinSizeRel|Gaming.Desktop.x64
		MinSizeRel|Gaming.Xbox.Scarlett.x64 = MinSizeRel|Gaming.Xbox.Scarlett.x64
		MinSizeRel|Gaming.Xbox.XboxOne.x64 = MinSizeRel|Gaming.Xbox.XboxOne.x64
		MinSizeRel|x64 = MinSizeRel|x64
		MinSizeRel|x86 = MinSizeRel|x86
		Profile|ARM64 = Profile|ARM64
		Profile|Gaming.Desktop.x64 = Profile|Gaming.Desktop.x64
		Profile|Gaming.Xbox.Scarlett.x64 = Profile|Gaming.Xbox.Scarlett.x64
		Profile|Gaming.Xbox.XboxOne.x64 = Profile|Gaming.Xbox.XboxOne.x64
		Profile|x64 = Profile|x64
		Profile|x86 = Profile|x86
		Release|ARM64 = Release|ARM64
		Release|Gaming.Desktop.x64 = Release|Gaming.Desktop.x64
		Release|Gaming.Xbox.Scarlett.x64 = Release|Gaming.Xbox.Scarlett.x64
		Release|Gaming.Xbox.XboxOne.x64 = Release|Gaming.Xbox.XboxOne.x64
		Release|x64 = Release|x64
		Release|x86 = Release|x86
		RelWithDebInfo|ARM64 = RelWithDebInfo|ARM64
		RelWithDebInfo|Gaming.Desktop.x64 = RelWithDebInfo|Gaming.Desktop.x64
		RelWithDebInfo|Gaming.Xbox.Scarlett.x64 = RelWithDebInfo|Gaming.Xbox.Scarlett.x64
		RelWithDebInfo|Gaming.Xbox.XboxOne.x64 = RelWithDebInfo|Gaming.Xbox.XboxOne.x64
		RelWithDebInfo|x64 = RelWithDebInfo|x64
		RelWithDebInfo|x86 = RelWithDebInfo|x86
	EndGlobalSection
	GlobalSection(ProjectConfigurationPlatforms) = postSolution
		{D7827957-E617-40AB-8265-3A8989CE9BA1}.Debug|ARM64.ActiveCfg = Debug|x64
		{D7827957-E617-40AB-8265-3A8989CE9BA1}.Debug|ARM64.Build.0 = Debug|x64
		{D7827957-E617-40AB-8265-3A8989CE9BA1}.Debug|Gaming.Desktop.x64.ActiveCfg = Debug|x64
		{D7827957-E617-40AB-8265-3A8989CE9BA1}.Debug|Gaming.Desktop.x64.Build.0 = Debug|x64
		{D7827957-E617-40AB-8265-3A8989CE9BA1}.Debug|Gaming.Xbox.Scarlett.x64.ActiveCfg = Debug|x64
		{D7827957-E617-40AB-8265-3A8989CE9BA1}.Debug|Gaming.Xbox.Scarlett.x64.Build.0 = Debug|x64
		{D7827957-E617-40AB-8265-3A8989CE9BA1}.Debug|Gaming.Xbox.XboxOne.x64.ActiveCfg = Debug|x64
		{D7827957-E617-40AB-8265-3A8989CE9BA1}.Debug|Gaming.Xbox.XboxOne.x64.Build.0 = Debug|x64
		{D7827957-E617-40AB-8265-3A8989CE9BA1}.Debug|x64.ActiveCfg = Debug|x64
		{D7827957-E617-40AB-8265-3A8989CE9BA1}.Debug|x64.Build.0 = Debug|x64
		{D7827957-E617-40AB-8265-3A8989CE9BA1}.Debug|x86.ActiveCfg = Debug|Win32
		{D7827957-E617-40AB-8265-3A8989CE9BA1}.Debug|x86.Build.0 = Debug|Win32
		{D7827957-E617-40AB-8265-3A8989CE9BA1}.MinSizeRel|ARM64.ActiveCfg = Release|x64
		{D7827957-E617-40AB-8265-3A8989CE9BA1}.MinSizeRel|ARM64.Build.0 = Release|x64
		{D7827957-E617-40AB-8265-3A8989CE9BA1}.MinSizeRel|Gaming.Desktop.x64.ActiveCfg = Release|x64
		{D7827957-E617-40AB-8265-3A8989CE9BA1}.MinSizeRel|Gaming.Desktop.x64.Build.0 = Release|x64
		{D7827957-E617-40AB-8265-3A8989CE9BA1}.MinSizeRel|Gaming.Xbox.Scarlett.x64.ActiveCfg = Release|x64
		{D7827957-E617-40AB-8265-3A8989CE9BA1}.MinSizeRel|Gaming.Xbox.Scarlett.x64.Build.0 = Release|x64
		{D7827957-E617-40AB-8265-3A8989CE9BA1}.MinSizeRel|Gaming.Xbox.XboxOne.x64.ActiveCfg = Release|x64
		{D7827957-E617-40AB-8265-3A8989CE9BA1}.MinSizeRel|Gaming.Xbox.XboxOne.x64.Build.0 = Release|x64
		{D7827957-E617-40AB-8265-3A8989CE9BA1}.MinSizeRel|x64.ActiveCfg = Release|x64
		{D7827957-E617-40AB-8265-3A8989CE9BA1}.MinSizeRel|x64.Build.0 = Release|x64
		{D7827957-E617-40AB-8265-3A8989CE9BA1}.MinSizeRel|x86.ActiveCfg = Release|Win32
		{D7827957-E617-40AB-8265-3A8989CE9BA1}.MinSizeRel|x86.Build.0 = Release|Win32
		{D7827957-E617-40AB-8265-3A8989CE9BA1}.Profile|ARM64.ActiveCfg = Release|x64
		{D7827957-E617-40AB-8265-3A8989CE9BA1}.Profile|ARM64.Build.0 = Release|x64
		{D7827957-E617-40AB-8265-3A8989CE9BA1}.Profile|Gaming.Desktop.x64.ActiveCfg = Release|x64
		{D7827957-E617-40AB-8265-3A8989CE9BA1}.Profile|Gaming.Desktop.x64.Build.0 = Release|x64
		{D7827957-E617-40AB-8265-3A8989CE9BA1}.Profile|Gaming.Xbox.Scarlett.x64.ActiveCfg = Release|x64
		{D7827957-E617-40AB-8265-3A8989CE9BA1}.Profile|Gaming.Xbox.Scarlett.x64.Build.0 = Release|x64
		{D7827957-E617-40AB-8265-3A8989CE9BA1}.Profile|Gaming.Xbox.XboxOne.x64.ActiveCfg = Release|x64
		{D7827957-E617-40AB-8265-3A8989CE9BA1}.Profile|Gaming.Xbox.XboxOne.x64.Build.0 = Release|x64
		{D7827957-E617-40AB-8265-3A8989CE9BA1}.Profile|x64.ActiveCfg = Release|x64
		{D7827957-E617-40AB-8265-3A8989CE9BA1}.Profile|x64.Build.0 = Release|x64
		{D7827957-E617-40AB-8265-3A8989CE9BA1}.Profile|x86.ActiveCfg = Release|Win32
		{D7827957-E617-40AB-8265-3A8989CE9BA1}.Profile|x86.Build.0 = Release|Win32
		{D7827957-E617-40AB-8265-3A8989CE9BA1}.Release|ARM64.ActiveCfg = Release|x64
		{D7827957-E617-40AB-8265-3A8989CE9BA1}.Release|ARM64.Build.0 = Release|x64
		{D7827957-E617-40AB-8265-3A8989CE9BA1}.Release|Gaming.Desktop.x64.ActiveCfg = Release|x64
		{D7827957-E617-40AB-8265-3A8989CE9BA1}.Release|Gaming.Desktop.x64.Build.0 = Release|x64
		{D7827957-E617-40AB-8265-3A8989CE9BA1}.Release|Gaming.Xbox.Scarlett.x64.ActiveCfg = Release|x64
		{D7827957-E617-40AB-8265-3A8989CE9BA1}.Release|Gaming.Xbox.Scarlett.x64.Build.0 = Release|x64
		{D7827957-E617-40AB-8265-3A8989CE9BA1}.Release|Gaming.Xbox.XboxOne.x64.ActiveCfg = Release|x64
		{D7827957-E617-40AB-8265-3A8989CE9BA1}.Release|Gaming.Xbox.XboxOne.x64.Build.0 = Release|x64
		{D7827957-E617-40AB-8265-3A8989CE9BA1}.Release|x64.ActiveCfg = Release|x64
		{D7827957-E617-40AB-8265-3A8989CE9BA1}.Release|x64.Build.0 = Release|x64
		{D7827957-E617-40AB-8265-3A8989CE9BA1}.Release|x86.ActiveCfg = Release|Win32
		{D7827957-E617-40AB-8265-3A8989CE9BA1}.Release|x86.Build.0 = Release|Win32
		{D7827957-E617-40AB-8265-3A8989CE9BA1}.RelWithDebInfo|ARM64.ActiveCfg = Release|x64
		{D7827957-E617-40AB-8265-3A8989CE9BA1}.RelWithDebInfo|ARM64.Build.0 = Release|x64
		{D7827957-E617-40AB-8265-3A8989CE9BA1}.RelWithDebInfo|Gaming.Desktop.x64.ActiveCfg = Release|x64
		{D7827957-E617-40AB-8265-3A8989CE9BA1}.RelWithDebInfo|Gaming.Desktop.x64.Build.0 = Release|x64
		{D7827957-E617-40AB-8265-3A8989CE9BA1}.RelWithDebInfo|Gaming.Xbox.Scarlett.x64.ActiveCfg = Release|x64
		{D7827957-E617-40AB-8265-3A8989CE9BA1}.RelWithDebInfo|Gaming.Xbox.Scarlett.x64.Build.0 = Release|x64
		{D7827957-E617-40AB-8265-3A8989CE9BA1}.RelWithDebInfo|Gaming.Xbox.XboxOne.x64.ActiveCfg = Release|x64
		{D7827957-E617-40AB-8265-3A8989CE9BA1}.RelWithDebInfo|Gaming.Xbox.XboxOne.x64.Build.0 = Release|x64
		{D7827957-E617-40AB-8265-3A8989CE9BA1}.RelWithDebInfo|x64.ActiveCfg = Release|x64
		{D7827957-E617-40AB-8265-3A8989CE9BA1}.RelWithDebInfo|x64.Build.0 = Release|x64
		{D7827957-E617-40AB-8265-3A8989CE9BA1}.RelWithDebInfo|x86.ActiveCfg = Release|Win32
		{D7827957-E617-40AB-8265-3A8989CE9BA1}.RelWithDebInfo|x86.Build.0 = Release|Win32
		{81EA0C40-052B-3DB5-A7EF-429EDECDB17F}.Debug|ARM64.ActiveCfg = Debug|x64
		{81EA0C40-052B-3DB5-A7EF-429EDECDB17F}.Debug|ARM64.Build.0 = Debug|x64
		{81EA0C40-052B-3DB5-A7EF-429EDECDB17F}.Debug|Gaming.Desktop.x64.ActiveCfg = Debug|x64
		{81EA0C40-052B-3DB5-A7EF-429EDECDB17F}.Debug|Gaming.Desktop.x64.Build.0 = Debug|x64
		{81EA0C40-052B-3DB5-A7EF-429EDECDB17F}.Debug|Gaming.Xbox.Scarlett.x64.ActiveCfg = Debug|x64
		{81EA0C40-052B-3DB5-A7EF-429EDECDB17F}.Debug|Gaming.Xbox.Scarlett.x64.Build.0 = Debug|x64
		{81EA0C40-052B-3DB5-A7EF-429EDECDB17F}.Debug|Gaming.Xbox.XboxOne.x64.ActiveCfg = Debug|x64
		{81EA0C40-052B-3DB5-A7EF-429EDECDB17F}.Debug|Gaming.Xbox.XboxOne.x64.Build.0 = Debug|x64
		{81EA0C40-052B-3DB5-A7EF-429EDECDB17F}.Debug|x64.ActiveCfg = Debug|x64
		{81EA0C40-052B-3DB5-A7EF-429EDECDB17F}.Debug|x64.Build.0 = Debug|x64
		{81EA0C40-052B-3DB5-A7EF-429EDECDB17F}.Debug|x86.ActiveCfg = Debug|x64
		{81EA0C40-052B-3DB5-A7EF-429EDECDB17F}.Debug|x86.Build.0 = Debug|x64
		{81EA0C40-052B-3DB5-A7EF-429EDECDB17F}.MinSizeRel|ARM64.ActiveCfg = MinSizeRel|x64
		{81EA0C40-052B-3DB5-A7EF-429EDECDB17F}.MinSizeRel|ARM64.Build.0 = MinSizeRel|x64
		{81EA0C40-052B-3DB5-A7EF-429EDECDB17F}.MinSizeRel|Gaming.Desktop.x64.ActiveCfg = MinSizeRel|x64
		{81EA0C40-052B-3DB5-A7EF-429EDECDB17F}.MinSizeRel|Gaming.Desktop.x64.Build.0 = MinSizeRel|x64
		{81EA0C40-052B-3DB5-A7EF-429EDECDB17F}.MinSizeRel|Gaming.Xbox.Scarlett.x64.ActiveCfg = MinSizeRel|x64
		{81EA0C40-052B-3DB5-A7EF-429EDECDB17F}.MinSizeRel|Gaming.Xbox.Scarlett.x64.Build.0 = MinSizeRel|x64
		{81EA0C40-052B-3DB5-A7EF-429EDECDB17F}.MinSizeRel|Gaming.Xbox.XboxOne.x64.ActiveCfg = MinSizeRel|x64
		{81EA0C40-052B-3DB5-A7EF-429EDECDB17F}.MinSizeRel|Gaming.Xbox.XboxOne.x64.Build.0 = MinSizeRel|x64
		{81EA0C40-052B-3DB5-A7EF-429EDECDB17F}.MinSizeRel|x64.ActiveCfg = MinSizeRel|x64
		{81EA0C40-052B-3DB5-A7EF-429EDECDB17F}.MinSizeRel|x64.Build.0 = MinSizeRel|x64
		{81EA0C40-052B-3DB5-A7EF-429EDECDB17F}.MinSizeRel|x86.ActiveCfg = MinSizeRel|x64
		{81EA0C40-052B-3DB5-A7EF-429EDECDB17F}.MinSizeRel|x86.Build.0 = MinSizeRel|x64
		{81EA0C40-052B-3DB5-A7EF-429EDECDB17F}.Profile|ARM64.ActiveCfg = RelWithDebInfo|x64
		{81EA0C40-052B-3DB5-A7EF-429EDECDB17F}.Profile|ARM64.Build.0 = RelWithDebInfo|x64
		{81EA0C40-052B-3DB5-A7EF-429EDECDB17F}.Profile|Gaming.Desktop.x64.ActiveCfg = RelWithDebInfo|x64
		{81EA0C40-052B-3DB5-A7EF-429EDECDB17F}.Profile|Gaming.Desktop.x64.Build.0 = RelWithDebInfo|x64
		{81EA0C40-052B-3DB5-A7EF-429EDECDB17F}.Profile|Gaming.Xbox.Scarlett.x64.ActiveCfg = RelWithDebInfo|x64
		{81EA0C40-052B-3DB5-A7EF-429EDECDB17F}.Profile|Gaming.Xbox.Scarlett.x64.Build.0 = RelWithDebInfo|x64
		{81EA0C40-052B-3DB5-A7EF-429EDECDB17F}.Profile|Gaming.Xbox.XboxOne.x64.ActiveCfg = RelWithDebInfo|x64
		{81EA0C40-052B-3DB5-A7EF-429EDECDB17F}.Profile|Gaming.Xbox.XboxOne.x64.Build.0 = RelWithDebInfo|x64
		{81EA0C40-052B-3DB5-A7EF-429EDECDB17F}.Profile|x64.ActiveCfg = RelWithDebInfo|x64
		{81EA0C40-052B-3DB5-A7EF-429EDECDB17F}.Profile|x64.Build.0 = RelWithDebInfo|x64
		{81EA0C40-052B-3DB5-A7EF-429EDECDB17F}.Profile|x86.ActiveCfg = RelWithDebInfo|x64
		{81EA0C40-052B-3DB5-A7EF-429EDECDB17F}.Profile|x86.Build.0 = RelWithDebInfo|x64
		{81EA0C40-052B-3DB5-A7EF-429EDECDB17F}.Release|ARM64.ActiveCfg = Release|x64
		{81EA0C40-052B-3DB5-A7EF-429EDECDB17F}.Release|ARM64.Build.0 = Release|x64
		{81EA0C40-052B-3DB5-A7EF-429EDECDB17F}.Release|Gaming.Desktop.x64.ActiveCfg = Release|x64
		{81EA0C40-052B-3DB5-A7EF-429EDECDB17F}.Release|Gaming.Desktop.x64.Build.0 = Release|x64
		{81EA0C40-052B-3DB5-A7EF-429EDECDB17F}.Release|Gaming.Xbox.Scarlett.x64.ActiveCfg = Release|x64
		{81EA0C40-052B-3DB5-A7EF-429EDECDB17F}.Release|Gaming.Xbox.Scarlett.x64.Build.0 = Release|x64
		{81EA0C40-052B-3DB5-A7EF-429EDECDB17F}.Release|Gaming.Xbox.XboxOne.x64.ActiveCfg = Release|x64
		{81EA0C40-052B-3DB5-A7EF-429EDECDB17F}.Release|Gaming.Xbox.XboxOne.x64.Build.0 = Release|x64
		{81EA0C40-052B-3DB5-A7EF-429EDECDB17F}.Release|x64.ActiveCfg = Release|x64
		{81EA0C40-052B-3DB5-A7EF-429EDECDB17F}.Release|x64.Build.0 = Release|x64
		{81EA0C40-052B-3DB5-A7EF-429EDECDB17F}.Release|x86.ActiveCfg = Release|x64
		{81EA0C40-052B-3DB5-A7EF-429EDECDB17F}.Release|x86.Build.0 = Release|x64
		{81EA0C40-052B-3DB5-A7EF-429EDECDB17F}.RelWithDebInfo|ARM64.ActiveCfg = RelWithDebInfo|x64
		{81EA0C40-052B-3DB5-A7EF-429EDECDB17F}.RelWithDebInfo|ARM64.Build.0 = RelWithDebInfo|x64
		{81EA0C40-052B-3DB5-A7EF-429EDECDB17F}.RelWithDebInfo|Gaming.Desktop.x64.ActiveCfg = RelWithDebInfo|x64
		{81EA0C40-052B-3DB5-A7EF-429EDECDB17F}.RelWithDebInfo|Gaming.Desktop.x64.Build.0 = RelWithDebInfo|x64
		{81EA0C40-052B-3DB5-A7EF-429EDECDB17F}.RelWithDebInfo|Gaming.Xbox.Scarlett.x64.ActiveCfg = RelWithDebInfo|x64
		{81EA0C40-052B-3DB5-A7EF-429EDECDB17F}.RelWithDebInfo|Gaming.Xbox.Scarlett.x64.Build.0 = RelWithDebInfo|x64
		{81EA0C40-052B-3DB5-A7EF-429EDECDB17F}.RelWithDebInfo|Gaming.Xbox.XboxOne.x64.ActiveCfg = RelWithDebInfo|x64
		{81EA0C40-052B-3DB5-A7EF-429EDECDB17F}.RelWithDebInfo|Gaming.Xbox.XboxOne.x64.Build.0 = RelWithDebInfo|x64
		{81EA0C40-052B-3DB5-A7EF-429EDECDB17F}.RelWithDebInfo|x64.ActiveCfg = RelWithDebInfo|x64
		{81EA0C40-052B-3DB5-A7EF-429EDECDB17F}.RelWithDebInfo|x64.Build.0 = RelWithDebInfo|x64
		{81EA0C40-052B-3DB5-A7EF-429EDECDB17F}.RelWithDebInfo|x86.ActiveCfg = RelWithDebInfo|x64
		{81EA0C40-052B-3DB5-A7EF-429EDECDB17F}.RelWithDebInfo|x86.Build.0 = RelWithDebInfo|x64
		{AF2A6BA6-7202-4E53-9641-47BD2616A820}.Debug|ARM64.ActiveCfg = Debug|x64
		{AF2A6BA6-7202-4E53-9641-47BD2616A820}.Debug|ARM64.Build.0 = Debug|x64
		{AF2A6BA6-7202-4E53-9641-47BD2616A820}.Debug|Gaming.Desktop.x64.ActiveCfg = Debug|x64
		{AF2A6BA6-7202-4E53-9641-47BD2616A820}.Debug|Gaming.Desktop.x64.Build.0 = Debug|x64
		{AF2A6BA6-7202-4E53-9641-47BD2616A820}.Debug|Gaming.Xbox.Scarlett.x64.ActiveCfg = Debug|x64
		{AF2A6BA6-7202-4E53-9641-47BD2616A820}.Debug|Gaming.Xbox.Scarlett.x64.Build.0 = Debug|x64
		{AF2A6BA6-7202-4E53-9641-47BD2616A820}.Debug|Gaming.Xbox.XboxOne.x64.ActiveCfg = Debug|x64
		{AF2A6BA6-7202-4E53-9641-47BD2616A820}.Debug|Gaming.Xbox.XboxOne.x64.Build.0 = Debug|x64
		{AF2A6BA6-7202-4E53-9641-47BD2616A820}.Debug|x64.ActiveCfg = Debug|x64
		{AF2A6BA6-7202-4E53-9641-47BD2616A820}.Debug|x64.Build.0 = Debug|x64
		{AF2A6BA6-7202-4E53-9641-47BD2616A820}.Debug|x86.ActiveCfg = Debug|Win32
		{AF2A6BA6-7202-4E53-9641-47BD2616A820}.Debug|x86.Build.0 = Debug|Win32
		{AF2A6BA6-7202-4E53-9641-47BD2616A820}.MinSizeRel|ARM64.ActiveCfg = Release|x64
		{AF2A6BA6-7202-4E53-9641-47BD2616A820}.MinSizeRel|ARM64.Build.0 = Release|x64
		{AF2A6BA6-7202-4E53-9641-47BD2616A820}.MinSizeRel|Gaming.Desktop.x64.ActiveCfg = Release|x64
		{AF2A6BA6-7202-4E53-9641-47BD2616A820}.MinSizeRel|Gaming.Desktop.x64.Build.0 = Release|x64
		{AF2A6BA6-7202-4E53-9641-47BD2616A820}.MinSizeRel|Gaming.Xbox.Scarlett.x64.ActiveCfg = Release|x64
		{AF2A6BA6-7202-4E53-9641-47BD2616A820}.MinSizeRel|Gaming.Xbox.Scarlett.x64.Build.0 = Release|x64
		{AF2A6BA6-7202-4E53-9641-47BD2616A820}.MinSizeRel|Gaming.Xbox.XboxOne.x64.ActiveCfg = Release|x64
		{AF2A6BA6-7202-4E53-9641-47BD2616A820}.MinSizeRel|Gaming.Xbox.XboxOne.x64.Build.0 = Release|x64
		{AF2A6BA6-7202-4E53-9641-47BD2616A820}.MinSizeRel|x64.ActiveCfg = Debug|x64
		{AF2A6BA6-7202-4E53-9641-47BD2616A820}.MinSizeRel|x64.Build.0 = Debug|x64
		{AF2A6BA6-7202-4E53-9641-47BD2616A820}.MinSizeRel|x86.ActiveCfg = Debug|Win32
		{AF2A6BA6-7202-4E53-9641-47BD2616A820}.MinSizeRel|x86.Build.0 = Debug|Win32
		{AF2A6BA6-7202-4E53-9641-47BD2616A820}.Profile|ARM64.ActiveCfg = Release|x64
		{AF2A6BA6-7202-4E53-9641-47BD2616A820}.Profile|ARM64.Build.0 = Release|x64
		{AF2A6BA6-7202-4E53-9641-47BD2616A820}.Profile|Gaming.Desktop.x64.ActiveCfg = Release|x64
		{AF2A6BA6-7202-4E53-9641-47BD2616A820}.Profile|Gaming.Desktop.x64.Build.0 = Release|x64
		{AF2A6BA6-7202-4E53-9641-47BD2616A820}.Profile|Gaming.Xbox.Scarlett.x64.ActiveCfg = Release|x64
		{AF2A6BA6-7202-4E53-9641-47BD2616A820}.Profile|Gaming.Xbox.Scarlett.x64.Build.0 = Release|x64
		{AF2A6BA6-7202-4E53-9641-47BD2616A820}.Profile|Gaming.Xbox.XboxOne.x64.ActiveCfg = Release|x64
		{AF2A6BA6-7202-4E53-9641-47BD2616A820}.Profile|Gaming.Xbox.XboxOne.x64.Build.0 = Release|x64
		{AF2A6BA6-7202-4E53-9641-47BD2616A820}.Profile|x64.ActiveCfg = Release|x64
		{AF2A6BA6-7202-4E53-9641-47BD2616A820}.Profile|x64.Build.0 = Release|x64
		{AF2A6BA6-7202-4E53-9641-47BD2616A820}.Profile|x86.ActiveCfg = Release|Win32
		{AF2A6BA6-7202-4E53-9641-47BD2616A820}.Profile|x86.Build.0 = Release|Win32
		{AF2A6BA6-7202-4E53-9641-47BD2616A820}.Release|ARM64.ActiveCfg = Release|x64
		{AF2A6BA6-7202-4E53-9641-47BD2616A820}.Release|ARM64.Build.0 = Release|x64
		{AF2A6BA6-7202-4E53-9641-47BD2616A820}.Release|Gaming.Desktop.x64.ActiveCfg = Release|x64
		{AF2A6BA6-7202-4E53-9641-47BD2616A820}.Release|Gaming.Desktop.x64.Build.0 = Release|x64
		{AF2A6BA6-7202-4E53-9641-47BD2616A820}.Release|Gaming.Xbox.Scarlett.x64.ActiveCfg = Release|x64
		{AF2A6BA6-7202-4E53-9641-47BD2616A820}.Release|Gaming.Xbox.Scarlett.x64.Build.0 = Release|x64
		{AF2A6BA6-7202-4E53-9641-47BD2616A820}.Release|Gaming.Xbox.XboxOne.x64.ActiveCfg = Release|x64
		{AF2A6BA6-7202-4E53-9641-47BD2616A820}.Release|Gaming.Xbox.XboxOne.x64.Build.0 = Release|x64
		{AF2A6BA6-7202-4E53-9641-47BD2616A820}.Release|x64.ActiveCfg = Release|x64
		{AF2A6BA6-7202-4E53-9641-47BD2616A820}.Release|x64.Build.0 = Release|x64
		{AF2A6BA6-7202-4E53-9641-47BD2616A820}.Release|x86.ActiveCfg = Release|Win32
		{AF2A6BA6-7202-4E53-9641-47BD2616A820}.Release|x86.Build.0 = Release|Win32
		{AF2A6BA6-7202-4E53-9641-47BD2616A820}.RelWithDebInfo|ARM64.ActiveCfg = Release|x64
		{AF2A6BA6-7202-4E53-9641-47BD2616A820}.RelWithDebInfo|ARM64.Build.0 = Release|x64
		{AF2A6BA6-7202-4E53-9641-47BD2616A820}.RelWithDebInfo|Gaming.Desktop.x64.ActiveCfg = Release|x64
		{AF2A6BA6-7202-4E53-9641-47BD2616A820}.RelWithDebInfo|Gaming.Desktop.x64.Build.0 = Release|x64
		{AF2A6BA6-7202-4E53-9641-47BD2616A820}.RelWithDebInfo|Gaming.Xbox.Scarlett.x64.ActiveCfg = Release|x64
		{AF2A6BA6-7202-4E53-9641-47BD2616A820}.RelWithDebInfo|Gaming.Xbox.Scarlett.x64.Build.0 = Release|x64
		{AF2A6BA6-7202-4E53-9641-47BD2616A820}.RelWithDebInfo|Gaming.Xbox.XboxOne.x64.ActiveCfg = Release|x64
		{AF2A6BA6-7202-4E53-9641-47BD2616A820}.RelWithDebInfo|Gaming.Xbox.XboxOne.x64.Build.0 = Release|x64
		{AF2A6BA6-7202-4E53-9641-47BD2616A820}.RelWithDebInfo|x64.ActiveCfg = Release|x64
		{AF2A6BA6-7202-4E53-9641-47BD2616A820}.RelWithDebInfo|x64.Build.0 = Release|x64
		{AF2A6BA6-7202-4E53-9641-47BD2616A820}.RelWithDebInfo|x86.ActiveCfg = Release|Win32
		{AF2A6BA6-7202-4E53-9641-47BD2616A820}.RelWithDebInfo|x86.Build.0 = Release|Win32
		{3E0E8608-CD9B-4C76-AF33-29CA38F2C9F0}.Debug|ARM64.ActiveCfg = Debug|ARM64
		{3E0E8608-CD9B-4C76-AF33-29CA38F2C9F0}.Debug|ARM64.Build.0 = Debug|ARM64
		{3E0E8608-CD9B-4C76-AF33-29CA38F2C9F0}.Debug|Gaming.Desktop.x64.ActiveCfg = Debug|x64
		{3E0E8608-CD9B-4C76-AF33-29CA38F2C9F0}.Debug|Gaming.Desktop.x64.Build.0 = Debug|x64
		{3E0E8608-CD9B-4C76-AF33-29CA38F2C9F0}.Debug|Gaming.Xbox.Scarlett.x64.ActiveCfg = Debug|x64
		{3E0E8608-CD9B-4C76-AF33-29CA38F2C9F0}.Debug|Gaming.Xbox.Scarlett.x64.Build.0 = Debug|x64
		{3E0E8608-CD9B-4C76-AF33-29CA38F2C9F0}.Debug|Gaming.Xbox.XboxOne.x64.ActiveCfg = Debug|x64
		{3E0E8608-CD9B-4C76-AF33-29CA38F2C9F0}.Debug|Gaming.Xbox.XboxOne.x64.Build.0 = Debug|x64
		{3E0E8608-CD9B-4C76-AF33-29CA38F2C9F0}.Debug|x64.ActiveCfg = Debug|x64
		{3E0E8608-CD9B-4C76-AF33-29CA38F2C9F0}.Debug|x64.Build.0 = Debug|x64
		{3E0E8608-CD9B-4C76-AF33-29CA38F2C9F0}.Debug|x86.ActiveCfg = Debug|Win32
		{3E0E8608-CD9B-4C76-AF33-29CA38F2C9F0}.Debug|x86.Build.0 = Debug|Win32
		{3E0E8608-CD9B-4C76-AF33-29CA38F2C9F0}.MinSizeRel|ARM64.ActiveCfg = Debug|ARM64
		{3E0E8608-CD9B-4C76-AF33-29CA38F2C9F0}.MinSizeRel|ARM64.Build.0 = Debug|ARM64
		{3E0E8608-CD9B-4C76-AF33-29CA38F2C9F0}.MinSizeRel|Gaming.Desktop.x64.ActiveCfg = Debug|x64
		{3E0E8608-CD9B-4C76-AF33-29CA38F2C9F0}.MinSizeRel|Gaming.Desktop.x64.Build.0 = Debug|x64
		{3E0E8608-CD9B-4C76-AF33-29CA38F2C9F0}.MinSizeRel|Gaming.Xbox.Scarlett.x64.ActiveCfg = Debug|x64
		{3E0E8608-CD9B-4C76-AF33-29CA38F2C9F0}.MinSizeRel|Gaming.Xbox.Scarlett.x64.Build.0 = Debug|x64
		{3E0E8608-CD9B-4C76-AF33-29CA38F2C9F0}.MinSizeRel|Gaming.Xbox.XboxOne.x64.ActiveCfg = Debug|x64
		{3E0E8608-CD9B-4C76-AF33-29CA38F2C9F0}.MinSizeRel|Gaming.Xbox.XboxOne.x64.Build.0 = Debug|x64
		{3E0E8608-CD9B-4C76-AF33-29CA38F2C9F0}.MinSizeRel|x64.ActiveCfg = Debug|x64
		{3E0E8608-CD9B-4C76-AF33-29CA38F2C9F0}.MinSizeRel|x64.Build.0 = Debug|x64
		{3E0E8608-CD9B-4C76-AF33-29CA38F2C9F0}.MinSizeRel|x86.ActiveCfg = Debug|Win32
		{3E0E8608-CD9B-4C76-AF33-29CA38F2C9F0}.MinSizeRel|x86.Build.0 = Debug|Win32
		{3E0E8608-CD9B-4C76-AF33-29CA38F2C9F0}.Profile|ARM64.ActiveCfg = Debug|ARM64
		{3E0E8608-CD9B-4C76-AF33-29CA38F2C9F0}.Profile|ARM64.Build.0 = Debug|ARM64
		{3E0E8608-CD9B-4C76-AF33-29CA38F2C9F0}.Profile|Gaming.Desktop.x64.ActiveCfg = Debug|x64
		{3E0E8608-CD9B-4C76-AF33-29CA38F2C9F0}.Profile|Gaming.Desktop.x64.Build.0 = Debug|x64
		{3E0E8608-CD9B-4C76-AF33-29CA38F2C9F0}.Profile|Gaming.Xbox.Scarlett.x64.ActiveCfg = Debug|x64
		{3E0E8608-CD9B-4C76-AF33-29CA38F2C9F0}.Profile|Gaming.Xbox.Scarlett.x64.Build.0 = Debug|x64
		{3E0E8608-CD9B-4C76-AF33-29CA38F2C9F0}.Profile|Gaming.Xbox.XboxOne.x64.ActiveCfg = Debug|x64
		{3E0E8608-CD9B-4C76-AF33-29CA38F2C9F0}.Profile|Gaming.Xbox.XboxOne.x64.Build.0 = Debug|x64
		{3E0E8608-CD9B-4C76-AF33-29CA38F2C9F0}.Profile|x64.ActiveCfg = Debug|x64
		{3E0E8608-CD9B-4C76-AF33-29CA38F2C9F0}.Profile|x64.Build.0 = Debug|x64
		{3E0E8608-CD9B-4C76-AF33-29CA38F2C9F0}.Profile|x86.ActiveCfg = Debug|Win32
		{3E0E8608-CD9B-4C76-AF33-29CA38F2C9F0}.Profile|x86.Build.0 = Debug|Win32
		{3E0E8608-CD9B-4C76-AF33-29CA38F2C9F0}.Release|ARM64.ActiveCfg = Release|ARM64
		{3E0E8608-CD9B-4C76-AF33-29CA38F2C9F0}.Release|ARM64.Build.0 = Release|ARM64
		{3E0E8608-CD9B-4C76-AF33-29CA38F2C9F0}.Release|Gaming.Desktop.x64.ActiveCfg = Release|x64
		{3E0E8608-CD9B-4C76-AF33-29CA38F2C9F0}.Release|Gaming.Desktop.x64.Build.0 = Release|x64
		{3E0E8608-CD9B-4C76-AF33-29CA38F2C9F0}.Release|Gaming.Xbox.Scarlett.x64.ActiveCfg = Release|x64
		{3E0E8608-CD9B-4C76-AF33-29CA38F2C9F0}.Release|Gaming.Xbox.Scarlett.x64.Build.0 = Release|x64
		{3E0E8608-CD9B-4C76-AF33-29CA38F2C9F0}.Release|Gaming.Xbox.XboxOne.x64.ActiveCfg = Release|x64
		{3E0E8608-CD9B-4C76-AF33-29CA38F2C9F0}.Release|Gaming.Xbox.XboxOne.x64.Build.0 = Release|x64
		{3E0E8608-CD9B-4C76-AF33-29CA38F2C9F0}.Release|x64.ActiveCfg = Release|x64
		{3E0E8608-CD9B-4C76-AF33-29CA38F2C9F0}.Release|x64.Build.0 = Release|x64
		{3E0E8608-CD9B-4C76-AF33-29CA38F2C9F0}.Release|x86.ActiveCfg = Release|Win32
		{3E0E8608-CD9B-4C76-AF33-29CA38F2C9F0}.Release|x86.Build.0 = Release|Win32
		{3E0E8608-CD9B-4C76-AF33-29CA38F2C9F0}.RelWithDebInfo|ARM64.ActiveCfg = Release|ARM64
		{3E0E8608-CD9B-4C76-AF33-29CA38F2C9F0}.RelWithDebInfo|ARM64.Build.0 = Release|ARM64
		{3E0E8608-CD9B-4C76-AF33-29CA38F2C9F0}.RelWithDebInfo|Gaming.Desktop.x64.ActiveCfg = Release|x64
		{3E0E8608-CD9B-4C76-AF33-29CA38F2C9F0}.RelWithDebInfo|Gaming.Desktop.x64.Build.0 = Release|x64
		{3E0E8608-CD9B-4C76-AF33-29CA38F2C9F0}.RelWithDebInfo|Gaming.Xbox.Scarlett.x64.ActiveCfg = Release|x64
		{3E0E8608-CD9B-4C76-AF33-29CA38F2C9F0}.RelWithDebInfo|Gaming.Xbox.Scarlett.x64.Build.0 = Release|x64
		{3E0E8608-CD9B-4C76-AF33-29CA38F2C9F0}.RelWithDebInfo|Gaming.Xbox.XboxOne.x64.ActiveCfg = Release|x64
		{3E0E8608-CD9B-4C76-AF33-29CA38F2C9F0}.RelWithDebInfo|Gaming.Xbox.XboxOne.x64.Build.0 = Release|x64
		{3E0E8608-CD9B-4C76-AF33-29CA38F2C9F0}.RelWithDebInfo|x64.ActiveCfg = Release|x64
		{3E0E8608-CD9B-4C76-AF33-29CA38F2C9F0}.RelWithDebInfo|x64.Build.0 = Release|x64
		{3E0E8608-CD9B-4C76-AF33-29CA38F2C9F0}.RelWithDebInfo|x86.ActiveCfg = Release|Win32
		{3E0E8608-CD9B-4C76-AF33-29CA38F2C9F0}.RelWithDebInfo|x86.Build.0 = Release|Win32
	EndGlobalSection
	GlobalSection(SolutionProperties) = preSolution
		HideSolutionNode = FALSE
	EndGlobalSection
	GlobalSection(NestedProjects) = preSolution
		{81EA0C40-052B-3DB5-A7EF-429EDECDB17F} = {9960AF86-CCBB-4324-82E0-49620964CD78}
		{AF2A6BA6-7202-4E53-9641-47BD2616A820} = {61A13A80-6486-4DA1-9074-7A24B8CC9E6B}
		{3E0E8608-CD9B-4C76-AF33-29CA38F2C9F0} = {9960AF86-CCBB-4324-82E0-49620964CD78}
	EndGlobalSection
	GlobalSection(ExtensibilityGlobals) = postSolution
		SolutionGuid = {E0B7ECCB-9A1D-4540-B0EE-8B60ABF77603}
	EndGlobalSection
EndGlobal
